{
    "version": 3,
    "terraform_version": "0.8.8",
    "serial": 6,
    "lineage": "217f00ca-a9aa-43b2-9a4c-a65f1c9446ea",
    "modules": [
        {
            "path": [
                "root"
            ],
            "outputs": {},
            "resources": {
                "aws_db_instance.isg-pcs-dev-db": {
                    "type": "aws_db_instance",
                    "depends_on": [
                        "aws_security_group.isg-pcs-db-sg"
                    ],
                    "primary": {
                        "id": "isg-pcs-dev",
                        "attributes": {
                            "address": "isg-pcs-dev.cgtexr28jtsj.us-east-1.rds.amazonaws.com",
                            "allocated_storage": "5",
                            "allow_major_version_upgrade": "true",
                            "arn": "arn:aws:rds:us-east-1:711638685743:db:isg-pcs-dev",
                            "auto_minor_version_upgrade": "true",
                            "availability_zone": "us-east-1b",
                            "backup_retention_period": "0",
                            "backup_window": "09:07-09:37",
                            "copy_tags_to_snapshot": "false",
                            "db_subnet_group_name": "brnp-east-b",
                            "endpoint": "isg-pcs-dev.cgtexr28jtsj.us-east-1.rds.amazonaws.com:3306",
                            "engine": "mysql",
                            "engine_version": "5.6.27",
                            "hosted_zone_id": "Z2R2ITUGPM61AM",
                            "id": "isg-pcs-dev",
                            "identifier": "isg-pcs-dev",
                            "instance_class": "db.t2.micro",
                            "iops": "0",
                            "kms_key_id": "",
                            "license_model": "general-public-license",
                            "maintenance_window": "fri:08:36-fri:09:06",
                            "monitoring_interval": "0",
                            "multi_az": "true",
                            "name": "pcs",
                            "option_group_name": "default:mysql-5-6",
                            "parameter_group_name": "default.mysql5.6",
                            "password": "D)3ivZP!QizAIQhf8fgsf%nt0sZxTmmz",
                            "port": "3306",
                            "publicly_accessible": "false",
                            "replicas.#": "0",
                            "replicate_source_db": "",
                            "security_group_names.#": "0",
                            "skip_final_snapshot": "true",
                            "status": "available",
                            "storage_encrypted": "false",
                            "storage_type": "standard",
                            "tags.%": "4",
                            "tags.Project": "br_isg-pcs_dev_db",
                            "tags.cost": "isg-pcs",
                            "tags.environment": "brnpb",
                            "tags.stage": "dev",
                            "timezone": "",
                            "username": "isg_pcs_dev",
                            "vpc_security_group_ids.#": "1",
                            "vpc_security_group_ids.2889292384": "sg-48a63a32"
                        },
                        "meta": {},
                        "tainted": false
                    },
                    "deposed": [],
                    "provider": ""
                },
                "aws_iam_role.isg-pcs-sqs": {
                    "type": "aws_iam_role",
                    "depends_on": [],
                    "primary": {
                        "id": "com.hmhco.isg.dev.pcs.sqs.local",
                        "attributes": {
                            "arn": "arn:aws:iam::711638685743:role/com.hmhco.isg.dev.pcs.sqs.local",
                            "assume_role_policy": "{\"Version\":\"2012-10-17\",\"Statement\":[{\"Effect\":\"Allow\",\"Principal\":{\"AWS\":\"arn:aws:iam::711638685743:root\"},\"Action\":\"sts:AssumeRole\"}]}",
                            "create_date": "2016-10-13T16:31:39Z",
                            "id": "com.hmhco.isg.dev.pcs.sqs.local",
                            "name": "com.hmhco.isg.dev.pcs.sqs.local",
                            "path": "/",
                            "unique_id": "AROAJPF27TTN2XKT64XG6"
                        },
                        "meta": {},
                        "tainted": false
                    },
                    "deposed": [],
                    "provider": ""
                },
                "aws_iam_role.isg-pcs-sqs-crossaccount": {
                    "type": "aws_iam_role",
                    "depends_on": [],
                    "primary": {
                        "id": "com.hmhco.isg.dev.isg.sqs.crossaccount",
                        "attributes": {
                            "arn": "arn:aws:iam::711638685743:role/com.hmhco.isg.dev.isg.sqs.crossaccount",
                            "assume_role_policy": "{\"Version\":\"2012-10-17\",\"Statement\":[{\"Effect\":\"Allow\",\"Principal\":{\"AWS\":\"arn:aws:iam::431353658782:root\"},\"Action\":\"sts:AssumeRole\"}]}",
                            "create_date": "2016-10-13T16:31:39Z",
                            "id": "com.hmhco.isg.dev.isg.sqs.crossaccount",
                            "name": "com.hmhco.isg.dev.isg.sqs.crossaccount",
                            "path": "/",
                            "unique_id": "AROAJBNDYQSDILVRJ5CRY"
                        },
                        "meta": {},
                        "tainted": false
                    },
                    "deposed": [],
                    "provider": ""
                },
                "aws_iam_role_policy.isg-pcs-sqs": {
                    "type": "aws_iam_role_policy",
                    "depends_on": [
                        "aws_iam_role.isg-pcs-sqs",
                        "aws_sqs_queue.ProdCtrlsRequestTopicQueue",
                        "aws_sqs_queue.TlspAppProdCtrlsResponseTopicQueue"
                    ],
                    "primary": {
                        "id": "com.hmhco.isg.dev.pcs.sqs.local:com.hmhco.isg.dev.pcs.sqs.local",
                        "attributes": {
                            "id": "com.hmhco.isg.dev.pcs.sqs.local:com.hmhco.isg.dev.pcs.sqs.local",
                            "name": "com.hmhco.isg.dev.pcs.sqs.local",
                            "policy": "{\n  \"Version\": \"2012-10-17\",\n  \"Statement\": [\n    {\n      \"Action\": [\n        \"sqs:AddPermission\",\n        \"sqs:DeleteMessage\",\n        \"sqs:ChangeMessageVisibility\",\n        \"sqs:GetQueueAttributes\",\n        \"sqs:ReceiveMessage\",\n        \"sqs:SendMessage\"\n      ],\n      \"Effect\": \"Allow\",\n      \"Resource\": [\n      \"arn:aws:sqs:us-east-1:711638685743:com-hmhco-isg-dev-pcs-ProdCtrlsRequestTopicQueue\",\n      \"arn:aws:sqs:us-east-1:711638685743:com-hmhco-isg-dev-pcs-TlspAppProdCtrlsResponseTopicQueue\"\n      ]\n    }\n  ]\n}\n",
                            "role": "com.hmhco.isg.dev.pcs.sqs.local"
                        },
                        "meta": {},
                        "tainted": false
                    },
                    "deposed": [],
                    "provider": ""
                },
                "aws_iam_role_policy.isg-sqs-crossaccount": {
                    "type": "aws_iam_role_policy",
                    "depends_on": [
                        "aws_iam_role.isg-pcs-sqs-crossaccount",
                        "aws_sqs_queue.ProdCtrlsRequestTopicQueue",
                        "aws_sqs_queue.TlspAppProdCtrlsResponseTopicQueue"
                    ],
                    "primary": {
                        "id": "com.hmhco.isg.dev.isg.sqs.crossaccount:com.hmhco.isg.dev.isg.sqs.crossaccount",
                        "attributes": {
                            "id": "com.hmhco.isg.dev.isg.sqs.crossaccount:com.hmhco.isg.dev.isg.sqs.crossaccount",
                            "name": "com.hmhco.isg.dev.isg.sqs.crossaccount",
                            "policy": "{\n  \"Version\": \"2012-10-17\",\n  \"Statement\": [\n    {\n      \"Action\": [\n        \"sqs:SendMessage\",\n        \"sqs:DeleteMessage\",\n        \"sqs:GetQueueAttributes\"\n      ],\n      \"Effect\": \"Allow\",\n      \"Resource\": [\n      \"arn:aws:sqs:us-east-1:711638685743:com-hmhco-isg-dev-pcs-ProdCtrlsRequestTopicQueue\",\n      \"arn:aws:sqs:us-east-1:711638685743:com-hmhco-isg-dev-pcs-TlspAppProdCtrlsResponseTopicQueue\"\n      ]\n    }\n  ]\n}\n",
                            "role": "com.hmhco.isg.dev.isg.sqs.crossaccount"
                        },
                        "meta": {},
                        "tainted": false
                    },
                    "deposed": [],
                    "provider": ""
                },
                "aws_security_group.isg-pcs-db-sg": {
                    "type": "aws_security_group",
                    "depends_on": [],
                    "primary": {
                        "id": "sg-48a63a32",
                        "attributes": {
                            "description": "Managed by Terraform",
                            "egress.#": "1",
                            "egress.482069346.cidr_blocks.#": "1",
                            "egress.482069346.cidr_blocks.0": "0.0.0.0/0",
                            "egress.482069346.from_port": "0",
                            "egress.482069346.prefix_list_ids.#": "0",
                            "egress.482069346.protocol": "-1",
                            "egress.482069346.security_groups.#": "0",
                            "egress.482069346.self": "false",
                            "egress.482069346.to_port": "0",
                            "id": "sg-48a63a32",
                            "ingress.#": "1",
                            "ingress.3289673544.cidr_blocks.#": "6",
                            "ingress.3289673544.cidr_blocks.0": "10.32.112.0/28",
                            "ingress.3289673544.cidr_blocks.1": "10.32.116.0/28",
                            "ingress.3289673544.cidr_blocks.2": "10.32.120.0/28",
                            "ingress.3289673544.cidr_blocks.3": "10.35.2.0/24",
                            "ingress.3289673544.cidr_blocks.4": "10.35.18.0/24",
                            "ingress.3289673544.cidr_blocks.5": "10.35.34.0/24",
                            "ingress.3289673544.from_port": "3306",
                            "ingress.3289673544.protocol": "tcp",
                            "ingress.3289673544.security_groups.#": "1",
                            "ingress.3289673544.security_groups.807408005": "sg-ed73068b",
                            "ingress.3289673544.self": "false",
                            "ingress.3289673544.to_port": "3306",
                            "name": "isg-pcs_dev_db",
                            "owner_id": "711638685743",
                            "tags.%": "5",
                            "tags.Name": "isg-pcs_dev_db",
                            "tags.Project": "br_isg-pcs_dev_db",
                            "tags.cost": "isg-pcs",
                            "tags.environment": "brnpb",
                            "tags.stage": "dev",
                            "vpc_id": "vpc-e477f680"
                        },
                        "meta": {},
                        "tainted": false
                    },
                    "deposed": [],
                    "provider": ""
                },
                "aws_sns_topic.ProdCtrlsRequestTopicARN": {
                    "type": "aws_sns_topic",
                    "depends_on": [],
                    "primary": {
                        "id": "arn:aws:sns:us-east-1:711638685743:com-hmhco-isg-dev-pcs-ProdCtrlsRequestTopic",
                        "attributes": {
                            "arn": "arn:aws:sns:us-east-1:711638685743:com-hmhco-isg-dev-pcs-ProdCtrlsRequestTopic",
                            "display_name": "",
                            "id": "arn:aws:sns:us-east-1:711638685743:com-hmhco-isg-dev-pcs-ProdCtrlsRequestTopic",
                            "name": "com-hmhco-isg-dev-pcs-ProdCtrlsRequestTopic",
                            "policy": "{\"Id\":\"default\",\"Statement\":[{\"Action\":[\"SNS:GetTopicAttributes\",\"SNS:SetTopicAttributes\",\"SNS:AddPermission\",\"SNS:RemovePermission\",\"SNS:DeleteTopic\"],\"Effect\":\"Allow\",\"Principal\":{\"AWS\":\"*\"},\"Resource\":\"arn:aws:sns:us-east-1:711638685743:com-hmhco-isg-dev-pcs-ProdCtrlsRequestTopic\",\"Sid\":\"default\"}],\"Version\":\"2012-10-17\"}"
                        },
                        "meta": {},
                        "tainted": false
                    },
                    "deposed": [],
                    "provider": ""
                },
                "aws_sns_topic.ProdCtrlsResponseTopicARN": {
                    "type": "aws_sns_topic",
                    "depends_on": [],
                    "primary": {
                        "id": "arn:aws:sns:us-east-1:711638685743:com-hmhco-isg-dev-pcs-ProdCtrlsResponseTopic",
                        "attributes": {
                            "arn": "arn:aws:sns:us-east-1:711638685743:com-hmhco-isg-dev-pcs-ProdCtrlsResponseTopic",
                            "display_name": "",
                            "id": "arn:aws:sns:us-east-1:711638685743:com-hmhco-isg-dev-pcs-ProdCtrlsResponseTopic",
                            "name": "com-hmhco-isg-dev-pcs-ProdCtrlsResponseTopic",
                            "policy": "{\"Id\":\"default\",\"Statement\":[{\"Action\":[\"SNS:GetTopicAttributes\",\"SNS:SetTopicAttributes\",\"SNS:AddPermission\",\"SNS:RemovePermission\",\"SNS:DeleteTopic\"],\"Effect\":\"Allow\",\"Principal\":{\"AWS\":\"*\"},\"Resource\":\"arn:aws:sns:us-east-1:711638685743:com-hmhco-isg-dev-pcs-ProdCtrlsResponseTopic\",\"Sid\":\"default\"}],\"Version\":\"2012-10-17\"}"
                        },
                        "meta": {},
                        "tainted": false
                    },
                    "deposed": [],
                    "provider": ""
                },
                "aws_sns_topic_policy.isg-sns-request-crossaccount": {
                    "type": "aws_sns_topic_policy",
                    "depends_on": [
                        "aws_sns_topic.ProdCtrlsRequestTopicARN"
                    ],
                    "primary": {
                        "id": "arn:aws:sns:us-east-1:711638685743:com-hmhco-isg-dev-pcs-ProdCtrlsRequestTopic",
                        "attributes": {
                            "arn": "arn:aws:sns:us-east-1:711638685743:com-hmhco-isg-dev-pcs-ProdCtrlsRequestTopic",
                            "id": "arn:aws:sns:us-east-1:711638685743:com-hmhco-isg-dev-pcs-ProdCtrlsRequestTopic",
                            "policy": "{\"Version\":\"2012-10-17\",\"Id\":\"default\",\"Statement\":[{\"Sid\":\"default\",\"Effect\":\"Allow\",\"Principal\":{\"AWS\":\"*\"},\"Action\":[\"SNS:GetTopicAttributes\",\"SNS:SetTopicAttributes\",\"SNS:AddPermission\",\"SNS:RemovePermission\",\"SNS:DeleteTopic\"],\"Resource\":\"arn:aws:sns:us-east-1:711638685743:com-hmhco-isg-dev-pcs-ProdCtrlsRequestTopic\"}]}"
                        },
                        "meta": {},
                        "tainted": false
                    },
                    "deposed": [],
                    "provider": ""
                },
                "aws_sns_topic_policy.isg-sns-response-crossaccount": {
                    "type": "aws_sns_topic_policy",
                    "depends_on": [
                        "aws_sns_topic.ProdCtrlsResponseTopicARN"
                    ],
                    "primary": {
                        "id": "arn:aws:sns:us-east-1:711638685743:com-hmhco-isg-dev-pcs-ProdCtrlsResponseTopic",
                        "attributes": {
                            "arn": "arn:aws:sns:us-east-1:711638685743:com-hmhco-isg-dev-pcs-ProdCtrlsResponseTopic",
                            "id": "arn:aws:sns:us-east-1:711638685743:com-hmhco-isg-dev-pcs-ProdCtrlsResponseTopic",
                            "policy": "{\"Version\":\"2012-10-17\",\"Id\":\"default\",\"Statement\":[{\"Sid\":\"default\",\"Effect\":\"Allow\",\"Principal\":{\"AWS\":\"*\"},\"Action\":[\"SNS:GetTopicAttributes\",\"SNS:SetTopicAttributes\",\"SNS:AddPermission\",\"SNS:RemovePermission\",\"SNS:DeleteTopic\"],\"Resource\":\"arn:aws:sns:us-east-1:711638685743:com-hmhco-isg-dev-pcs-ProdCtrlsResponseTopic\"}]}"
                        },
                        "meta": {},
                        "tainted": false
                    },
                    "deposed": [],
                    "provider": ""
                },
                "aws_sqs_queue.ProdCtrlsRequestTopicQueue": {
                    "type": "aws_sqs_queue",
                    "depends_on": [],
                    "primary": {
                        "id": "https://sqs.us-east-1.amazonaws.com/711638685743/com-hmhco-isg-dev-pcs-ProdCtrlsRequestTopicQueue",
                        "attributes": {
                            "arn": "arn:aws:sqs:us-east-1:711638685743:com-hmhco-isg-dev-pcs-ProdCtrlsRequestTopicQueue",
                            "content_based_deduplication": "false",
                            "delay_seconds": "0",
                            "fifo_queue": "false",
                            "id": "https://sqs.us-east-1.amazonaws.com/711638685743/com-hmhco-isg-dev-pcs-ProdCtrlsRequestTopicQueue",
                            "max_message_size": "262144",
                            "message_retention_seconds": "345600",
                            "name": "com-hmhco-isg-dev-pcs-ProdCtrlsRequestTopicQueue",
                            "receive_wait_time_seconds": "0",
                            "visibility_timeout_seconds": "30"
                        },
                        "meta": {},
                        "tainted": false
                    },
                    "deposed": [],
                    "provider": ""
                },
                "aws_sqs_queue.TlspAppProdCtrlsResponseTopicQueue": {
                    "type": "aws_sqs_queue",
                    "depends_on": [],
                    "primary": {
                        "id": "https://sqs.us-east-1.amazonaws.com/711638685743/com-hmhco-isg-dev-pcs-TlspAppProdCtrlsResponseTopicQueue",
                        "attributes": {
                            "arn": "arn:aws:sqs:us-east-1:711638685743:com-hmhco-isg-dev-pcs-TlspAppProdCtrlsResponseTopicQueue",
                            "content_based_deduplication": "false",
                            "delay_seconds": "0",
                            "fifo_queue": "false",
                            "id": "https://sqs.us-east-1.amazonaws.com/711638685743/com-hmhco-isg-dev-pcs-TlspAppProdCtrlsResponseTopicQueue",
                            "max_message_size": "262144",
                            "message_retention_seconds": "345600",
                            "name": "com-hmhco-isg-dev-pcs-TlspAppProdCtrlsResponseTopicQueue",
                            "receive_wait_time_seconds": "0",
                            "visibility_timeout_seconds": "30"
                        },
                        "meta": {},
                        "tainted": false
                    },
                    "deposed": [],
                    "provider": ""
                }
            },
            "depends_on": []
        }
    ]
}
