{
    "version": 3,
    "terraform_version": "0.11.3",
    "serial": 1,
    "lineage": "216e000b-4d3e-4ac0-b600-4f9a3b6181f9",
    "modules": [
        {
            "path": [
                "root"
            ],
            "outputs": {},
            "resources": {
                "aws_db_instance.assessments-web-db": {
                    "type": "aws_db_instance",
                    "depends_on": [
                        "aws_security_group.content-pipeline-db-sg"
                    ],
                    "primary": {
                        "id": "assessments-web-dev",
                        "attributes": {
                            "address": "assessments-web-dev.cgtexr28jtsj.us-east-1.rds.amazonaws.com",
                            "allocated_storage": "5",
                            "allow_major_version_upgrade": "true",
                            "arn": "arn:aws:rds:us-east-1:711638685743:db:assessments-web-dev",
                            "auto_minor_version_upgrade": "true",
                            "availability_zone": "us-east-1e",
                            "backup_retention_period": "0",
                            "backup_window": "10:03-10:33",
                            "ca_cert_identifier": "rds-ca-2015",
                            "copy_tags_to_snapshot": "false",
                            "db_subnet_group_name": "brcore01_service",
                            "endpoint": "assessments-web-dev.cgtexr28jtsj.us-east-1.rds.amazonaws.com:5432",
                            "engine": "postgres",
                            "engine_version": "9.6.6",
                            "hosted_zone_id": "Z2R2ITUGPM61AM",
                            "iam_database_authentication_enabled": "false",
                            "id": "assessments-web-dev",
                            "identifier": "assessments-web-dev",
                            "instance_class": "db.t2.micro",
                            "iops": "0",
                            "kms_key_id": "",
                            "license_model": "postgresql-license",
                            "maintenance_window": "sat:03:28-sat:03:58",
                            "monitoring_interval": "0",
                            "multi_az": "true",
                            "name": "assessments_web",
                            "option_group_name": "default:postgres-9-6",
                            "parameter_group_name": "default.postgres9.6",
                            "password": "RGYFsNTUFL{ipBPuxmUHyWzLNCvtfNcpLj2gXojuA8BMwuRGen",
                            "port": "5432",
                            "publicly_accessible": "false",
                            "replicas.#": "0",
                            "replicate_source_db": "",
                            "resource_id": "db-W7EH6WAO7LJBPNUHHDH2F7WXMM",
                            "security_group_names.#": "0",
                            "skip_final_snapshot": "false",
                            "status": "available",
                            "storage_encrypted": "false",
                            "storage_type": "standard",
                            "tags.%": "4",
                            "tags.Project": "br_assessments-web_dev_db",
                            "tags.cost": "assessments",
                            "tags.environment": "brnpb",
                            "tags.stage": "dev",
                            "timezone": "",
                            "username": "assessments_web_admin_dev",
                            "vpc_security_group_ids.#": "1",
                            "vpc_security_group_ids.824181451": "sg-6e166c19"
                        },
                        "meta": {
                            "e2bfb730-ecaa-11e6-8f88-34363bc7c4c0": {
                                "create": 2400000000000,
                                "delete": 2400000000000,
                                "update": 4800000000000
                            }
                        },
                        "tainted": false
                    },
                    "deposed": [],
                    "provider": "provider.aws"
                },
                "aws_security_group.content-pipeline-db-sg": {
                    "type": "aws_security_group",
                    "depends_on": [],
                    "primary": {
                        "id": "sg-6e166c19",
                        "attributes": {
                            "description": "Managed by Terraform",
                            "egress.#": "1",
                            "egress.482069346.cidr_blocks.#": "1",
                            "egress.482069346.cidr_blocks.0": "0.0.0.0/0",
                            "egress.482069346.description": "",
                            "egress.482069346.from_port": "0",
                            "egress.482069346.ipv6_cidr_blocks.#": "0",
                            "egress.482069346.prefix_list_ids.#": "0",
                            "egress.482069346.protocol": "-1",
                            "egress.482069346.security_groups.#": "0",
                            "egress.482069346.self": "false",
                            "egress.482069346.to_port": "0",
                            "id": "sg-6e166c19",
                            "ingress.#": "1",
                            "ingress.72269660.cidr_blocks.#": "6",
                            "ingress.72269660.cidr_blocks.0": "10.32.112.0/28",
                            "ingress.72269660.cidr_blocks.1": "10.32.116.0/28",
                            "ingress.72269660.cidr_blocks.2": "10.32.120.0/28",
                            "ingress.72269660.cidr_blocks.3": "10.35.2.0/24",
                            "ingress.72269660.cidr_blocks.4": "10.35.18.0/24",
                            "ingress.72269660.cidr_blocks.5": "10.35.34.0/24",
                            "ingress.72269660.description": "",
                            "ingress.72269660.from_port": "5432",
                            "ingress.72269660.ipv6_cidr_blocks.#": "0",
                            "ingress.72269660.protocol": "tcp",
                            "ingress.72269660.security_groups.#": "1",
                            "ingress.72269660.security_groups.807408005": "sg-ed73068b",
                            "ingress.72269660.self": "false",
                            "ingress.72269660.to_port": "5432",
                            "name": "assessments-web_dev_db",
                            "owner_id": "711638685743",
                            "revoke_rules_on_delete": "false",
                            "tags.%": "5",
                            "tags.Name": "assessments-web_dev_db",
                            "tags.Project": "br_assessments-web_dev_db",
                            "tags.cost": "assessments",
                            "tags.environment": "brnpb",
                            "tags.stage": "dev",
                            "vpc_id": "vpc-87d95ce0"
                        },
                        "meta": {
                            "schema_version": "1"
                        },
                        "tainted": false
                    },
                    "deposed": [],
                    "provider": "provider.aws"
                }
            },
            "depends_on": []
        }
    ]
}
