{
    "version": 3,
    "terraform_version": "0.11.5",
    "serial": 6,
    "lineage": "b5075dd4-5ac1-41c0-8849-7d68e630e580",
    "modules": [
        {
            "path": [
                "root"
            ],
            "outputs": {},
            "resources": {
                "aws_iam_policy.idm-ais-policy": {
                    "type": "aws_iam_policy",
                    "depends_on": [
                        "data.aws_iam_policy_document.idm-ais-sqs-policy"
                    ],
                    "primary": {
                        "id": "arn:aws:iam::711638685743:policy/io.hmheng.idm.dev.ais.local",
                        "attributes": {
                            "arn": "arn:aws:iam::711638685743:policy/io.hmheng.idm.dev.ais.local",
                            "description": "IDM AIS dev Policy",
                            "id": "arn:aws:iam::711638685743:policy/io.hmheng.idm.dev.ais.local",
                            "name": "io.hmheng.idm.dev.ais.local",
                            "path": "/",
                            "policy": "{\n  \"Version\": \"2012-10-17\",\n  \"Statement\": [\n    {\n      \"Sid\": \"\",\n      \"Effect\": \"Allow\",\n      \"Action\": [\n        \"sqs:SendMessageBatch\",\n        \"sqs:SendMessage\",\n        \"sqs:ReceiveMessage\",\n        \"sqs:GetQueueUrl\",\n        \"sqs:GetQueueAttributes\",\n        \"sqs:DeleteMessageBatch\",\n        \"sqs:DeleteMessage\",\n        \"sqs:ChangeMessageVisibilityBatch\",\n        \"sqs:ChangeMessageVisibility\"\n      ],\n      \"Resource\": \"arn:aws:sqs:us-east-1:711638685743:io-hmheng-idm-dev-ais-notification\"\n    }\n  ]\n}"
                        },
                        "meta": {},
                        "tainted": false
                    },
                    "deposed": [],
                    "provider": "provider.aws"
                },
                "aws_iam_policy.idm-ais-sp-importer-notification-policy": {
                    "type": "aws_iam_policy",
                    "depends_on": [
                        "data.aws_iam_policy_document.idm-ais-sp-importer-sqs-policy"
                    ],
                    "primary": {
                        "id": "arn:aws:iam::711638685743:policy/io.hmheng.idm.dev.ais.sp.importer.local",
                        "attributes": {
                            "arn": "arn:aws:iam::711638685743:policy/io.hmheng.idm.dev.ais.sp.importer.local",
                            "description": "IDM FP to SP Importer dev Policy",
                            "id": "arn:aws:iam::711638685743:policy/io.hmheng.idm.dev.ais.sp.importer.local",
                            "name": "io.hmheng.idm.dev.ais.sp.importer.local",
                            "path": "/",
                            "policy": "{\n  \"Version\": \"2012-10-17\",\n  \"Statement\": [\n    {\n      \"Sid\": \"\",\n      \"Effect\": \"Allow\",\n      \"Action\": [\n        \"sqs:SendMessageBatch\",\n        \"sqs:SendMessage\",\n        \"sqs:GetQueueUrl\",\n        \"sqs:GetQueueAttributes\"\n      ],\n      \"Resource\": \"arn:aws:sqs:us-east-1:711638685743:io-hmheng-idm-dev-sp-importer-notification\"\n    }\n  ]\n}"
                        },
                        "meta": {},
                        "tainted": false
                    },
                    "deposed": [],
                    "provider": "provider.aws"
                },
                "aws_iam_policy.idm-old-ebr-policy-crossaccount": {
                    "type": "aws_iam_policy",
                    "depends_on": [
                        "data.aws_iam_policy_document.idm-old-ebr-sqs-policy-crossaccount"
                    ],
                    "primary": {
                        "id": "arn:aws:iam::711638685743:policy/io.hmheng.idm.dev.old.ebr.crossaccount",
                        "attributes": {
                            "arn": "arn:aws:iam::711638685743:policy/io.hmheng.idm.dev.old.ebr.crossaccount",
                            "description": "IDM Dublin VPC EBR dev Policy",
                            "id": "arn:aws:iam::711638685743:policy/io.hmheng.idm.dev.old.ebr.crossaccount",
                            "name": "io.hmheng.idm.dev.old.ebr.crossaccount",
                            "path": "/",
                            "policy": "{\n  \"Version\": \"2012-10-17\",\n  \"Statement\": [\n    {\n      \"Sid\": \"\",\n      \"Effect\": \"Allow\",\n      \"Action\": [\n        \"sqs:SendMessageBatch\",\n        \"sqs:SendMessage\",\n        \"sqs:ReceiveMessage\",\n        \"sqs:GetQueueUrl\",\n        \"sqs:GetQueueAttributes\",\n        \"sqs:DeleteMessageBatch\",\n        \"sqs:DeleteMessage\",\n        \"sqs:ChangeMessageVisibilityBatch\",\n        \"sqs:ChangeMessageVisibility\"\n      ],\n      \"Resource\": \"arn:aws:sqs:us-east-1:711638685743:io-hmheng-idm-dev-ais-notification\"\n    }\n  ]\n}"
                        },
                        "meta": {},
                        "tainted": false
                    },
                    "deposed": [],
                    "provider": "provider.aws"
                },
                "aws_iam_policy_attachment.idm-ais": {
                    "type": "aws_iam_policy_attachment",
                    "depends_on": [
                        "aws_iam_policy.idm-ais-policy",
                        "aws_iam_role.idm-ais-role"
                    ],
                    "primary": {
                        "id": "io.hmheng.idm.dev.ais",
                        "attributes": {
                            "groups.#": "0",
                            "id": "io.hmheng.idm.dev.ais",
                            "name": "io.hmheng.idm.dev.ais",
                            "policy_arn": "arn:aws:iam::711638685743:policy/io.hmheng.idm.dev.ais.local",
                            "roles.#": "1",
                            "roles.505214995": "io.hmheng.idm.dev.ais.local",
                            "users.#": "0"
                        },
                        "meta": {},
                        "tainted": false
                    },
                    "deposed": [],
                    "provider": "provider.aws"
                },
                "aws_iam_policy_attachment.idm-fp-sp-importer-policy-attachment": {
                    "type": "aws_iam_policy_attachment",
                    "depends_on": [
                        "aws_iam_policy.idm-ais-sp-importer-notification-policy",
                        "aws_iam_role.idm-ais-role"
                    ],
                    "primary": {
                        "id": "io.hmheng.idm.dev.sp.importer.export",
                        "attributes": {
                            "groups.#": "0",
                            "id": "io.hmheng.idm.dev.sp.importer.export",
                            "name": "io.hmheng.idm.dev.sp.importer.export",
                            "policy_arn": "arn:aws:iam::711638685743:policy/io.hmheng.idm.dev.ais.sp.importer.local",
                            "roles.#": "1",
                            "roles.505214995": "io.hmheng.idm.dev.ais.local",
                            "users.#": "0"
                        },
                        "meta": {},
                        "tainted": false
                    },
                    "deposed": [],
                    "provider": "provider.aws"
                },
                "aws_iam_policy_attachment.idm-old-ebr-crossaccount": {
                    "type": "aws_iam_policy_attachment",
                    "depends_on": [
                        "aws_iam_policy.idm-old-ebr-policy-crossaccount",
                        "aws_iam_role.idm-old-ebr-role-crossaccount"
                    ],
                    "primary": {
                        "id": "io.hmheng.idm.dev.old.ebr",
                        "attributes": {
                            "groups.#": "0",
                            "id": "io.hmheng.idm.dev.old.ebr",
                            "name": "io.hmheng.idm.dev.old.ebr",
                            "policy_arn": "arn:aws:iam::711638685743:policy/io.hmheng.idm.dev.old.ebr.crossaccount",
                            "roles.#": "1",
                            "roles.731575239": "io.hmheng.idm.dev.old.ebr.crossaccount",
                            "users.#": "0"
                        },
                        "meta": {},
                        "tainted": false
                    },
                    "deposed": [],
                    "provider": "provider.aws"
                },
                "aws_iam_role.idm-ais-iam-role": {
                    "type": "aws_iam_role",
                    "depends_on": [
                        "data.aws_iam_policy_document.idm-ais-assume-role-policy"
                    ],
                    "primary": {
                        "id": "io.hmheng-idm-dev-ais.local",
                        "attributes": {
                            "arn": "arn:aws:iam::711638685743:role/dev/imports/api/io.hmheng-idm-dev-ais.local",
                            "assume_role_policy": "{\"Version\":\"2012-10-17\",\"Statement\":[{\"Sid\":\"\",\"Effect\":\"Allow\",\"Principal\":{\"AWS\":\"arn:aws:iam::711638685743:root\"},\"Action\":\"sts:AssumeRole\"}]}",
                            "create_date": "2018-03-28T17:12:58Z",
                            "force_detach_policies": "false",
                            "id": "io.hmheng-idm-dev-ais.local",
                            "name": "io.hmheng-idm-dev-ais.local",
                            "path": "/dev/imports/api/",
                            "unique_id": "AROAIQK7QQJEOZTEMTT7O"
                        },
                        "meta": {},
                        "tainted": false
                    },
                    "deposed": [],
                    "provider": "provider.aws"
                },
                "aws_iam_role.idm-ais-role": {
                    "type": "aws_iam_role",
                    "depends_on": [
                        "data.aws_iam_policy_document.idm-ais-assume-role-policy"
                    ],
                    "primary": {
                        "id": "io.hmheng.idm.dev.ais.local",
                        "attributes": {
                            "arn": "arn:aws:iam::711638685743:role/io.hmheng.idm.dev.ais.local",
                            "assume_role_policy": "{\"Version\":\"2012-10-17\",\"Statement\":[{\"Sid\":\"\",\"Effect\":\"Allow\",\"Principal\":{\"AWS\":\"arn:aws:iam::711638685743:root\"},\"Action\":\"sts:AssumeRole\"}]}",
                            "create_date": "2018-03-09T18:04:03Z",
                            "force_detach_policies": "false",
                            "id": "io.hmheng.idm.dev.ais.local",
                            "name": "io.hmheng.idm.dev.ais.local",
                            "path": "/",
                            "unique_id": "AROAJUOSDQPABBYRHZBVW"
                        },
                        "meta": {},
                        "tainted": false
                    },
                    "deposed": [],
                    "provider": "provider.aws"
                },
                "aws_iam_role.idm-old-ebr-role-crossaccount": {
                    "type": "aws_iam_role",
                    "depends_on": [
                        "data.aws_iam_policy_document.idm-old-ebr-assume-role-policy-crossaccount"
                    ],
                    "primary": {
                        "id": "io.hmheng.idm.dev.old.ebr.crossaccount",
                        "attributes": {
                            "arn": "arn:aws:iam::711638685743:role/io.hmheng.idm.dev.old.ebr.crossaccount",
                            "assume_role_policy": "{\"Version\":\"2012-10-17\",\"Statement\":[{\"Sid\":\"\",\"Effect\":\"Allow\",\"Principal\":{\"AWS\":\"arn:aws:iam::205685244378:root\"},\"Action\":\"sts:AssumeRole\"}]}",
                            "create_date": "2018-03-09T18:04:03Z",
                            "force_detach_policies": "false",
                            "id": "io.hmheng.idm.dev.old.ebr.crossaccount",
                            "name": "io.hmheng.idm.dev.old.ebr.crossaccount",
                            "path": "/",
                            "unique_id": "AROAJ733X7EEQZELYV4NU"
                        },
                        "meta": {},
                        "tainted": false
                    },
                    "deposed": [],
                    "provider": "provider.aws"
                },
                "aws_iam_role_policy.idm-ais-iam-role-policy": {
                    "type": "aws_iam_role_policy",
                    "depends_on": [
                        "aws_iam_role.idm-ais-iam-role",
                        "data.aws_iam_policy_document.idm-ais-role-policy-document"
                    ],
                    "primary": {
                        "id": "io.hmheng-idm-dev-ais.local:io-hmheng-idm-dev-ais-policy",
                        "attributes": {
                            "id": "io.hmheng-idm-dev-ais.local:io-hmheng-idm-dev-ais-policy",
                            "name": "io-hmheng-idm-dev-ais-policy",
                            "policy": "{\n  \"Version\": \"2012-10-17\",\n  \"Statement\": [\n    {\n      \"Sid\": \"\",\n      \"Effect\": \"Allow\",\n      \"Action\": [\n        \"s3:PutObject\",\n        \"s3:ListBucket\",\n        \"s3:GetObject\",\n        \"s3:DeleteObject\"\n      ],\n      \"Resource\": \"arn:aws:s3:::hmheng_idm, arn:aws:s3:::hmheng_idm/*\"\n    }\n  ]\n}",
                            "role": "io.hmheng-idm-dev-ais.local"
                        },
                        "meta": {},
                        "tainted": false
                    },
                    "deposed": [],
                    "provider": "provider.aws"
                },
                "aws_sqs_queue.idm-ais-sqs-notification": {
                    "type": "aws_sqs_queue",
                    "depends_on": [
                        "aws_sqs_queue.idm-ais-sqs-notification-dlq"
                    ],
                    "primary": {
                        "id": "https://sqs.us-east-1.amazonaws.com/711638685743/io-hmheng-idm-dev-ais-notification",
                        "attributes": {
                            "arn": "arn:aws:sqs:us-east-1:711638685743:io-hmheng-idm-dev-ais-notification",
                            "content_based_deduplication": "false",
                            "delay_seconds": "0",
                            "fifo_queue": "false",
                            "id": "https://sqs.us-east-1.amazonaws.com/711638685743/io-hmheng-idm-dev-ais-notification",
                            "max_message_size": "262144",
                            "message_retention_seconds": "345600",
                            "name": "io-hmheng-idm-dev-ais-notification",
                            "receive_wait_time_seconds": "20",
                            "redrive_policy": "{\"deadLetterTargetArn\":\"arn:aws:sqs:us-east-1:711638685743:io-hmheng-idm-dev-ais-notification-dlq\",\"maxReceiveCount\":5}",
                            "tags.%": "0",
                            "visibility_timeout_seconds": "3600"
                        },
                        "meta": {},
                        "tainted": false
                    },
                    "deposed": [],
                    "provider": "provider.aws"
                },
                "aws_sqs_queue.idm-ais-sqs-notification-dlq": {
                    "type": "aws_sqs_queue",
                    "depends_on": [],
                    "primary": {
                        "id": "https://sqs.us-east-1.amazonaws.com/711638685743/io-hmheng-idm-dev-ais-notification-dlq",
                        "attributes": {
                            "arn": "arn:aws:sqs:us-east-1:711638685743:io-hmheng-idm-dev-ais-notification-dlq",
                            "content_based_deduplication": "false",
                            "delay_seconds": "0",
                            "fifo_queue": "false",
                            "id": "https://sqs.us-east-1.amazonaws.com/711638685743/io-hmheng-idm-dev-ais-notification-dlq",
                            "max_message_size": "262144",
                            "message_retention_seconds": "345600",
                            "name": "io-hmheng-idm-dev-ais-notification-dlq",
                            "receive_wait_time_seconds": "20",
                            "tags.%": "0",
                            "visibility_timeout_seconds": "3600"
                        },
                        "meta": {},
                        "tainted": false
                    },
                    "deposed": [],
                    "provider": "provider.aws"
                },
                "data.aws_iam_policy_document.idm-ais-assume-role-policy": {
                    "type": "aws_iam_policy_document",
                    "depends_on": [],
                    "primary": {
                        "id": "1216705286",
                        "attributes": {
                            "id": "1216705286",
                            "json": "{\n  \"Version\": \"2012-10-17\",\n  \"Statement\": [\n    {\n      \"Sid\": \"\",\n      \"Effect\": \"Allow\",\n      \"Action\": \"sts:AssumeRole\",\n      \"Principal\": {\n        \"AWS\": \"arn:aws:iam::711638685743:root\"\n      }\n    }\n  ]\n}",
                            "statement.#": "1",
                            "statement.0.actions.#": "1",
                            "statement.0.actions.2528466339": "sts:AssumeRole",
                            "statement.0.condition.#": "0",
                            "statement.0.effect": "Allow",
                            "statement.0.not_actions.#": "0",
                            "statement.0.not_principals.#": "0",
                            "statement.0.not_resources.#": "0",
                            "statement.0.principals.#": "1",
                            "statement.0.principals.1962223180.identifiers.#": "1",
                            "statement.0.principals.1962223180.identifiers.3197436742": "arn:aws:iam::711638685743:root",
                            "statement.0.principals.1962223180.type": "AWS",
                            "statement.0.resources.#": "0",
                            "statement.0.sid": ""
                        },
                        "meta": {},
                        "tainted": false
                    },
                    "deposed": [],
                    "provider": "provider.aws"
                },
                "data.aws_iam_policy_document.idm-ais-role-policy-document": {
                    "type": "aws_iam_policy_document",
                    "depends_on": [],
                    "primary": {
                        "id": "1978257077",
                        "attributes": {
                            "id": "1978257077",
                            "json": "{\n  \"Version\": \"2012-10-17\",\n  \"Statement\": [\n    {\n      \"Sid\": \"\",\n      \"Effect\": \"Allow\",\n      \"Action\": [\n        \"s3:PutObject\",\n        \"s3:ListBucket\",\n        \"s3:GetObject\",\n        \"s3:DeleteObject\"\n      ],\n      \"Resource\": \"arn:aws:s3:::hmheng_idm, arn:aws:s3:::hmheng_idm/*\"\n    }\n  ]\n}",
                            "statement.#": "1",
                            "statement.0.actions.#": "4",
                            "statement.0.actions.2071725391": "s3:GetObject",
                            "statement.0.actions.3009670498": "s3:DeleteObject",
                            "statement.0.actions.315547055": "s3:PutObject",
                            "statement.0.actions.486976917": "s3:ListBucket",
                            "statement.0.condition.#": "0",
                            "statement.0.effect": "Allow",
                            "statement.0.not_actions.#": "0",
                            "statement.0.not_principals.#": "0",
                            "statement.0.not_resources.#": "0",
                            "statement.0.principals.#": "0",
                            "statement.0.resources.#": "1",
                            "statement.0.resources.812231638": "arn:aws:s3:::hmheng_idm, arn:aws:s3:::hmheng_idm/*",
                            "statement.0.sid": ""
                        },
                        "meta": {},
                        "tainted": false
                    },
                    "deposed": [],
                    "provider": "provider.aws"
                },
                "data.aws_iam_policy_document.idm-ais-sp-importer-sqs-policy": {
                    "type": "aws_iam_policy_document",
                    "depends_on": [],
                    "primary": {
                        "id": "3443976820",
                        "attributes": {
                            "id": "3443976820",
                            "json": "{\n  \"Version\": \"2012-10-17\",\n  \"Statement\": [\n    {\n      \"Sid\": \"\",\n      \"Effect\": \"Allow\",\n      \"Action\": [\n        \"sqs:SendMessageBatch\",\n        \"sqs:SendMessage\",\n        \"sqs:GetQueueUrl\",\n        \"sqs:GetQueueAttributes\"\n      ],\n      \"Resource\": \"arn:aws:sqs:us-east-1:711638685743:io-hmheng-idm-dev-sp-importer-notification\"\n    }\n  ]\n}",
                            "statement.#": "1",
                            "statement.0.actions.#": "4",
                            "statement.0.actions.1314189779": "sqs:SendMessageBatch",
                            "statement.0.actions.2177453935": "sqs:GetQueueAttributes",
                            "statement.0.actions.2500619403": "sqs:SendMessage",
                            "statement.0.actions.361714279": "sqs:GetQueueUrl",
                            "statement.0.condition.#": "0",
                            "statement.0.effect": "Allow",
                            "statement.0.not_actions.#": "0",
                            "statement.0.not_principals.#": "0",
                            "statement.0.not_resources.#": "0",
                            "statement.0.principals.#": "0",
                            "statement.0.resources.#": "1",
                            "statement.0.resources.2140253347": "arn:aws:sqs:us-east-1:711638685743:io-hmheng-idm-dev-sp-importer-notification",
                            "statement.0.sid": ""
                        },
                        "meta": {},
                        "tainted": false
                    },
                    "deposed": [],
                    "provider": "provider.aws"
                },
                "data.aws_iam_policy_document.idm-ais-sqs-policy": {
                    "type": "aws_iam_policy_document",
                    "depends_on": [
                        "aws_sqs_queue.idm-ais-sqs-notification"
                    ],
                    "primary": {
                        "id": "2132613265",
                        "attributes": {
                            "id": "2132613265",
                            "json": "{\n  \"Version\": \"2012-10-17\",\n  \"Statement\": [\n    {\n      \"Sid\": \"\",\n      \"Effect\": \"Allow\",\n      \"Action\": [\n        \"sqs:SendMessageBatch\",\n        \"sqs:SendMessage\",\n        \"sqs:ReceiveMessage\",\n        \"sqs:GetQueueUrl\",\n        \"sqs:GetQueueAttributes\",\n        \"sqs:DeleteMessageBatch\",\n        \"sqs:DeleteMessage\",\n        \"sqs:ChangeMessageVisibilityBatch\",\n        \"sqs:ChangeMessageVisibility\"\n      ],\n      \"Resource\": \"arn:aws:sqs:us-east-1:711638685743:io-hmheng-idm-dev-ais-notification\"\n    }\n  ]\n}",
                            "statement.#": "1",
                            "statement.0.actions.#": "9",
                            "statement.0.actions.1314189779": "sqs:SendMessageBatch",
                            "statement.0.actions.1811208493": "sqs:DeleteMessage",
                            "statement.0.actions.2177453935": "sqs:GetQueueAttributes",
                            "statement.0.actions.2500619403": "sqs:SendMessage",
                            "statement.0.actions.2859977494": "sqs:DeleteMessageBatch",
                            "statement.0.actions.3253554316": "sqs:ReceiveMessage",
                            "statement.0.actions.361714279": "sqs:GetQueueUrl",
                            "statement.0.actions.3755142398": "sqs:ChangeMessageVisibility",
                            "statement.0.actions.532584418": "sqs:ChangeMessageVisibilityBatch",
                            "statement.0.condition.#": "0",
                            "statement.0.effect": "Allow",
                            "statement.0.not_actions.#": "0",
                            "statement.0.not_principals.#": "0",
                            "statement.0.not_resources.#": "0",
                            "statement.0.principals.#": "0",
                            "statement.0.resources.#": "1",
                            "statement.0.resources.1178756561": "arn:aws:sqs:us-east-1:711638685743:io-hmheng-idm-dev-ais-notification",
                            "statement.0.sid": ""
                        },
                        "meta": {},
                        "tainted": false
                    },
                    "deposed": [],
                    "provider": "provider.aws"
                },
                "data.aws_iam_policy_document.idm-old-ebr-assume-role-policy-crossaccount": {
                    "type": "aws_iam_policy_document",
                    "depends_on": [],
                    "primary": {
                        "id": "281645115",
                        "attributes": {
                            "id": "281645115",
                            "json": "{\n  \"Version\": \"2012-10-17\",\n  \"Statement\": [\n    {\n      \"Sid\": \"\",\n      \"Effect\": \"Allow\",\n      \"Action\": \"sts:AssumeRole\",\n      \"Principal\": {\n        \"AWS\": \"arn:aws:iam::205685244378:root\"\n      }\n    }\n  ]\n}",
                            "statement.#": "1",
                            "statement.0.actions.#": "1",
                            "statement.0.actions.2528466339": "sts:AssumeRole",
                            "statement.0.condition.#": "0",
                            "statement.0.effect": "Allow",
                            "statement.0.not_actions.#": "0",
                            "statement.0.not_principals.#": "0",
                            "statement.0.not_resources.#": "0",
                            "statement.0.principals.#": "1",
                            "statement.0.principals.1772642384.identifiers.#": "1",
                            "statement.0.principals.1772642384.identifiers.911638117": "arn:aws:iam::205685244378:root",
                            "statement.0.principals.1772642384.type": "AWS",
                            "statement.0.resources.#": "0",
                            "statement.0.sid": ""
                        },
                        "meta": {},
                        "tainted": false
                    },
                    "deposed": [],
                    "provider": "provider.aws"
                },
                "data.aws_iam_policy_document.idm-old-ebr-sqs-policy-crossaccount": {
                    "type": "aws_iam_policy_document",
                    "depends_on": [
                        "aws_sqs_queue.idm-ais-sqs-notification"
                    ],
                    "primary": {
                        "id": "2132613265",
                        "attributes": {
                            "id": "2132613265",
                            "json": "{\n  \"Version\": \"2012-10-17\",\n  \"Statement\": [\n    {\n      \"Sid\": \"\",\n      \"Effect\": \"Allow\",\n      \"Action\": [\n        \"sqs:SendMessageBatch\",\n        \"sqs:SendMessage\",\n        \"sqs:ReceiveMessage\",\n        \"sqs:GetQueueUrl\",\n        \"sqs:GetQueueAttributes\",\n        \"sqs:DeleteMessageBatch\",\n        \"sqs:DeleteMessage\",\n        \"sqs:ChangeMessageVisibilityBatch\",\n        \"sqs:ChangeMessageVisibility\"\n      ],\n      \"Resource\": \"arn:aws:sqs:us-east-1:711638685743:io-hmheng-idm-dev-ais-notification\"\n    }\n  ]\n}",
                            "statement.#": "1",
                            "statement.0.actions.#": "9",
                            "statement.0.actions.1314189779": "sqs:SendMessageBatch",
                            "statement.0.actions.1811208493": "sqs:DeleteMessage",
                            "statement.0.actions.2177453935": "sqs:GetQueueAttributes",
                            "statement.0.actions.2500619403": "sqs:SendMessage",
                            "statement.0.actions.2859977494": "sqs:DeleteMessageBatch",
                            "statement.0.actions.3253554316": "sqs:ReceiveMessage",
                            "statement.0.actions.361714279": "sqs:GetQueueUrl",
                            "statement.0.actions.3755142398": "sqs:ChangeMessageVisibility",
                            "statement.0.actions.532584418": "sqs:ChangeMessageVisibilityBatch",
                            "statement.0.condition.#": "0",
                            "statement.0.effect": "Allow",
                            "statement.0.not_actions.#": "0",
                            "statement.0.not_principals.#": "0",
                            "statement.0.not_resources.#": "0",
                            "statement.0.principals.#": "0",
                            "statement.0.resources.#": "1",
                            "statement.0.resources.1178756561": "arn:aws:sqs:us-east-1:711638685743:io-hmheng-idm-dev-ais-notification",
                            "statement.0.sid": ""
                        },
                        "meta": {},
                        "tainted": false
                    },
                    "deposed": [],
                    "provider": "provider.aws"
                }
            },
            "depends_on": []
        }
    ]
}
