{
    "version": 3,
    "terraform_version": "0.11.7",
    "serial": 6,
    "lineage": "ae812387-2635-479e-9590-218d35838be0",
    "modules": [
        {
            "path": [
                "root"
            ],
            "outputs": {},
            "resources": {
                "aws_iam_role.hmhone-score-kinesis-crossaccount": {
                    "type": "aws_iam_role",
                    "depends_on": [],
                    "primary": {
                        "id": "io.hmheng.hmhone.dev.score.kinesis.crossaccount",
                        "attributes": {
                            "arn": "arn:aws:iam::711638685743:role/io.hmheng.hmhone.dev.score.kinesis.crossaccount",
                            "assume_role_policy": "{\"Version\":\"2012-10-17\",\"Statement\":[{\"Effect\":\"Allow\",\"Principal\":{\"AWS\":[\"arn:aws:iam::744999449622:root\",\"arn:aws:iam::763216113038:root\",\"arn:aws:iam::767718512390:root\",\"arn:aws:iam::187631879586:root\"]},\"Action\":\"sts:AssumeRole\"}]}",
                            "create_date": "2016-11-11T17:17:40Z",
                            "force_detach_policies": "false",
                            "id": "io.hmheng.hmhone.dev.score.kinesis.crossaccount",
                            "max_session_duration": "3600",
                            "name": "io.hmheng.hmhone.dev.score.kinesis.crossaccount",
                            "path": "/",
                            "unique_id": "AROAITHTWDHMTNDPMUPJC"
                        },
                        "meta": {},
                        "tainted": false
                    },
                    "deposed": [],
                    "provider": "provider.aws"
                },
                "aws_iam_role.hmhone-score-role": {
                    "type": "aws_iam_role",
                    "depends_on": [],
                    "primary": {
                        "id": "io.hmheng.hmhone.dev.score.kinesis.local",
                        "attributes": {
                            "arn": "arn:aws:iam::711638685743:role/io.hmheng.hmhone.dev.score.kinesis.local",
                            "assume_role_policy": "{\"Version\":\"2012-10-17\",\"Statement\":[{\"Effect\":\"Allow\",\"Principal\":{\"AWS\":\"arn:aws:iam::711638685743:root\"},\"Action\":\"sts:AssumeRole\"}]}",
                            "create_date": "2016-11-10T15:29:18Z",
                            "force_detach_policies": "false",
                            "id": "io.hmheng.hmhone.dev.score.kinesis.local",
                            "max_session_duration": "3600",
                            "name": "io.hmheng.hmhone.dev.score.kinesis.local",
                            "path": "/",
                            "unique_id": "AROAIXX6RWDWMRH26RN4Q"
                        },
                        "meta": {},
                        "tainted": false
                    },
                    "deposed": [],
                    "provider": "provider.aws"
                },
                "aws_iam_role_policy.hmheng-scoring-kinesis-policy": {
                    "type": "aws_iam_role_policy",
                    "depends_on": [
                        "aws_iam_role.hmhone-score-role",
                        "aws_kinesis_stream.ed-assesment-score-conversion-stream",
                        "aws_kinesis_stream.hmhone-assessment-score-itemdata-stream",
                        "aws_kinesis_stream.hmhone-assessment-score-stream"
                    ],
                    "primary": {
                        "id": "io.hmheng.hmhone.dev.score.kinesis.local:io.hmheng.hmhone.dev.score.kinesis.local",
                        "attributes": {
                            "id": "io.hmheng.hmhone.dev.score.kinesis.local:io.hmheng.hmhone.dev.score.kinesis.local",
                            "name": "io.hmheng.hmhone.dev.score.kinesis.local",
                            "policy": "{\n  \"Version\": \"2012-10-17\",\n  \"Statement\": [\n    {\n      \"Action\": [\n           \"kinesis:DescribeStream\",\n           \"kinesis:GetShardIterator\",\n           \"kinesis:GetRecords\",\n           \"kinesis:ListStreams\",\n           \"kinesis:MergeShards\",\n           \"kinesis:PutRecord\",\n           \"kinesis:PutRecords\",\n           \"kinesis:SplitShard\"\n      ],\n      \"Effect\": \"Allow\",\n      \"Resource\": [\n        \"arn:aws:kinesis:us-east-1:711638685743:stream/io_hmheng_hmhone_dev_assessment_score_stream\",\n        \"arn:aws:kinesis:us-east-1:711638685743:stream/io_hmheng_hmhone_dev_assessment_score_itemdata_stream\",\n        \"arn:aws:kinesis:us-east-1:711638685743:stream/io_hmheng_ed_dev_assessment_score_conversion_stream\"\n      ]\n    },{\n      \"Action\": [\n          \"dynamodb:CreateTable\",\n          \"dynamodb:DescribeTable\",\n          \"dynamodb:GetItem\",\n          \"dynamodb:PutItem\",\n          \"dynamodb:PutMetricData\",\n          \"dynamodb:Scan\",\n          \"dynamodb:UpdateItem\",\n          \"dynamodb:DeleteItem\"\n      ],\n      \"Effect\": \"Allow\",\n      \"Resource\": [\n          \"arn:aws:dynamodb:us-east-1:711638685743:table/dev.hmhone-score-learnosity-application\",\n          \"arn:aws:dynamodb:us-east-1:711638685743:table/dev.hmhone-score-itemdata-learnosity-application\",\n          \"arn:aws:dynamodb:us-east-1:711638685743:table/dev.ed-score-conversion-application\",\n          \"arn:aws:dynamodb:us-east-1:711638685743:table/dev.assesment-score-report-kinesis.checkpoint\"\n      ]\n    },\n    {\n      \"Action\" : [\n        \"cloudwatch:PutMetricData\"\n      ],\n      \"Effect\": \"Allow\",\n      \"Resource\" : [\"*\"]\n    }\n  ]\n}\n",
                            "role": "io.hmheng.hmhone.dev.score.kinesis.local"
                        },
                        "meta": {},
                        "tainted": false
                    },
                    "deposed": [],
                    "provider": "provider.aws"
                },
                "aws_iam_role_policy.hmhone-score-kinesis-crossaccount": {
                    "type": "aws_iam_role_policy",
                    "depends_on": [
                        "aws_iam_role.hmhone-score-kinesis-crossaccount",
                        "aws_kinesis_stream.ed-assesment-score-conversion-stream",
                        "aws_kinesis_stream.hmhone-assessment-score-itemdata-stream",
                        "aws_kinesis_stream.hmhone-assessment-score-stream"
                    ],
                    "primary": {
                        "id": "io.hmheng.hmhone.dev.score.kinesis.crossaccount:io.hmheng.hmhone.dev.score.kinesis.crossaccount",
                        "attributes": {
                            "id": "io.hmheng.hmhone.dev.score.kinesis.crossaccount:io.hmheng.hmhone.dev.score.kinesis.crossaccount",
                            "name": "io.hmheng.hmhone.dev.score.kinesis.crossaccount",
                            "policy": "{\n  \"Version\": \"2012-10-17\",\n  \"Statement\": [\n    {\n      \"Action\": [\n           \"kinesis:DescribeStream\",\n           \"kinesis:GetShardIterator\",\n           \"kinesis:GetRecords\",\n           \"kinesis:ListStreams\",\n           \"kinesis:MergeShards\",\n           \"kinesis:PutRecord\",\n           \"kinesis:PutRecords\",\n           \"kinesis:SplitShard\"\n      ],\n      \"Effect\": \"Allow\",\n      \"Resource\": [\n        \"arn:aws:kinesis:us-east-1:711638685743:stream/io_hmheng_hmhone_dev_assessment_score_stream\",\n        \"arn:aws:kinesis:us-east-1:711638685743:stream/io_hmheng_hmhone_dev_assessment_score_itemdata_stream\",\n        \"arn:aws:kinesis:us-east-1:711638685743:stream/io_hmheng_ed_dev_assessment_score_conversion_stream\",\n        \"arn:aws:kinesis:us-east-1:711638685743:stream/io.hmheng.dev.kinesis.hmhone.asessment.status\"\n      ]\n    },{\n      \"Action\": [\n          \"dynamodb:CreateTable\",\n          \"dynamodb:DescribeTable\",\n          \"dynamodb:GetItem\",\n          \"dynamodb:PutItem\",\n          \"dynamodb:PutMetricData\",\n          \"dynamodb:Scan\",\n          \"dynamodb:UpdateItem\",\n          \"dynamodb:DeleteItem\"\n      ],\n      \"Effect\": \"Allow\",\n      \"Resource\": [\n          \"arn:aws:dynamodb:us-east-1:711638685743:table/dev.hmhone-score-learnosity-application\",\n          \"arn:aws:dynamodb:us-east-1:711638685743:table/dev.hmhone-score-itemdata-learnosity-application\",\n          \"arn:aws:dynamodb:us-east-1:711638685743:table/dev.ed-score-conversion-application\",\n          \"arn:aws:dynamodb:us-east-1:711638685743:table/dev.assesment-score-report-kinesis.checkpoint\"\n      ]\n    },\n    {\n      \"Action\" : [\n        \"cloudwatch:PutMetricData\"\n      ],\n      \"Effect\": \"Allow\",\n      \"Resource\" : [\"*\"]\n    }\n  ]\n}\n",
                            "role": "io.hmheng.hmhone.dev.score.kinesis.crossaccount"
                        },
                        "meta": {},
                        "tainted": false
                    },
                    "deposed": [],
                    "provider": "provider.aws"
                },
                "aws_kinesis_stream.ed-assesment-score-conversion-stream": {
                    "type": "aws_kinesis_stream",
                    "depends_on": [],
                    "primary": {
                        "id": "arn:aws:kinesis:us-east-1:711638685743:stream/io_hmheng_ed_dev_assessment_score_conversion_stream",
                        "attributes": {
                            "arn": "arn:aws:kinesis:us-east-1:711638685743:stream/io_hmheng_ed_dev_assessment_score_conversion_stream",
                            "encryption_type": "NONE",
                            "id": "arn:aws:kinesis:us-east-1:711638685743:stream/io_hmheng_ed_dev_assessment_score_conversion_stream",
                            "kms_key_id": "",
                            "name": "io_hmheng_ed_dev_assessment_score_conversion_stream",
                            "retention_period": "24",
                            "shard_count": "1",
                            "tags.%": "4",
                            "tags.Environment": "brnpb",
                            "tags.Project": "br_hmheng-scoring",
                            "tags.Stage": "dev",
                            "tags.cost": "score_scoring"
                        },
                        "meta": {},
                        "tainted": false
                    },
                    "deposed": [],
                    "provider": "provider.aws"
                },
                "aws_kinesis_stream.hmhone-assessment-score-itemdata-stream": {
                    "type": "aws_kinesis_stream",
                    "depends_on": [],
                    "primary": {
                        "id": "arn:aws:kinesis:us-east-1:711638685743:stream/io_hmheng_hmhone_dev_assessment_score_itemdata_stream",
                        "attributes": {
                            "arn": "arn:aws:kinesis:us-east-1:711638685743:stream/io_hmheng_hmhone_dev_assessment_score_itemdata_stream",
                            "encryption_type": "NONE",
                            "id": "arn:aws:kinesis:us-east-1:711638685743:stream/io_hmheng_hmhone_dev_assessment_score_itemdata_stream",
                            "kms_key_id": "",
                            "name": "io_hmheng_hmhone_dev_assessment_score_itemdata_stream",
                            "retention_period": "24",
                            "shard_count": "1",
                            "tags.%": "4",
                            "tags.Environment": "brnpb",
                            "tags.Project": "br_hmheng-scoring",
                            "tags.Stage": "dev",
                            "tags.cost": "score_scoring"
                        },
                        "meta": {},
                        "tainted": false
                    },
                    "deposed": [],
                    "provider": "provider.aws"
                },
                "aws_kinesis_stream.hmhone-assessment-score-stream": {
                    "type": "aws_kinesis_stream",
                    "depends_on": [],
                    "primary": {
                        "id": "arn:aws:kinesis:us-east-1:711638685743:stream/io_hmheng_hmhone_dev_assessment_score_stream",
                        "attributes": {
                            "arn": "arn:aws:kinesis:us-east-1:711638685743:stream/io_hmheng_hmhone_dev_assessment_score_stream",
                            "encryption_type": "NONE",
                            "id": "arn:aws:kinesis:us-east-1:711638685743:stream/io_hmheng_hmhone_dev_assessment_score_stream",
                            "kms_key_id": "",
                            "name": "io_hmheng_hmhone_dev_assessment_score_stream",
                            "retention_period": "24",
                            "shard_count": "1",
                            "tags.%": "3",
                            "tags.Environment": "brnpb",
                            "tags.Project": "br_hmheng-scoring",
                            "tags.Stage": "dev"
                        },
                        "meta": {},
                        "tainted": false
                    },
                    "deposed": [],
                    "provider": "provider.aws"
                }
            },
            "depends_on": []
        }
    ]
}
