{
    "version": 3,
    "terraform_version": "0.11.1",
    "serial": 43,
    "lineage": "188dcc0e-1357-439c-b1e4-a55acc88a56a",
    "modules": [
        {
            "path": [
                "root"
            ],
            "outputs": {},
            "resources": {
                "aws_iam_policy.terraform_enterprise_global": {
                    "type": "aws_iam_policy",
                    "depends_on": [
                        "data.aws_iam_policy_document.terraform_enterprise_global"
                    ],
                    "primary": {
                        "id": "arn:aws:iam::711638685743:policy/terraform_brclusterdev_infra_global",
                        "attributes": {
                            "arn": "arn:aws:iam::711638685743:policy/terraform_brclusterdev_infra_global",
                            "id": "arn:aws:iam::711638685743:policy/terraform_brclusterdev_infra_global",
                            "name": "terraform_brclusterdev_infra_global",
                            "path": "/",
                            "policy": "{\n  \"Version\": \"2012-10-17\",\n  \"Statement\": [\n    {\n      \"Sid\": \"GlobalPermissions\",\n      \"Effect\": \"Allow\",\n      \"Action\": [\n        \"route53:GetHostedZone\",\n        \"route53:GetChange\",\n        \"route53:DisassociateVPCFromHostedZone\",\n        \"route53:AssociateVPCWithHostedZone\",\n        \"ec2:ReplaceRouteTableAssociation\",\n        \"ec2:ReplaceRoute\",\n        \"ec2:ReplaceNetworkAclEntry\",\n        \"ec2:ReplaceNetworkAclAssociation\",\n        \"ec2:ReleaseAddress\",\n        \"ec2:ModifyVpcPeeringConnectionOptions\",\n        \"ec2:ModifyVpcAttribute\",\n        \"ec2:EnableVgwRoutePropagation\",\n        \"ec2:DisassociateRouteTable\",\n        \"ec2:DisassociateAddress\",\n        \"ec2:DisableVgwRoutePropagation\",\n        \"ec2:DetachVpnGateway\",\n        \"ec2:DetachInternetGateway\",\n        \"ec2:Describe*\",\n        \"ec2:DeleteVpc\",\n        \"ec2:DeleteSubnet\",\n        \"ec2:DeleteNetworkAclEntry\",\n        \"ec2:DeleteNatGateway\",\n        \"ec2:CreateVpcPeeringConnection\",\n        \"ec2:CreateVpc\",\n        \"ec2:CreateSubnet\",\n        \"ec2:CreateSecurityGroup\",\n        \"ec2:CreateRouteTable\",\n        \"ec2:CreateRoute\",\n        \"ec2:CreateNetworkAclEntry\",\n        \"ec2:CreateNetworkAcl\",\n        \"ec2:CreateNatGateway\",\n        \"ec2:CreateInternetGateway\",\n        \"ec2:CreateDhcpOptions\",\n        \"ec2:AttachVpnGateway\",\n        \"ec2:AttachInternetGateway\",\n        \"ec2:AssociateRouteTable\",\n        \"ec2:AssociateDhcpOptions\",\n        \"ec2:AssociateAddress\",\n        \"ec2:AllocateAddress\",\n        \"ec2:AcceptVpcPeeringConnection\"\n      ],\n      \"Resource\": \"*\"\n    }\n  ]\n}"
                        },
                        "meta": {},
                        "tainted": false
                    },
                    "deposed": [],
                    "provider": "provider.aws"
                },
                "aws_iam_policy.terraform_enterprise_restricted": {
                    "type": "aws_iam_policy",
                    "depends_on": [
                        "data.aws_iam_policy_document.terraform_enterprise_restricted"
                    ],
                    "primary": {
                        "id": "arn:aws:iam::711638685743:policy/terraform_brclusterdev_infra_restricted",
                        "attributes": {
                            "arn": "arn:aws:iam::711638685743:policy/terraform_brclusterdev_infra_restricted",
                            "id": "arn:aws:iam::711638685743:policy/terraform_brclusterdev_infra_restricted",
                            "name": "terraform_brclusterdev_infra_restricted",
                            "path": "/",
                            "policy": "{\n  \"Version\": \"2012-10-17\",\n  \"Statement\": [\n    {\n      \"Sid\": \"ResourceLevelPermissionsEnvCond\",\n      \"Effect\": \"Allow\",\n      \"Action\": [\n        \"ec2:RevokeSecurityGroupIngress\",\n        \"ec2:RevokeSecurityGroupEgress\",\n        \"ec2:DeleteVpcPeeringConnection\",\n        \"ec2:DeleteRouteTable\",\n        \"ec2:DeleteRoute\",\n        \"ec2:DeleteNetworkAcl\",\n        \"ec2:DeleteInternetGateway\",\n        \"ec2:DeleteDhcpOptions\",\n        \"ec2:AuthorizeSecurityGroupIngress\",\n        \"ec2:AuthorizeSecurityGroupEgress\"\n      ],\n      \"Resource\": [\n        \"arn:aws:ec2:us-east-1:711638685743:vpc/*\",\n        \"arn:aws:ec2:us-east-1:711638685743:vpc-peering-connection/*\",\n        \"arn:aws:ec2:us-east-1:711638685743:security-group/*\",\n        \"arn:aws:ec2:us-east-1:711638685743:route-table/*\",\n        \"arn:aws:ec2:us-east-1:711638685743:network-acl/*\",\n        \"arn:aws:ec2:us-east-1:711638685743:internet-gateway/*\",\n        \"arn:aws:ec2:us-east-1:711638685743:dhcp-options/*\"\n      ],\n      \"Condition\": {\n        \"StringEquals\": {\n          \"ec2:ResourceTag/environment\": \"brclusterdev\"\n        }\n      }\n    }\n  ]\n}"
                        },
                        "meta": {},
                        "tainted": false
                    },
                    "deposed": [],
                    "provider": "provider.aws"
                },
                "aws_iam_policy.terraform_enterprise_s3": {
                    "type": "aws_iam_policy",
                    "depends_on": [
                        "data.aws_iam_policy_document.terraform_enterprise_s3"
                    ],
                    "primary": {
                        "id": "arn:aws:iam::711638685743:policy/terraform_brclusterdev_infra_s3",
                        "attributes": {
                            "arn": "arn:aws:iam::711638685743:policy/terraform_brclusterdev_infra_s3",
                            "id": "arn:aws:iam::711638685743:policy/terraform_brclusterdev_infra_s3",
                            "name": "terraform_brclusterdev_infra_s3",
                            "path": "/",
                            "policy": "{\n  \"Version\": \"2012-10-17\",\n  \"Statement\": [\n    {\n      \"Sid\": \"s3Global\",\n      \"Effect\": \"Allow\",\n      \"Action\": [\n        \"s3:ListAllMyBuckets\",\n        \"s3:CreateBucket\"\n      ],\n      \"Resource\": \"arn:aws:s3:::*\"\n    },\n    {\n      \"Sid\": \"s3Restricted\",\n      \"Effect\": \"Allow\",\n      \"Action\": \"s3:*\",\n      \"Resource\": \"arn:aws:s3:::brclusterdev-logs\"\n    }\n  ]\n}"
                        },
                        "meta": {},
                        "tainted": false
                    },
                    "deposed": [],
                    "provider": "provider.aws"
                },
                "aws_iam_policy.terraform_enterprise_tags": {
                    "type": "aws_iam_policy",
                    "depends_on": [
                        "data.aws_iam_policy_document.terraform_enterprise_tags"
                    ],
                    "primary": {
                        "id": "arn:aws:iam::711638685743:policy/terraform_brclusterdev_infra_tags",
                        "attributes": {
                            "arn": "arn:aws:iam::711638685743:policy/terraform_brclusterdev_infra_tags",
                            "id": "arn:aws:iam::711638685743:policy/terraform_brclusterdev_infra_tags",
                            "name": "terraform_brclusterdev_infra_tags",
                            "path": "/",
                            "policy": "{\n  \"Version\": \"2012-10-17\",\n  \"Statement\": [\n    {\n      \"Sid\": \"ResourceLevelPermissionsTagsCreate\",\n      \"Effect\": \"Allow\",\n      \"Action\": \"ec2:CreateTags\",\n      \"Resource\": [\n        \"arn:aws:ec2:us-east-1:711638685743:vpn-gateway/*\",\n        \"arn:aws:ec2:us-east-1:711638685743:vpc/*\",\n        \"arn:aws:ec2:us-east-1:711638685743:vpc-peering-connection/*\",\n        \"arn:aws:ec2:us-east-1:711638685743:subnet/*\",\n        \"arn:aws:ec2:us-east-1:711638685743:security-group/*\",\n        \"arn:aws:ec2:us-east-1:711638685743:route-table/*\",\n        \"arn:aws:ec2:us-east-1:711638685743:network-acl/*\",\n        \"arn:aws:ec2:us-east-1:711638685743:internet-gateway/*\",\n        \"arn:aws:ec2:us-east-1:711638685743:dhcp-options/*\"\n      ],\n      \"Condition\": {\n        \"StringEquals\": {\n          \"aws:RequestTag/environment\": \"brclusterdev\"\n        }\n      }\n    },\n    {\n      \"Sid\": \"ResourceLevelPermissionsTagsDelete\",\n      \"Effect\": \"Allow\",\n      \"Action\": \"ec2:DeleteTags\",\n      \"Resource\": [\n        \"arn:aws:ec2:us-east-1:711638685743:vpn-gateway/*\",\n        \"arn:aws:ec2:us-east-1:711638685743:vpc/*\",\n        \"arn:aws:ec2:us-east-1:711638685743:vpc-peering-connection/*\",\n        \"arn:aws:ec2:us-east-1:711638685743:subnet/*\",\n        \"arn:aws:ec2:us-east-1:711638685743:security-group/*\",\n        \"arn:aws:ec2:us-east-1:711638685743:route-table/*\",\n        \"arn:aws:ec2:us-east-1:711638685743:network-acl/*\",\n        \"arn:aws:ec2:us-east-1:711638685743:internet-gateway/*\",\n        \"arn:aws:ec2:us-east-1:711638685743:dhcp-options/*\"\n      ],\n      \"Condition\": {\n        \"StringNotEquals\": {\n          \"aws:Resource/environment\": \"brclusterdev\"\n        }\n      }\n    },\n    {\n      \"Sid\": \"ResourceLevelPermissionsTagsCreateNonEnv\",\n      \"Effect\": \"Allow\",\n      \"Action\": \"ec2:CreateTags\",\n      \"Resource\": [\n        \"arn:aws:ec2:us-east-1:711638685743:vpn-gateway/*\",\n        \"arn:aws:ec2:us-east-1:711638685743:vpc/*\",\n        \"arn:aws:ec2:us-east-1:711638685743:vpc-peering-connection/*\",\n        \"arn:aws:ec2:us-east-1:711638685743:subnet/*\",\n        \"arn:aws:ec2:us-east-1:711638685743:security-group/*\",\n        \"arn:aws:ec2:us-east-1:711638685743:route-table/*\",\n        \"arn:aws:ec2:us-east-1:711638685743:network-acl/*\",\n        \"arn:aws:ec2:us-east-1:711638685743:internet-gateway/*\",\n        \"arn:aws:ec2:us-east-1:711638685743:dhcp-options/*\"\n      ],\n      \"Condition\": {\n        \"StringNotEquals\": {\n          \"aws:RequestTag/environment\": \"brclusterdev\"\n        }\n      }\n    }\n  ]\n}"
                        },
                        "meta": {},
                        "tainted": false
                    },
                    "deposed": [],
                    "provider": "provider.aws"
                },
                "aws_iam_user.terraform_enterprise": {
                    "type": "aws_iam_user",
                    "depends_on": [],
                    "primary": {
                        "id": "terraform-brclusterdev-infra",
                        "attributes": {
                            "arn": "arn:aws:iam::711638685743:user/terraform-enterprise/terraform-brclusterdev-infra",
                            "force_destroy": "false",
                            "id": "terraform-brclusterdev-infra",
                            "name": "terraform-brclusterdev-infra",
                            "path": "/terraform-enterprise/",
                            "unique_id": "AIDAID4SJ6EBHSKRDLAY2"
                        },
                        "meta": {},
                        "tainted": false
                    },
                    "deposed": [],
                    "provider": "provider.aws"
                },
                "aws_iam_user_policy_attachment.terraform_enterprise_global": {
                    "type": "aws_iam_user_policy_attachment",
                    "depends_on": [
                        "aws_iam_policy.terraform_enterprise_global",
                        "aws_iam_user.terraform_enterprise"
                    ],
                    "primary": {
                        "id": "terraform-brclusterdev-infra-0082bf87e71099652a4145bedd",
                        "attributes": {
                            "id": "terraform-brclusterdev-infra-0082bf87e71099652a4145bedd",
                            "policy_arn": "arn:aws:iam::711638685743:policy/terraform_brclusterdev_infra_global",
                            "user": "terraform-brclusterdev-infra"
                        },
                        "meta": {},
                        "tainted": false
                    },
                    "deposed": [],
                    "provider": "provider.aws"
                },
                "aws_iam_user_policy_attachment.terraform_enterprise_restricted": {
                    "type": "aws_iam_user_policy_attachment",
                    "depends_on": [
                        "aws_iam_policy.terraform_enterprise_restricted",
                        "aws_iam_user.terraform_enterprise"
                    ],
                    "primary": {
                        "id": "terraform-brclusterdev-infra-0082bf87e71099652a4145bedb",
                        "attributes": {
                            "id": "terraform-brclusterdev-infra-0082bf87e71099652a4145bedb",
                            "policy_arn": "arn:aws:iam::711638685743:policy/terraform_brclusterdev_infra_restricted",
                            "user": "terraform-brclusterdev-infra"
                        },
                        "meta": {},
                        "tainted": false
                    },
                    "deposed": [],
                    "provider": "provider.aws"
                },
                "aws_iam_user_policy_attachment.terraform_enterprise_s3": {
                    "type": "aws_iam_user_policy_attachment",
                    "depends_on": [
                        "aws_iam_policy.terraform_enterprise_s3",
                        "aws_iam_user.terraform_enterprise"
                    ],
                    "primary": {
                        "id": "terraform-brclusterdev-infra-008f89fbfa77ba2bbe7217dfa3",
                        "attributes": {
                            "id": "terraform-brclusterdev-infra-008f89fbfa77ba2bbe7217dfa3",
                            "policy_arn": "arn:aws:iam::711638685743:policy/terraform_brclusterdev_infra_s3",
                            "user": "terraform-brclusterdev-infra"
                        },
                        "meta": {},
                        "tainted": false
                    },
                    "deposed": [],
                    "provider": "provider.aws"
                },
                "aws_iam_user_policy_attachment.terraform_enterprise_tags": {
                    "type": "aws_iam_user_policy_attachment",
                    "depends_on": [
                        "aws_iam_policy.terraform_enterprise_tags",
                        "aws_iam_user.terraform_enterprise"
                    ],
                    "primary": {
                        "id": "terraform-brclusterdev-infra-0082bf87e71099652a4145bedc",
                        "attributes": {
                            "id": "terraform-brclusterdev-infra-0082bf87e71099652a4145bedc",
                            "policy_arn": "arn:aws:iam::711638685743:policy/terraform_brclusterdev_infra_tags",
                            "user": "terraform-brclusterdev-infra"
                        },
                        "meta": {},
                        "tainted": false
                    },
                    "deposed": [],
                    "provider": "provider.aws"
                },
                "data.aws_caller_identity.current": {
                    "type": "aws_caller_identity",
                    "depends_on": [],
                    "primary": {
                        "id": "2017-12-12 17:35:25.172020858 +0000 UTC",
                        "attributes": {
                            "account_id": "711638685743",
                            "arn": "arn:aws:iam::711638685743:user/patrick.veasey",
                            "id": "2017-12-12 17:35:25.172020858 +0000 UTC",
                            "user_id": "AIDAITRWNN563SKHWCY5K"
                        },
                        "meta": {},
                        "tainted": false
                    },
                    "deposed": [],
                    "provider": "provider.aws"
                },
                "data.aws_iam_policy_document.terraform_enterprise_global": {
                    "type": "aws_iam_policy_document",
                    "depends_on": [],
                    "primary": {
                        "id": "254003319",
                        "attributes": {
                            "id": "254003319",
                            "json": "{\n  \"Version\": \"2012-10-17\",\n  \"Statement\": [\n    {\n      \"Sid\": \"GlobalPermissions\",\n      \"Effect\": \"Allow\",\n      \"Action\": [\n        \"route53:GetHostedZone\",\n        \"route53:GetChange\",\n        \"route53:DisassociateVPCFromHostedZone\",\n        \"route53:AssociateVPCWithHostedZone\",\n        \"ec2:ReplaceRouteTableAssociation\",\n        \"ec2:ReplaceRoute\",\n        \"ec2:ReplaceNetworkAclEntry\",\n        \"ec2:ReplaceNetworkAclAssociation\",\n        \"ec2:ReleaseAddress\",\n        \"ec2:ModifyVpcPeeringConnectionOptions\",\n        \"ec2:ModifyVpcAttribute\",\n        \"ec2:EnableVgwRoutePropagation\",\n        \"ec2:DisassociateRouteTable\",\n        \"ec2:DisassociateAddress\",\n        \"ec2:DisableVgwRoutePropagation\",\n        \"ec2:DetachVpnGateway\",\n        \"ec2:DetachInternetGateway\",\n        \"ec2:Describe*\",\n        \"ec2:DeleteVpc\",\n        \"ec2:DeleteSubnet\",\n        \"ec2:DeleteNetworkAclEntry\",\n        \"ec2:DeleteNatGateway\",\n        \"ec2:CreateVpcPeeringConnection\",\n        \"ec2:CreateVpc\",\n        \"ec2:CreateSubnet\",\n        \"ec2:CreateSecurityGroup\",\n        \"ec2:CreateRouteTable\",\n        \"ec2:CreateRoute\",\n        \"ec2:CreateNetworkAclEntry\",\n        \"ec2:CreateNetworkAcl\",\n        \"ec2:CreateNatGateway\",\n        \"ec2:CreateInternetGateway\",\n        \"ec2:CreateDhcpOptions\",\n        \"ec2:AttachVpnGateway\",\n        \"ec2:AttachInternetGateway\",\n        \"ec2:AssociateRouteTable\",\n        \"ec2:AssociateDhcpOptions\",\n        \"ec2:AssociateAddress\",\n        \"ec2:AllocateAddress\",\n        \"ec2:AcceptVpcPeeringConnection\"\n      ],\n      \"Resource\": \"*\"\n    }\n  ]\n}",
                            "statement.#": "1",
                            "statement.0.actions.#": "40",
                            "statement.0.actions.1450026320": "ec2:ReplaceRouteTableAssociation",
                            "statement.0.actions.1638490665": "ec2:EnableVgwRoutePropagation",
                            "statement.0.actions.1688527169": "ec2:CreateSubnet",
                            "statement.0.actions.170627072": "ec2:ModifyVpcAttribute",
                            "statement.0.actions.2194468010": "ec2:ReplaceNetworkAclEntry",
                            "statement.0.actions.2249023365": "ec2:AcceptVpcPeeringConnection",
                            "statement.0.actions.2280277948": "route53:GetHostedZone",
                            "statement.0.actions.2403928419": "ec2:DeleteNatGateway",
                            "statement.0.actions.2413456278": "ec2:CreateNetworkAcl",
                            "statement.0.actions.2459212947": "ec2:Describe*",
                            "statement.0.actions.2477108379": "ec2:ModifyVpcPeeringConnectionOptions",
                            "statement.0.actions.2675780723": "ec2:ReplaceRoute",
                            "statement.0.actions.2680174281": "ec2:ReleaseAddress",
                            "statement.0.actions.2746377278": "ec2:CreateNetworkAclEntry",
                            "statement.0.actions.2852448515": "ec2:CreateVpcPeeringConnection",
                            "statement.0.actions.2941301599": "ec2:DetachInternetGateway",
                            "statement.0.actions.2942464875": "ec2:DetachVpnGateway",
                            "statement.0.actions.2954394790": "ec2:CreateInternetGateway",
                            "statement.0.actions.3256120810": "ec2:CreateVpc",
                            "statement.0.actions.327364840": "ec2:AttachVpnGateway",
                            "statement.0.actions.328564753": "ec2:AssociateRouteTable",
                            "statement.0.actions.3304791468": "route53:GetChange",
                            "statement.0.actions.3330076524": "ec2:DisableVgwRoutePropagation",
                            "statement.0.actions.334593429": "ec2:DeleteSubnet",
                            "statement.0.actions.3381669024": "ec2:DisassociateAddress",
                            "statement.0.actions.3688573879": "ec2:CreateNatGateway",
                            "statement.0.actions.3804054076": "route53:DisassociateVPCFromHostedZone",
                            "statement.0.actions.3844541133": "ec2:AssociateDhcpOptions",
                            "statement.0.actions.3866145186": "ec2:CreateDhcpOptions",
                            "statement.0.actions.4073513875": "ec2:CreateRouteTable",
                            "statement.0.actions.4097283626": "ec2:AllocateAddress",
                            "statement.0.actions.4122399225": "ec2:AssociateAddress",
                            "statement.0.actions.4122750684": "ec2:DeleteNetworkAclEntry",
                            "statement.0.actions.456374275": "ec2:CreateRoute",
                            "statement.0.actions.506116069": "ec2:CreateSecurityGroup",
                            "statement.0.actions.57245203": "ec2:DeleteVpc",
                            "statement.0.actions.597044816": "route53:AssociateVPCWithHostedZone",
                            "statement.0.actions.65507103": "ec2:DisassociateRouteTable",
                            "statement.0.actions.820499949": "ec2:AttachInternetGateway",
                            "statement.0.actions.979894109": "ec2:ReplaceNetworkAclAssociation",
                            "statement.0.condition.#": "0",
                            "statement.0.effect": "Allow",
                            "statement.0.not_actions.#": "0",
                            "statement.0.not_principals.#": "0",
                            "statement.0.not_resources.#": "0",
                            "statement.0.principals.#": "0",
                            "statement.0.resources.#": "1",
                            "statement.0.resources.2679715827": "*",
                            "statement.0.sid": "GlobalPermissions"
                        },
                        "meta": {},
                        "tainted": false
                    },
                    "deposed": [],
                    "provider": "provider.aws"
                },
                "data.aws_iam_policy_document.terraform_enterprise_restricted": {
                    "type": "aws_iam_policy_document",
                    "depends_on": [
                        "data.aws_caller_identity.current"
                    ],
                    "primary": {
                        "id": "2696781356",
                        "attributes": {
                            "id": "2696781356",
                            "json": "{\n  \"Version\": \"2012-10-17\",\n  \"Statement\": [\n    {\n      \"Sid\": \"ResourceLevelPermissionsEnvCond\",\n      \"Effect\": \"Allow\",\n      \"Action\": [\n        \"ec2:RevokeSecurityGroupIngress\",\n        \"ec2:RevokeSecurityGroupEgress\",\n        \"ec2:DeleteVpcPeeringConnection\",\n        \"ec2:DeleteRouteTable\",\n        \"ec2:DeleteRoute\",\n        \"ec2:DeleteNetworkAcl\",\n        \"ec2:DeleteInternetGateway\",\n        \"ec2:DeleteDhcpOptions\",\n        \"ec2:AuthorizeSecurityGroupIngress\",\n        \"ec2:AuthorizeSecurityGroupEgress\"\n      ],\n      \"Resource\": [\n        \"arn:aws:ec2:us-east-1:711638685743:vpc/*\",\n        \"arn:aws:ec2:us-east-1:711638685743:vpc-peering-connection/*\",\n        \"arn:aws:ec2:us-east-1:711638685743:security-group/*\",\n        \"arn:aws:ec2:us-east-1:711638685743:route-table/*\",\n        \"arn:aws:ec2:us-east-1:711638685743:network-acl/*\",\n        \"arn:aws:ec2:us-east-1:711638685743:internet-gateway/*\",\n        \"arn:aws:ec2:us-east-1:711638685743:dhcp-options/*\"\n      ],\n      \"Condition\": {\n        \"StringEquals\": {\n          \"ec2:ResourceTag/environment\": \"brclusterdev\"\n        }\n      }\n    }\n  ]\n}",
                            "statement.#": "1",
                            "statement.0.actions.#": "10",
                            "statement.0.actions.1235220994": "ec2:DeleteRoute",
                            "statement.0.actions.1738159437": "ec2:DeleteDhcpOptions",
                            "statement.0.actions.2249486182": "ec2:RevokeSecurityGroupIngress",
                            "statement.0.actions.2464853358": "ec2:AuthorizeSecurityGroupIngress",
                            "statement.0.actions.2791227719": "ec2:DeleteRouteTable",
                            "statement.0.actions.3531923417": "ec2:AuthorizeSecurityGroupEgress",
                            "statement.0.actions.3678947650": "ec2:DeleteNetworkAcl",
                            "statement.0.actions.3860215364": "ec2:DeleteInternetGateway",
                            "statement.0.actions.3938849341": "ec2:DeleteVpcPeeringConnection",
                            "statement.0.actions.756717765": "ec2:RevokeSecurityGroupEgress",
                            "statement.0.condition.#": "1",
                            "statement.0.condition.1339153250.test": "StringEquals",
                            "statement.0.condition.1339153250.values.#": "1",
                            "statement.0.condition.1339153250.values.3264656743": "brclusterdev",
                            "statement.0.condition.1339153250.variable": "ec2:ResourceTag/environment",
                            "statement.0.effect": "Allow",
                            "statement.0.not_actions.#": "0",
                            "statement.0.not_principals.#": "0",
                            "statement.0.not_resources.#": "0",
                            "statement.0.principals.#": "0",
                            "statement.0.resources.#": "7",
                            "statement.0.resources.1559686796": "arn:aws:ec2:us-east-1:711638685743:vpc-peering-connection/*",
                            "statement.0.resources.1726030109": "arn:aws:ec2:us-east-1:711638685743:route-table/*",
                            "statement.0.resources.2887856004": "arn:aws:ec2:us-east-1:711638685743:dhcp-options/*",
                            "statement.0.resources.4153100293": "arn:aws:ec2:us-east-1:711638685743:network-acl/*",
                            "statement.0.resources.478200756": "arn:aws:ec2:us-east-1:711638685743:security-group/*",
                            "statement.0.resources.653868411": "arn:aws:ec2:us-east-1:711638685743:internet-gateway/*",
                            "statement.0.resources.665671561": "arn:aws:ec2:us-east-1:711638685743:vpc/*",
                            "statement.0.sid": "ResourceLevelPermissionsEnvCond"
                        },
                        "meta": {},
                        "tainted": false
                    },
                    "deposed": [],
                    "provider": "provider.aws"
                },
                "data.aws_iam_policy_document.terraform_enterprise_s3": {
                    "type": "aws_iam_policy_document",
                    "depends_on": [],
                    "primary": {
                        "id": "3357667487",
                        "attributes": {
                            "id": "3357667487",
                            "json": "{\n  \"Version\": \"2012-10-17\",\n  \"Statement\": [\n    {\n      \"Sid\": \"s3Global\",\n      \"Effect\": \"Allow\",\n      \"Action\": [\n        \"s3:ListAllMyBuckets\",\n        \"s3:CreateBucket\"\n      ],\n      \"Resource\": \"arn:aws:s3:::*\"\n    },\n    {\n      \"Sid\": \"s3Restricted\",\n      \"Effect\": \"Allow\",\n      \"Action\": \"s3:*\",\n      \"Resource\": \"arn:aws:s3:::brclusterdev-logs\"\n    }\n  ]\n}",
                            "statement.#": "2",
                            "statement.0.actions.#": "2",
                            "statement.0.actions.1383091109": "s3:CreateBucket",
                            "statement.0.actions.796062918": "s3:ListAllMyBuckets",
                            "statement.0.condition.#": "0",
                            "statement.0.effect": "Allow",
                            "statement.0.not_actions.#": "0",
                            "statement.0.not_principals.#": "0",
                            "statement.0.not_resources.#": "0",
                            "statement.0.principals.#": "0",
                            "statement.0.resources.#": "1",
                            "statement.0.resources.2835728174": "arn:aws:s3:::*",
                            "statement.0.sid": "s3Global",
                            "statement.1.actions.#": "1",
                            "statement.1.actions.1834123015": "s3:*",
                            "statement.1.condition.#": "0",
                            "statement.1.effect": "Allow",
                            "statement.1.not_actions.#": "0",
                            "statement.1.not_principals.#": "0",
                            "statement.1.not_resources.#": "0",
                            "statement.1.principals.#": "0",
                            "statement.1.resources.#": "1",
                            "statement.1.resources.2780714010": "arn:aws:s3:::brclusterdev-logs",
                            "statement.1.sid": "s3Restricted"
                        },
                        "meta": {},
                        "tainted": false
                    },
                    "deposed": [],
                    "provider": "provider.aws"
                },
                "data.aws_iam_policy_document.terraform_enterprise_tags": {
                    "type": "aws_iam_policy_document",
                    "depends_on": [
                        "data.aws_caller_identity.current"
                    ],
                    "primary": {
                        "id": "1734050065",
                        "attributes": {
                            "id": "1734050065",
                            "json": "{\n  \"Version\": \"2012-10-17\",\n  \"Statement\": [\n    {\n      \"Sid\": \"ResourceLevelPermissionsTagsCreate\",\n      \"Effect\": \"Allow\",\n      \"Action\": \"ec2:CreateTags\",\n      \"Resource\": [\n        \"arn:aws:ec2:us-east-1:711638685743:vpn-gateway/*\",\n        \"arn:aws:ec2:us-east-1:711638685743:vpc/*\",\n        \"arn:aws:ec2:us-east-1:711638685743:vpc-peering-connection/*\",\n        \"arn:aws:ec2:us-east-1:711638685743:subnet/*\",\n        \"arn:aws:ec2:us-east-1:711638685743:security-group/*\",\n        \"arn:aws:ec2:us-east-1:711638685743:route-table/*\",\n        \"arn:aws:ec2:us-east-1:711638685743:network-acl/*\",\n        \"arn:aws:ec2:us-east-1:711638685743:internet-gateway/*\",\n        \"arn:aws:ec2:us-east-1:711638685743:dhcp-options/*\"\n      ],\n      \"Condition\": {\n        \"StringEquals\": {\n          \"aws:RequestTag/environment\": \"brclusterdev\"\n        }\n      }\n    },\n    {\n      \"Sid\": \"ResourceLevelPermissionsTagsDelete\",\n      \"Effect\": \"Allow\",\n      \"Action\": \"ec2:DeleteTags\",\n      \"Resource\": [\n        \"arn:aws:ec2:us-east-1:711638685743:vpn-gateway/*\",\n        \"arn:aws:ec2:us-east-1:711638685743:vpc/*\",\n        \"arn:aws:ec2:us-east-1:711638685743:vpc-peering-connection/*\",\n        \"arn:aws:ec2:us-east-1:711638685743:subnet/*\",\n        \"arn:aws:ec2:us-east-1:711638685743:security-group/*\",\n        \"arn:aws:ec2:us-east-1:711638685743:route-table/*\",\n        \"arn:aws:ec2:us-east-1:711638685743:network-acl/*\",\n        \"arn:aws:ec2:us-east-1:711638685743:internet-gateway/*\",\n        \"arn:aws:ec2:us-east-1:711638685743:dhcp-options/*\"\n      ],\n      \"Condition\": {\n        \"StringNotEquals\": {\n          \"aws:Resource/environment\": \"brclusterdev\"\n        }\n      }\n    },\n    {\n      \"Sid\": \"ResourceLevelPermissionsTagsCreateNonEnv\",\n      \"Effect\": \"Allow\",\n      \"Action\": \"ec2:CreateTags\",\n      \"Resource\": [\n        \"arn:aws:ec2:us-east-1:711638685743:vpn-gateway/*\",\n        \"arn:aws:ec2:us-east-1:711638685743:vpc/*\",\n        \"arn:aws:ec2:us-east-1:711638685743:vpc-peering-connection/*\",\n        \"arn:aws:ec2:us-east-1:711638685743:subnet/*\",\n        \"arn:aws:ec2:us-east-1:711638685743:security-group/*\",\n        \"arn:aws:ec2:us-east-1:711638685743:route-table/*\",\n        \"arn:aws:ec2:us-east-1:711638685743:network-acl/*\",\n        \"arn:aws:ec2:us-east-1:711638685743:internet-gateway/*\",\n        \"arn:aws:ec2:us-east-1:711638685743:dhcp-options/*\"\n      ],\n      \"Condition\": {\n        \"StringNotEquals\": {\n          \"aws:RequestTag/environment\": \"brclusterdev\"\n        }\n      }\n    }\n  ]\n}",
                            "statement.#": "3",
                            "statement.0.actions.#": "1",
                            "statement.0.actions.2396526577": "ec2:CreateTags",
                            "statement.0.condition.#": "1",
                            "statement.0.condition.1397015026.test": "StringEquals",
                            "statement.0.condition.1397015026.values.#": "1",
                            "statement.0.condition.1397015026.values.3264656743": "brclusterdev",
                            "statement.0.condition.1397015026.variable": "aws:RequestTag/environment",
                            "statement.0.effect": "Allow",
                            "statement.0.not_actions.#": "0",
                            "statement.0.not_principals.#": "0",
                            "statement.0.not_resources.#": "0",
                            "statement.0.principals.#": "0",
                            "statement.0.resources.#": "9",
                            "statement.0.resources.1559686796": "arn:aws:ec2:us-east-1:711638685743:vpc-peering-connection/*",
                            "statement.0.resources.1726030109": "arn:aws:ec2:us-east-1:711638685743:route-table/*",
                            "statement.0.resources.2887856004": "arn:aws:ec2:us-east-1:711638685743:dhcp-options/*",
                            "statement.0.resources.3633960840": "arn:aws:ec2:us-east-1:711638685743:subnet/*",
                            "statement.0.resources.3944467513": "arn:aws:ec2:us-east-1:711638685743:vpn-gateway/*",
                            "statement.0.resources.4153100293": "arn:aws:ec2:us-east-1:711638685743:network-acl/*",
                            "statement.0.resources.478200756": "arn:aws:ec2:us-east-1:711638685743:security-group/*",
                            "statement.0.resources.653868411": "arn:aws:ec2:us-east-1:711638685743:internet-gateway/*",
                            "statement.0.resources.665671561": "arn:aws:ec2:us-east-1:711638685743:vpc/*",
                            "statement.0.sid": "ResourceLevelPermissionsTagsCreate",
                            "statement.1.actions.#": "1",
                            "statement.1.actions.1249386562": "ec2:DeleteTags",
                            "statement.1.condition.#": "1",
                            "statement.1.condition.340827331.test": "StringNotEquals",
                            "statement.1.condition.340827331.values.#": "1",
                            "statement.1.condition.340827331.values.3264656743": "brclusterdev",
                            "statement.1.condition.340827331.variable": "aws:Resource/environment",
                            "statement.1.effect": "Allow",
                            "statement.1.not_actions.#": "0",
                            "statement.1.not_principals.#": "0",
                            "statement.1.not_resources.#": "0",
                            "statement.1.principals.#": "0",
                            "statement.1.resources.#": "9",
                            "statement.1.resources.1559686796": "arn:aws:ec2:us-east-1:711638685743:vpc-peering-connection/*",
                            "statement.1.resources.1726030109": "arn:aws:ec2:us-east-1:711638685743:route-table/*",
                            "statement.1.resources.2887856004": "arn:aws:ec2:us-east-1:711638685743:dhcp-options/*",
                            "statement.1.resources.3633960840": "arn:aws:ec2:us-east-1:711638685743:subnet/*",
                            "statement.1.resources.3944467513": "arn:aws:ec2:us-east-1:711638685743:vpn-gateway/*",
                            "statement.1.resources.4153100293": "arn:aws:ec2:us-east-1:711638685743:network-acl/*",
                            "statement.1.resources.478200756": "arn:aws:ec2:us-east-1:711638685743:security-group/*",
                            "statement.1.resources.653868411": "arn:aws:ec2:us-east-1:711638685743:internet-gateway/*",
                            "statement.1.resources.665671561": "arn:aws:ec2:us-east-1:711638685743:vpc/*",
                            "statement.1.sid": "ResourceLevelPermissionsTagsDelete",
                            "statement.2.actions.#": "1",
                            "statement.2.actions.2396526577": "ec2:CreateTags",
                            "statement.2.condition.#": "1",
                            "statement.2.condition.4174692697.test": "StringNotEquals",
                            "statement.2.condition.4174692697.values.#": "1",
                            "statement.2.condition.4174692697.values.3264656743": "brclusterdev",
                            "statement.2.condition.4174692697.variable": "aws:RequestTag/environment",
                            "statement.2.effect": "Allow",
                            "statement.2.not_actions.#": "0",
                            "statement.2.not_principals.#": "0",
                            "statement.2.not_resources.#": "0",
                            "statement.2.principals.#": "0",
                            "statement.2.resources.#": "9",
                            "statement.2.resources.1559686796": "arn:aws:ec2:us-east-1:711638685743:vpc-peering-connection/*",
                            "statement.2.resources.1726030109": "arn:aws:ec2:us-east-1:711638685743:route-table/*",
                            "statement.2.resources.2887856004": "arn:aws:ec2:us-east-1:711638685743:dhcp-options/*",
                            "statement.2.resources.3633960840": "arn:aws:ec2:us-east-1:711638685743:subnet/*",
                            "statement.2.resources.3944467513": "arn:aws:ec2:us-east-1:711638685743:vpn-gateway/*",
                            "statement.2.resources.4153100293": "arn:aws:ec2:us-east-1:711638685743:network-acl/*",
                            "statement.2.resources.478200756": "arn:aws:ec2:us-east-1:711638685743:security-group/*",
                            "statement.2.resources.653868411": "arn:aws:ec2:us-east-1:711638685743:internet-gateway/*",
                            "statement.2.resources.665671561": "arn:aws:ec2:us-east-1:711638685743:vpc/*",
                            "statement.2.sid": "ResourceLevelPermissionsTagsCreateNonEnv"
                        },
                        "meta": {},
                        "tainted": false
                    },
                    "deposed": [],
                    "provider": "provider.aws"
                }
            },
            "depends_on": []
        }
    ]
}
