{
    "version": 3,
    "terraform_version": "0.8.6",
    "serial": 6,
    "lineage": "09849edc-b3b9-40d2-9ea9-6b87d0d5b5fd",
    "modules": [
        {
            "path": [
                "root"
            ],
            "outputs": {},
            "resources": {
                "aws_autoscaling_group.codex_server": {
                    "type": "aws_autoscaling_group",
                    "depends_on": [
                        "aws_elb.codex_server",
                        "aws_launch_configuration.codex_server"
                    ],
                    "primary": {
                        "id": "codex_server_cert",
                        "attributes": {
                            "arn": "arn:aws:autoscaling:us-east-1:187631879586:autoScalingGroup:def30cd0-8211-4cb0-b51f-5e57d8a3887a:autoScalingGroupName/codex_server_cert",
                            "availability_zones.#": "3",
                            "availability_zones.1305112097": "us-east-1b",
                            "availability_zones.2762590996": "us-east-1d",
                            "availability_zones.986537655": "us-east-1c",
                            "default_cooldown": "300",
                            "desired_capacity": "3",
                            "force_delete": "false",
                            "health_check_grace_period": "120",
                            "health_check_type": "ELB",
                            "id": "codex_server_cert",
                            "launch_configuration": "codex_server",
                            "load_balancers.#": "1",
                            "load_balancers.331209892": "codex-server",
                            "max_size": "5",
                            "metrics_granularity": "1Minute",
                            "min_size": "3",
                            "name": "codex_server_cert",
                            "placement_group": "",
                            "protect_from_scale_in": "false",
                            "suspended_processes.#": "0",
                            "tag.#": "4",
                            "tag.2166983747.key": "Name",
                            "tag.2166983747.propagate_at_launch": "true",
                            "tag.2166983747.value": "codex-server",
                            "tag.2865877105.key": "stage",
                            "tag.2865877105.propagate_at_launch": "true",
                            "tag.2865877105.value": "cert",
                            "tag.3270923174.key": "Project",
                            "tag.3270923174.propagate_at_launch": "true",
                            "tag.3270923174.value": "codex-server",
                            "tag.3424408408.key": "environment",
                            "tag.3424408408.propagate_at_launch": "true",
                            "tag.3424408408.value": "rsnp",
                            "target_group_arns.#": "0",
                            "termination_policies.#": "0",
                            "vpc_zone_identifier.#": "3",
                            "vpc_zone_identifier.1437932923": "subnet-f044e5db",
                            "vpc_zone_identifier.2227216319": "subnet-f4b12a83",
                            "vpc_zone_identifier.3947097529": "subnet-135de54a",
                            "wait_for_capacity_timeout": "10m"
                        },
                        "meta": {},
                        "tainted": false
                    },
                    "deposed": [],
                    "provider": ""
                },
                "aws_elb.codex_server": {
                    "type": "aws_elb",
                    "depends_on": [
                        "aws_security_group.codex_server_elb"
                    ],
                    "primary": {
                        "id": "codex-server",
                        "attributes": {
                            "access_logs.#": "1",
                            "access_logs.0.bucket": "rsnp-access-logs",
                            "access_logs.0.bucket_prefix": "codex",
                            "access_logs.0.enabled": "true",
                            "access_logs.0.interval": "60",
                            "availability_zones.#": "3",
                            "availability_zones.1305112097": "us-east-1b",
                            "availability_zones.2762590996": "us-east-1d",
                            "availability_zones.986537655": "us-east-1c",
                            "connection_draining": "true",
                            "connection_draining_timeout": "400",
                            "cross_zone_load_balancing": "true",
                            "dns_name": "internal-codex-server-94352903.us-east-1.elb.amazonaws.com",
                            "health_check.#": "1",
                            "health_check.0.healthy_threshold": "3",
                            "health_check.0.interval": "15",
                            "health_check.0.target": "TCP:80",
                            "health_check.0.timeout": "5",
                            "health_check.0.unhealthy_threshold": "3",
                            "id": "codex-server",
                            "idle_timeout": "400",
                            "instances.#": "0",
                            "internal": "true",
                            "listener.#": "2",
                            "listener.3057123346.instance_port": "80",
                            "listener.3057123346.instance_protocol": "http",
                            "listener.3057123346.lb_port": "80",
                            "listener.3057123346.lb_protocol": "http",
                            "listener.3057123346.ssl_certificate_id": "",
                            "listener.3608523596.instance_port": "80",
                            "listener.3608523596.instance_protocol": "http",
                            "listener.3608523596.lb_port": "443",
                            "listener.3608523596.lb_protocol": "https",
                            "listener.3608523596.ssl_certificate_id": "arn:aws:iam::187631879586:server-certificate/hmheng_io",
                            "name": "codex-server",
                            "security_groups.#": "1",
                            "security_groups.991289261": "sg-0703747b",
                            "source_security_group": "187631879586/codex_server_elb",
                            "source_security_group_id": "sg-0703747b",
                            "subnets.#": "3",
                            "subnets.1049855022": "subnet-f244e5d9",
                            "subnets.1437639837": "subnet-f5b12a82",
                            "subnets.3206229730": "subnet-105de549",
                            "tags.%": "4",
                            "tags.Name": "codex-server",
                            "tags.Project": "codex-server",
                            "tags.environment": "rsnp",
                            "tags.stage": "cert",
                            "zone_id": "Z35SXDOTRQ7X7K"
                        },
                        "meta": {},
                        "tainted": false
                    },
                    "deposed": [],
                    "provider": ""
                },
                "aws_launch_configuration.codex_server": {
                    "type": "aws_launch_configuration",
                    "depends_on": [
                        "aws_security_group.codex_server_ec2"
                    ],
                    "primary": {
                        "id": "codex_server",
                        "attributes": {
                            "associate_public_ip_address": "false",
                            "ebs_block_device.#": "0",
                            "ebs_optimized": "false",
                            "enable_monitoring": "true",
                            "ephemeral_block_device.#": "0",
                            "iam_instance_profile": "rsnp_default",
                            "id": "codex_server",
                            "image_id": "ami-cb22e3dd",
                            "instance_type": "t2.micro",
                            "key_name": "awsops_rpcsys.hmhco.com",
                            "name": "codex_server",
                            "root_block_device.#": "1",
                            "root_block_device.0.delete_on_termination": "true",
                            "root_block_device.0.iops": "0",
                            "root_block_device.0.volume_size": "40",
                            "root_block_device.0.volume_type": "",
                            "security_groups.#": "1",
                            "security_groups.183501209": "sg-e003749c",
                            "spot_price": "",
                            "vpc_classic_link_id": "",
                            "vpc_classic_link_security_groups.#": "0"
                        },
                        "meta": {},
                        "tainted": false
                    },
                    "deposed": [],
                    "provider": ""
                },
                "aws_security_group.codex_server_ec2": {
                    "type": "aws_security_group",
                    "depends_on": [
                        "aws_security_group.codex_server_elb"
                    ],
                    "primary": {
                        "id": "sg-e003749c",
                        "attributes": {
                            "description": "allow incoming http/https traffic from elb",
                            "egress.#": "1",
                            "egress.482069346.cidr_blocks.#": "1",
                            "egress.482069346.cidr_blocks.0": "0.0.0.0/0",
                            "egress.482069346.from_port": "0",
                            "egress.482069346.prefix_list_ids.#": "0",
                            "egress.482069346.protocol": "-1",
                            "egress.482069346.security_groups.#": "0",
                            "egress.482069346.self": "false",
                            "egress.482069346.to_port": "0",
                            "id": "sg-e003749c",
                            "ingress.#": "2",
                            "ingress.3102659196.cidr_blocks.#": "2",
                            "ingress.3102659196.cidr_blocks.0": "172.17.0.0/17",
                            "ingress.3102659196.cidr_blocks.1": "10.0.0.0/8",
                            "ingress.3102659196.from_port": "22",
                            "ingress.3102659196.protocol": "tcp",
                            "ingress.3102659196.security_groups.#": "0",
                            "ingress.3102659196.self": "false",
                            "ingress.3102659196.to_port": "22",
                            "ingress.3560476221.cidr_blocks.#": "0",
                            "ingress.3560476221.from_port": "80",
                            "ingress.3560476221.protocol": "tcp",
                            "ingress.3560476221.security_groups.#": "1",
                            "ingress.3560476221.security_groups.991289261": "sg-0703747b",
                            "ingress.3560476221.self": "false",
                            "ingress.3560476221.to_port": "80",
                            "name": "codex_server_ec2",
                            "owner_id": "187631879586",
                            "tags.%": "0",
                            "vpc_id": "vpc-61793404"
                        },
                        "meta": {},
                        "tainted": false
                    },
                    "deposed": [],
                    "provider": ""
                },
                "aws_security_group.codex_server_elb": {
                    "type": "aws_security_group",
                    "depends_on": [],
                    "primary": {
                        "id": "sg-0703747b",
                        "attributes": {
                            "description": "allow incoming http/https traffic",
                            "egress.#": "1",
                            "egress.482069346.cidr_blocks.#": "1",
                            "egress.482069346.cidr_blocks.0": "0.0.0.0/0",
                            "egress.482069346.from_port": "0",
                            "egress.482069346.prefix_list_ids.#": "0",
                            "egress.482069346.protocol": "-1",
                            "egress.482069346.security_groups.#": "0",
                            "egress.482069346.self": "false",
                            "egress.482069346.to_port": "0",
                            "id": "sg-0703747b",
                            "ingress.#": "2",
                            "ingress.2214680975.cidr_blocks.#": "1",
                            "ingress.2214680975.cidr_blocks.0": "0.0.0.0/0",
                            "ingress.2214680975.from_port": "80",
                            "ingress.2214680975.protocol": "tcp",
                            "ingress.2214680975.security_groups.#": "0",
                            "ingress.2214680975.self": "false",
                            "ingress.2214680975.to_port": "80",
                            "ingress.2617001939.cidr_blocks.#": "1",
                            "ingress.2617001939.cidr_blocks.0": "0.0.0.0/0",
                            "ingress.2617001939.from_port": "443",
                            "ingress.2617001939.protocol": "tcp",
                            "ingress.2617001939.security_groups.#": "0",
                            "ingress.2617001939.self": "false",
                            "ingress.2617001939.to_port": "443",
                            "name": "codex_server_elb",
                            "owner_id": "187631879586",
                            "tags.%": "0",
                            "vpc_id": "vpc-61793404"
                        },
                        "meta": {},
                        "tainted": false
                    },
                    "deposed": [],
                    "provider": ""
                }
            },
            "depends_on": []
        }
    ]
}
