{
    "version": 3,
    "terraform_version": "0.11.7",
    "serial": 11,
    "lineage": "c0e2bf47-e143-42a6-a8ff-90cf78a68760",
    "modules": [
        {
            "path": [
                "root"
            ],
            "outputs": {},
            "resources": {
                "aws_dynamodb_table.uds-app-data-json-table": {
                    "type": "aws_dynamodb_table",
                    "depends_on": [],
                    "primary": {
                        "id": "uds-dev-app-data-json",
                        "attributes": {
                            "arn": "arn:aws:dynamodb:us-east-1:711638685743:table/uds-dev-app-data-json",
                            "attribute.#": "4",
                            "attribute.2555435290.name": "user",
                            "attribute.2555435290.type": "S",
                            "attribute.26911653.name": "appUser",
                            "attribute.26911653.type": "S",
                            "attribute.4218830108.name": "appKey",
                            "attribute.4218830108.type": "S",
                            "attribute.945633311.name": "key",
                            "attribute.945633311.type": "S",
                            "global_secondary_index.#": "1",
                            "global_secondary_index.3663003078.hash_key": "user",
                            "global_secondary_index.3663003078.name": "uds-app-data-json-gsi",
                            "global_secondary_index.3663003078.non_key_attributes.#": "0",
                            "global_secondary_index.3663003078.projection_type": "ALL",
                            "global_secondary_index.3663003078.range_key": "appKey",
                            "global_secondary_index.3663003078.read_capacity": "1",
                            "global_secondary_index.3663003078.write_capacity": "1",
                            "hash_key": "appUser",
                            "id": "uds-dev-app-data-json",
                            "local_secondary_index.#": "0",
                            "name": "uds-dev-app-data-json",
                            "point_in_time_recovery.#": "1",
                            "point_in_time_recovery.0.enabled": "false",
                            "range_key": "key",
                            "read_capacity": "1",
                            "server_side_encryption.#": "0",
                            "stream_arn": "",
                            "stream_enabled": "false",
                            "stream_label": "",
                            "stream_view_type": "",
                            "tags.%": "3",
                            "tags.Name": "hmheng-uds-uds-app-data-json-DDB-table",
                            "tags.cost": "hmheng-uds",
                            "tags.responsible-party": "slack:uds",
                            "ttl.#": "0",
                            "write_capacity": "1"
                        },
                        "meta": {
                            "e2bfb730-ecaa-11e6-8f88-34363bc7c4c0": {
                                "create": 600000000000,
                                "delete": 600000000000,
                                "update": 600000000000
                            },
                            "schema_version": "1"
                        },
                        "tainted": false
                    },
                    "deposed": [],
                    "provider": "provider.aws"
                },
                "aws_dynamodb_table.uds-apps-table": {
                    "type": "aws_dynamodb_table",
                    "depends_on": [],
                    "primary": {
                        "id": "uds-dev-apps",
                        "attributes": {
                            "arn": "arn:aws:dynamodb:us-east-1:711638685743:table/uds-dev-apps",
                            "attribute.#": "1",
                            "attribute.2128623027.name": "name",
                            "attribute.2128623027.type": "S",
                            "global_secondary_index.#": "0",
                            "hash_key": "name",
                            "id": "uds-dev-apps",
                            "local_secondary_index.#": "0",
                            "name": "uds-dev-apps",
                            "point_in_time_recovery.#": "1",
                            "point_in_time_recovery.0.enabled": "false",
                            "read_capacity": "1",
                            "server_side_encryption.#": "0",
                            "stream_arn": "",
                            "stream_enabled": "false",
                            "stream_label": "",
                            "stream_view_type": "",
                            "tags.%": "3",
                            "tags.Name": "hmheng-uds-uds-apps-DDB-table",
                            "tags.cost": "hmheng-uds",
                            "tags.responsible-party": "slack:uds",
                            "ttl.#": "0",
                            "write_capacity": "1"
                        },
                        "meta": {
                            "e2bfb730-ecaa-11e6-8f88-34363bc7c4c0": {
                                "create": 600000000000,
                                "delete": 600000000000,
                                "update": 600000000000
                            },
                            "schema_version": "1"
                        },
                        "tainted": false
                    },
                    "deposed": [],
                    "provider": "provider.aws"
                },
                "aws_dynamodb_table.uds-authz-table": {
                    "type": "aws_dynamodb_table",
                    "depends_on": [],
                    "primary": {
                        "id": "uds-dev-authz",
                        "attributes": {
                            "arn": "arn:aws:dynamodb:us-east-1:711638685743:table/uds-dev-authz",
                            "attribute.#": "1",
                            "attribute.2128623027.name": "name",
                            "attribute.2128623027.type": "S",
                            "global_secondary_index.#": "0",
                            "hash_key": "name",
                            "id": "uds-dev-authz",
                            "local_secondary_index.#": "0",
                            "name": "uds-dev-authz",
                            "point_in_time_recovery.#": "1",
                            "point_in_time_recovery.0.enabled": "false",
                            "read_capacity": "1",
                            "server_side_encryption.#": "0",
                            "stream_arn": "",
                            "stream_enabled": "false",
                            "stream_label": "",
                            "stream_view_type": "",
                            "tags.%": "3",
                            "tags.Name": "hmheng-uds-uds-authz-DDB-table",
                            "tags.cost": "hmheng-uds",
                            "tags.responsible-party": "slack:uds",
                            "ttl.#": "0",
                            "write_capacity": "1"
                        },
                        "meta": {
                            "schema_version": "1"
                        },
                        "tainted": false
                    },
                    "deposed": [],
                    "provider": "provider.aws"
                },
                "aws_dynamodb_table.uds-calculated-behavior-table": {
                    "type": "aws_dynamodb_table",
                    "depends_on": [],
                    "primary": {
                        "id": "uds-dev-calculated-behavior",
                        "attributes": {
                            "arn": "arn:aws:dynamodb:us-east-1:711638685743:table/uds-dev-calculated-behavior",
                            "attribute.#": "2",
                            "attribute.2555435290.name": "user",
                            "attribute.2555435290.type": "S",
                            "attribute.945633311.name": "key",
                            "attribute.945633311.type": "S",
                            "global_secondary_index.#": "0",
                            "hash_key": "user",
                            "id": "uds-dev-calculated-behavior",
                            "local_secondary_index.#": "0",
                            "name": "uds-dev-calculated-behavior",
                            "point_in_time_recovery.#": "1",
                            "point_in_time_recovery.0.enabled": "false",
                            "range_key": "key",
                            "read_capacity": "1",
                            "server_side_encryption.#": "0",
                            "stream_arn": "",
                            "stream_enabled": "false",
                            "stream_label": "",
                            "stream_view_type": "",
                            "tags.%": "3",
                            "tags.Name": "hmheng-uds-uds-calculated-behavior-DDB-table",
                            "tags.cost": "hmheng-uds",
                            "tags.responsible-party": "slack:uds",
                            "ttl.#": "0",
                            "write_capacity": "1"
                        },
                        "meta": {
                            "schema_version": "1"
                        },
                        "tainted": false
                    },
                    "deposed": [],
                    "provider": "provider.aws"
                },
                "aws_dynamodb_table.uds-share-table": {
                    "type": "aws_dynamodb_table",
                    "depends_on": [],
                    "primary": {
                        "id": "uds-dev-share",
                        "attributes": {
                            "arn": "arn:aws:dynamodb:us-east-1:711638685743:table/uds-dev-share",
                            "attribute.#": "2",
                            "attribute.2555435290.name": "user",
                            "attribute.2555435290.type": "S",
                            "attribute.945633311.name": "key",
                            "attribute.945633311.type": "S",
                            "global_secondary_index.#": "1",
                            "global_secondary_index.3458343581.hash_key": "user",
                            "global_secondary_index.3458343581.name": "uds-share-by-user-gsi",
                            "global_secondary_index.3458343581.non_key_attributes.#": "0",
                            "global_secondary_index.3458343581.projection_type": "KEYS_ONLY",
                            "global_secondary_index.3458343581.range_key": "key",
                            "global_secondary_index.3458343581.read_capacity": "1",
                            "global_secondary_index.3458343581.write_capacity": "1",
                            "hash_key": "key",
                            "id": "uds-dev-share",
                            "local_secondary_index.#": "0",
                            "name": "uds-dev-share",
                            "point_in_time_recovery.#": "1",
                            "point_in_time_recovery.0.enabled": "false",
                            "read_capacity": "1",
                            "server_side_encryption.#": "0",
                            "stream_arn": "",
                            "stream_enabled": "false",
                            "stream_label": "",
                            "stream_view_type": "",
                            "tags.%": "3",
                            "tags.Name": "hmheng-uds-uds-share-DDB-table",
                            "tags.cost": "hmheng-uds",
                            "tags.responsible-party": "slack:uds",
                            "ttl.#": "0",
                            "write_capacity": "1"
                        },
                        "meta": {
                            "schema_version": "1"
                        },
                        "tainted": false
                    },
                    "deposed": [],
                    "provider": "provider.aws"
                },
                "aws_iam_role.dynamodb-iam-role": {
                    "type": "aws_iam_role",
                    "depends_on": [
                        "data.aws_iam_policy_document.dynamodb-iam-role-policy"
                    ],
                    "primary": {
                        "id": "uds-iam-ddb-role-dev",
                        "attributes": {
                            "arn": "arn:aws:iam::711638685743:role/uds/uds-iam-ddb-role-dev",
                            "assume_role_policy": "{\"Version\":\"2012-10-17\",\"Statement\":[{\"Sid\":\"\",\"Effect\":\"Allow\",\"Principal\":{\"AWS\":\"arn:aws:iam::711638685743:root\"},\"Action\":\"sts:AssumeRole\"}]}",
                            "create_date": "2017-10-13T15:48:59Z",
                            "force_detach_policies": "false",
                            "id": "uds-iam-ddb-role-dev",
                            "max_session_duration": "3600",
                            "name": "uds-iam-ddb-role-dev",
                            "path": "/uds/",
                            "unique_id": "AROAIACJ22RQOFGWGTBA4"
                        },
                        "meta": {},
                        "tainted": false
                    },
                    "deposed": [],
                    "provider": "provider.aws"
                },
                "aws_iam_role_policy.dynamodb-iam-policy": {
                    "type": "aws_iam_role_policy",
                    "depends_on": [
                        "aws_iam_role.dynamodb-iam-role",
                        "data.aws_iam_policy_document.dynamodb-rw-role"
                    ],
                    "primary": {
                        "id": "uds-iam-ddb-role-dev:DynamoDB-access",
                        "attributes": {
                            "id": "uds-iam-ddb-role-dev:DynamoDB-access",
                            "name": "DynamoDB-access",
                            "policy": "{\n  \"Version\": \"2012-10-17\",\n  \"Statement\": [\n    {\n      \"Sid\": \"\",\n      \"Effect\": \"Allow\",\n      \"Action\": [\n        \"dynamodb:UpdateItem\",\n        \"dynamodb:Scan\",\n        \"dynamodb:Query\",\n        \"dynamodb:PutItem\",\n        \"dynamodb:ListTables\",\n        \"dynamodb:GetItem\",\n        \"dynamodb:DescribeTable\",\n        \"dynamodb:DeleteItem\",\n        \"dynamodb:BatchWriteItem\",\n        \"dynamodb:BatchGetItem\"\n      ],\n      \"Resource\": [\n        \"arn:aws:dynamodb:us-east-1:711638685743:table/uds-dev-share/index/*\",\n        \"arn:aws:dynamodb:us-east-1:711638685743:table/uds-dev-share\",\n        \"arn:aws:dynamodb:us-east-1:711638685743:table/uds-dev-calculated-behavior\",\n        \"arn:aws:dynamodb:us-east-1:711638685743:table/uds-dev-authz\",\n        \"arn:aws:dynamodb:us-east-1:711638685743:table/uds-dev-apps\",\n        \"arn:aws:dynamodb:us-east-1:711638685743:table/uds-dev-app-data-json/index/*\",\n        \"arn:aws:dynamodb:us-east-1:711638685743:table/uds-dev-app-data-json\"\n      ]\n    }\n  ]\n}",
                            "role": "uds-iam-ddb-role-dev"
                        },
                        "meta": {},
                        "tainted": false
                    },
                    "deposed": [],
                    "provider": "provider.aws"
                },
                "data.aws_iam_policy_document.dynamodb-iam-role-policy": {
                    "type": "aws_iam_policy_document",
                    "depends_on": [],
                    "primary": {
                        "id": "1216705286",
                        "attributes": {
                            "id": "1216705286",
                            "json": "{\n  \"Version\": \"2012-10-17\",\n  \"Statement\": [\n    {\n      \"Sid\": \"\",\n      \"Effect\": \"Allow\",\n      \"Action\": \"sts:AssumeRole\",\n      \"Principal\": {\n        \"AWS\": \"arn:aws:iam::711638685743:root\"\n      }\n    }\n  ]\n}",
                            "statement.#": "1",
                            "statement.0.actions.#": "1",
                            "statement.0.actions.2528466339": "sts:AssumeRole",
                            "statement.0.condition.#": "0",
                            "statement.0.effect": "Allow",
                            "statement.0.not_actions.#": "0",
                            "statement.0.not_principals.#": "0",
                            "statement.0.not_resources.#": "0",
                            "statement.0.principals.#": "1",
                            "statement.0.principals.1962223180.identifiers.#": "1",
                            "statement.0.principals.1962223180.identifiers.3197436742": "arn:aws:iam::711638685743:root",
                            "statement.0.principals.1962223180.type": "AWS",
                            "statement.0.resources.#": "0",
                            "statement.0.sid": ""
                        },
                        "meta": {},
                        "tainted": false
                    },
                    "deposed": [],
                    "provider": "provider.aws"
                },
                "data.aws_iam_policy_document.dynamodb-rw-role": {
                    "type": "aws_iam_policy_document",
                    "depends_on": [
                        "aws_dynamodb_table.uds-app-data-json-table",
                        "aws_dynamodb_table.uds-apps-table",
                        "aws_dynamodb_table.uds-authz-table",
                        "aws_dynamodb_table.uds-calculated-behavior-table",
                        "aws_dynamodb_table.uds-share-table"
                    ],
                    "primary": {
                        "id": "723570216",
                        "attributes": {
                            "id": "723570216",
                            "json": "{\n  \"Version\": \"2012-10-17\",\n  \"Statement\": [\n    {\n      \"Sid\": \"\",\n      \"Effect\": \"Allow\",\n      \"Action\": [\n        \"dynamodb:UpdateItem\",\n        \"dynamodb:Scan\",\n        \"dynamodb:Query\",\n        \"dynamodb:PutItem\",\n        \"dynamodb:ListTables\",\n        \"dynamodb:GetItem\",\n        \"dynamodb:DescribeTable\",\n        \"dynamodb:DeleteItem\",\n        \"dynamodb:BatchWriteItem\",\n        \"dynamodb:BatchGetItem\"\n      ],\n      \"Resource\": [\n        \"arn:aws:dynamodb:us-east-1:711638685743:table/uds-dev-share/index/*\",\n        \"arn:aws:dynamodb:us-east-1:711638685743:table/uds-dev-share\",\n        \"arn:aws:dynamodb:us-east-1:711638685743:table/uds-dev-calculated-behavior\",\n        \"arn:aws:dynamodb:us-east-1:711638685743:table/uds-dev-authz\",\n        \"arn:aws:dynamodb:us-east-1:711638685743:table/uds-dev-apps\",\n        \"arn:aws:dynamodb:us-east-1:711638685743:table/uds-dev-app-data-json/index/*\",\n        \"arn:aws:dynamodb:us-east-1:711638685743:table/uds-dev-app-data-json\"\n      ]\n    }\n  ]\n}",
                            "statement.#": "1",
                            "statement.0.actions.#": "10",
                            "statement.0.actions.1083547571": "dynamodb:DescribeTable",
                            "statement.0.actions.1284434245": "dynamodb:DeleteItem",
                            "statement.0.actions.2015996996": "dynamodb:BatchGetItem",
                            "statement.0.actions.229017339": "dynamodb:PutItem",
                            "statement.0.actions.2361946539": "dynamodb:ListTables",
                            "statement.0.actions.3660559394": "dynamodb:Query",
                            "statement.0.actions.3722646528": "dynamodb:UpdateItem",
                            "statement.0.actions.470163975": "dynamodb:GetItem",
                            "statement.0.actions.762951030": "dynamodb:BatchWriteItem",
                            "statement.0.actions.913837160": "dynamodb:Scan",
                            "statement.0.condition.#": "0",
                            "statement.0.effect": "Allow",
                            "statement.0.not_actions.#": "0",
                            "statement.0.not_principals.#": "0",
                            "statement.0.not_resources.#": "0",
                            "statement.0.principals.#": "0",
                            "statement.0.resources.#": "7",
                            "statement.0.resources.1353099153": "arn:aws:dynamodb:us-east-1:711638685743:table/uds-dev-apps",
                            "statement.0.resources.1522673966": "arn:aws:dynamodb:us-east-1:711638685743:table/uds-dev-authz",
                            "statement.0.resources.2269802936": "arn:aws:dynamodb:us-east-1:711638685743:table/uds-dev-app-data-json",
                            "statement.0.resources.3815181034": "arn:aws:dynamodb:us-east-1:711638685743:table/uds-dev-app-data-json/index/*",
                            "statement.0.resources.3817136050": "arn:aws:dynamodb:us-east-1:711638685743:table/uds-dev-share/index/*",
                            "statement.0.resources.760608881": "arn:aws:dynamodb:us-east-1:711638685743:table/uds-dev-calculated-behavior",
                            "statement.0.resources.931157528": "arn:aws:dynamodb:us-east-1:711638685743:table/uds-dev-share",
                            "statement.0.sid": ""
                        },
                        "meta": {},
                        "tainted": false
                    },
                    "deposed": [],
                    "provider": "provider.aws"
                }
            },
            "depends_on": []
        },
        {
            "path": [
                "root",
                "app_data_autoscaling"
            ],
            "outputs": {},
            "resources": {
                "aws_appautoscaling_policy.dynamodb_read_policy": {
                    "type": "aws_appautoscaling_policy",
                    "depends_on": [
                        "aws_appautoscaling_target.dynamodb_read_target"
                    ],
                    "primary": {
                        "id": "DynamoDBReadCapacityUtilization:table/uds-dev-app-data-json",
                        "attributes": {
                            "arn": "arn:aws:autoscaling:us-east-1:711638685743:scalingPolicy:b439c019-38da-4719-986a-1dd196bec247:resource/dynamodb/table/uds-dev-app-data-json:policyName/DynamoDBReadCapacityUtilization:table/uds-dev-app-data-json",
                            "id": "DynamoDBReadCapacityUtilization:table/uds-dev-app-data-json",
                            "name": "DynamoDBReadCapacityUtilization:table/uds-dev-app-data-json",
                            "policy_type": "TargetTrackingScaling",
                            "resource_id": "table/uds-dev-app-data-json",
                            "scalable_dimension": "dynamodb:table:ReadCapacityUnits",
                            "service_namespace": "dynamodb",
                            "step_scaling_policy_configuration.#": "0",
                            "target_tracking_scaling_policy_configuration.#": "1",
                            "target_tracking_scaling_policy_configuration.0.customized_metric_specification.#": "0",
                            "target_tracking_scaling_policy_configuration.0.disable_scale_in": "false",
                            "target_tracking_scaling_policy_configuration.0.predefined_metric_specification.#": "1",
                            "target_tracking_scaling_policy_configuration.0.predefined_metric_specification.0.predefined_metric_type": "DynamoDBReadCapacityUtilization",
                            "target_tracking_scaling_policy_configuration.0.predefined_metric_specification.0.resource_label": "",
                            "target_tracking_scaling_policy_configuration.0.scale_in_cooldown": "0",
                            "target_tracking_scaling_policy_configuration.0.scale_out_cooldown": "0",
                            "target_tracking_scaling_policy_configuration.0.target_value": "70"
                        },
                        "meta": {},
                        "tainted": false
                    },
                    "deposed": [],
                    "provider": "provider.aws"
                },
                "aws_appautoscaling_policy.dynamodb_write_policy": {
                    "type": "aws_appautoscaling_policy",
                    "depends_on": [
                        "aws_appautoscaling_target.dynamodb_write_target"
                    ],
                    "primary": {
                        "id": "DynamoDBWriteCapacityUtilization:table/uds-dev-app-data-json",
                        "attributes": {
                            "arn": "arn:aws:autoscaling:us-east-1:711638685743:scalingPolicy:6e01cbd1-c397-41bb-b2e3-58ae9d0ce33f:resource/dynamodb/table/uds-dev-app-data-json:policyName/DynamoDBWriteCapacityUtilization:table/uds-dev-app-data-json",
                            "id": "DynamoDBWriteCapacityUtilization:table/uds-dev-app-data-json",
                            "name": "DynamoDBWriteCapacityUtilization:table/uds-dev-app-data-json",
                            "policy_type": "TargetTrackingScaling",
                            "resource_id": "table/uds-dev-app-data-json",
                            "scalable_dimension": "dynamodb:table:WriteCapacityUnits",
                            "service_namespace": "dynamodb",
                            "step_scaling_policy_configuration.#": "0",
                            "target_tracking_scaling_policy_configuration.#": "1",
                            "target_tracking_scaling_policy_configuration.0.customized_metric_specification.#": "0",
                            "target_tracking_scaling_policy_configuration.0.disable_scale_in": "false",
                            "target_tracking_scaling_policy_configuration.0.predefined_metric_specification.#": "1",
                            "target_tracking_scaling_policy_configuration.0.predefined_metric_specification.0.predefined_metric_type": "DynamoDBWriteCapacityUtilization",
                            "target_tracking_scaling_policy_configuration.0.predefined_metric_specification.0.resource_label": "",
                            "target_tracking_scaling_policy_configuration.0.scale_in_cooldown": "0",
                            "target_tracking_scaling_policy_configuration.0.scale_out_cooldown": "0",
                            "target_tracking_scaling_policy_configuration.0.target_value": "70"
                        },
                        "meta": {},
                        "tainted": false
                    },
                    "deposed": [],
                    "provider": "provider.aws"
                },
                "aws_appautoscaling_target.dynamodb_read_target": {
                    "type": "aws_appautoscaling_target",
                    "depends_on": [],
                    "primary": {
                        "id": "table/uds-dev-app-data-json",
                        "attributes": {
                            "id": "table/uds-dev-app-data-json",
                            "max_capacity": "100",
                            "min_capacity": "1",
                            "resource_id": "table/uds-dev-app-data-json",
                            "role_arn": "arn:aws:iam::711638685743:role/aws-service-role/dynamodb.application-autoscaling.amazonaws.com/AWSServiceRoleForApplicationAutoScaling_DynamoDBTable",
                            "scalable_dimension": "dynamodb:table:ReadCapacityUnits",
                            "service_namespace": "dynamodb"
                        },
                        "meta": {},
                        "tainted": false
                    },
                    "deposed": [],
                    "provider": "provider.aws"
                },
                "aws_appautoscaling_target.dynamodb_write_target": {
                    "type": "aws_appautoscaling_target",
                    "depends_on": [],
                    "primary": {
                        "id": "table/uds-dev-app-data-json",
                        "attributes": {
                            "id": "table/uds-dev-app-data-json",
                            "max_capacity": "100",
                            "min_capacity": "1",
                            "resource_id": "table/uds-dev-app-data-json",
                            "role_arn": "arn:aws:iam::711638685743:role/aws-service-role/dynamodb.application-autoscaling.amazonaws.com/AWSServiceRoleForApplicationAutoScaling_DynamoDBTable",
                            "scalable_dimension": "dynamodb:table:WriteCapacityUnits",
                            "service_namespace": "dynamodb"
                        },
                        "meta": {},
                        "tainted": false
                    },
                    "deposed": [],
                    "provider": "provider.aws"
                }
            },
            "depends_on": []
        },
        {
            "path": [
                "root",
                "app_data_gsi_autoscaling"
            ],
            "outputs": {},
            "resources": {
                "aws_appautoscaling_policy.dynamodb_read_policy": {
                    "type": "aws_appautoscaling_policy",
                    "depends_on": [
                        "aws_appautoscaling_target.dynamodb_read_target"
                    ],
                    "primary": {
                        "id": "DynamoDBReadCapacityUtilization:table/uds-dev-app-data-json/index/uds-app-data-json-gsi",
                        "attributes": {
                            "arn": "arn:aws:autoscaling:us-east-1:711638685743:scalingPolicy:789e6a6e-bd7a-455b-a06c-10edd0fbb11d:resource/dynamodb/table/uds-dev-app-data-json/index/uds-app-data-json-gsi:policyName/DynamoDBReadCapacityUtilization:table/uds-dev-app-data-json/index/uds-app-data-json-gsi",
                            "id": "DynamoDBReadCapacityUtilization:table/uds-dev-app-data-json/index/uds-app-data-json-gsi",
                            "name": "DynamoDBReadCapacityUtilization:table/uds-dev-app-data-json/index/uds-app-data-json-gsi",
                            "policy_type": "TargetTrackingScaling",
                            "resource_id": "table/uds-dev-app-data-json/index/uds-app-data-json-gsi",
                            "scalable_dimension": "dynamodb:index:ReadCapacityUnits",
                            "service_namespace": "dynamodb",
                            "step_scaling_policy_configuration.#": "0",
                            "target_tracking_scaling_policy_configuration.#": "1",
                            "target_tracking_scaling_policy_configuration.0.customized_metric_specification.#": "0",
                            "target_tracking_scaling_policy_configuration.0.disable_scale_in": "false",
                            "target_tracking_scaling_policy_configuration.0.predefined_metric_specification.#": "1",
                            "target_tracking_scaling_policy_configuration.0.predefined_metric_specification.0.predefined_metric_type": "DynamoDBReadCapacityUtilization",
                            "target_tracking_scaling_policy_configuration.0.predefined_metric_specification.0.resource_label": "",
                            "target_tracking_scaling_policy_configuration.0.scale_in_cooldown": "0",
                            "target_tracking_scaling_policy_configuration.0.scale_out_cooldown": "0",
                            "target_tracking_scaling_policy_configuration.0.target_value": "70"
                        },
                        "meta": {},
                        "tainted": false
                    },
                    "deposed": [],
                    "provider": "provider.aws"
                },
                "aws_appautoscaling_policy.dynamodb_write_policy": {
                    "type": "aws_appautoscaling_policy",
                    "depends_on": [
                        "aws_appautoscaling_target.dynamodb_write_target"
                    ],
                    "primary": {
                        "id": "DynamoDBWriteCapacityUtilization:table/uds-dev-app-data-json/index/uds-app-data-json-gsi",
                        "attributes": {
                            "arn": "arn:aws:autoscaling:us-east-1:711638685743:scalingPolicy:43b21258-4d7d-45a6-9f7b-556b29c0a160:resource/dynamodb/table/uds-dev-app-data-json/index/uds-app-data-json-gsi:policyName/DynamoDBWriteCapacityUtilization:table/uds-dev-app-data-json/index/uds-app-data-json-gsi",
                            "id": "DynamoDBWriteCapacityUtilization:table/uds-dev-app-data-json/index/uds-app-data-json-gsi",
                            "name": "DynamoDBWriteCapacityUtilization:table/uds-dev-app-data-json/index/uds-app-data-json-gsi",
                            "policy_type": "TargetTrackingScaling",
                            "resource_id": "table/uds-dev-app-data-json/index/uds-app-data-json-gsi",
                            "scalable_dimension": "dynamodb:index:WriteCapacityUnits",
                            "service_namespace": "dynamodb",
                            "step_scaling_policy_configuration.#": "0",
                            "target_tracking_scaling_policy_configuration.#": "1",
                            "target_tracking_scaling_policy_configuration.0.customized_metric_specification.#": "0",
                            "target_tracking_scaling_policy_configuration.0.disable_scale_in": "false",
                            "target_tracking_scaling_policy_configuration.0.predefined_metric_specification.#": "1",
                            "target_tracking_scaling_policy_configuration.0.predefined_metric_specification.0.predefined_metric_type": "DynamoDBWriteCapacityUtilization",
                            "target_tracking_scaling_policy_configuration.0.predefined_metric_specification.0.resource_label": "",
                            "target_tracking_scaling_policy_configuration.0.scale_in_cooldown": "0",
                            "target_tracking_scaling_policy_configuration.0.scale_out_cooldown": "0",
                            "target_tracking_scaling_policy_configuration.0.target_value": "70"
                        },
                        "meta": {},
                        "tainted": false
                    },
                    "deposed": [],
                    "provider": "provider.aws"
                },
                "aws_appautoscaling_target.dynamodb_read_target": {
                    "type": "aws_appautoscaling_target",
                    "depends_on": [],
                    "primary": {
                        "id": "table/uds-dev-app-data-json/index/uds-app-data-json-gsi",
                        "attributes": {
                            "id": "table/uds-dev-app-data-json/index/uds-app-data-json-gsi",
                            "max_capacity": "100",
                            "min_capacity": "1",
                            "resource_id": "table/uds-dev-app-data-json/index/uds-app-data-json-gsi",
                            "role_arn": "arn:aws:iam::711638685743:role/aws-service-role/dynamodb.application-autoscaling.amazonaws.com/AWSServiceRoleForApplicationAutoScaling_DynamoDBTable",
                            "scalable_dimension": "dynamodb:index:ReadCapacityUnits",
                            "service_namespace": "dynamodb"
                        },
                        "meta": {},
                        "tainted": false
                    },
                    "deposed": [],
                    "provider": "provider.aws"
                },
                "aws_appautoscaling_target.dynamodb_write_target": {
                    "type": "aws_appautoscaling_target",
                    "depends_on": [],
                    "primary": {
                        "id": "table/uds-dev-app-data-json/index/uds-app-data-json-gsi",
                        "attributes": {
                            "id": "table/uds-dev-app-data-json/index/uds-app-data-json-gsi",
                            "max_capacity": "100",
                            "min_capacity": "1",
                            "resource_id": "table/uds-dev-app-data-json/index/uds-app-data-json-gsi",
                            "role_arn": "arn:aws:iam::711638685743:role/aws-service-role/dynamodb.application-autoscaling.amazonaws.com/AWSServiceRoleForApplicationAutoScaling_DynamoDBTable",
                            "scalable_dimension": "dynamodb:index:WriteCapacityUnits",
                            "service_namespace": "dynamodb"
                        },
                        "meta": {},
                        "tainted": false
                    },
                    "deposed": [],
                    "provider": "provider.aws"
                }
            },
            "depends_on": []
        },
        {
            "path": [
                "root",
                "apps_autoscaling"
            ],
            "outputs": {},
            "resources": {
                "aws_appautoscaling_policy.dynamodb_read_policy": {
                    "type": "aws_appautoscaling_policy",
                    "depends_on": [
                        "aws_appautoscaling_target.dynamodb_read_target"
                    ],
                    "primary": {
                        "id": "DynamoDBReadCapacityUtilization:table/uds-dev-apps",
                        "attributes": {
                            "arn": "arn:aws:autoscaling:us-east-1:711638685743:scalingPolicy:79417f6c-33cd-4446-a6fb-5b91e0728a05:resource/dynamodb/table/uds-dev-apps:policyName/DynamoDBReadCapacityUtilization:table/uds-dev-apps",
                            "id": "DynamoDBReadCapacityUtilization:table/uds-dev-apps",
                            "name": "DynamoDBReadCapacityUtilization:table/uds-dev-apps",
                            "policy_type": "TargetTrackingScaling",
                            "resource_id": "table/uds-dev-apps",
                            "scalable_dimension": "dynamodb:table:ReadCapacityUnits",
                            "service_namespace": "dynamodb",
                            "step_scaling_policy_configuration.#": "0",
                            "target_tracking_scaling_policy_configuration.#": "1",
                            "target_tracking_scaling_policy_configuration.0.customized_metric_specification.#": "0",
                            "target_tracking_scaling_policy_configuration.0.disable_scale_in": "false",
                            "target_tracking_scaling_policy_configuration.0.predefined_metric_specification.#": "1",
                            "target_tracking_scaling_policy_configuration.0.predefined_metric_specification.0.predefined_metric_type": "DynamoDBReadCapacityUtilization",
                            "target_tracking_scaling_policy_configuration.0.predefined_metric_specification.0.resource_label": "",
                            "target_tracking_scaling_policy_configuration.0.scale_in_cooldown": "0",
                            "target_tracking_scaling_policy_configuration.0.scale_out_cooldown": "0",
                            "target_tracking_scaling_policy_configuration.0.target_value": "70"
                        },
                        "meta": {},
                        "tainted": false
                    },
                    "deposed": [],
                    "provider": "provider.aws"
                },
                "aws_appautoscaling_policy.dynamodb_write_policy": {
                    "type": "aws_appautoscaling_policy",
                    "depends_on": [
                        "aws_appautoscaling_target.dynamodb_write_target"
                    ],
                    "primary": {
                        "id": "DynamoDBWriteCapacityUtilization:table/uds-dev-apps",
                        "attributes": {
                            "arn": "arn:aws:autoscaling:us-east-1:711638685743:scalingPolicy:f7bda3d9-7d80-44f3-b64c-ec4daad22772:resource/dynamodb/table/uds-dev-apps:policyName/DynamoDBWriteCapacityUtilization:table/uds-dev-apps",
                            "id": "DynamoDBWriteCapacityUtilization:table/uds-dev-apps",
                            "name": "DynamoDBWriteCapacityUtilization:table/uds-dev-apps",
                            "policy_type": "TargetTrackingScaling",
                            "resource_id": "table/uds-dev-apps",
                            "scalable_dimension": "dynamodb:table:WriteCapacityUnits",
                            "service_namespace": "dynamodb",
                            "step_scaling_policy_configuration.#": "0",
                            "target_tracking_scaling_policy_configuration.#": "1",
                            "target_tracking_scaling_policy_configuration.0.customized_metric_specification.#": "0",
                            "target_tracking_scaling_policy_configuration.0.disable_scale_in": "false",
                            "target_tracking_scaling_policy_configuration.0.predefined_metric_specification.#": "1",
                            "target_tracking_scaling_policy_configuration.0.predefined_metric_specification.0.predefined_metric_type": "DynamoDBWriteCapacityUtilization",
                            "target_tracking_scaling_policy_configuration.0.predefined_metric_specification.0.resource_label": "",
                            "target_tracking_scaling_policy_configuration.0.scale_in_cooldown": "0",
                            "target_tracking_scaling_policy_configuration.0.scale_out_cooldown": "0",
                            "target_tracking_scaling_policy_configuration.0.target_value": "70"
                        },
                        "meta": {},
                        "tainted": false
                    },
                    "deposed": [],
                    "provider": "provider.aws"
                },
                "aws_appautoscaling_target.dynamodb_read_target": {
                    "type": "aws_appautoscaling_target",
                    "depends_on": [],
                    "primary": {
                        "id": "table/uds-dev-apps",
                        "attributes": {
                            "id": "table/uds-dev-apps",
                            "max_capacity": "100",
                            "min_capacity": "1",
                            "resource_id": "table/uds-dev-apps",
                            "role_arn": "arn:aws:iam::711638685743:role/aws-service-role/dynamodb.application-autoscaling.amazonaws.com/AWSServiceRoleForApplicationAutoScaling_DynamoDBTable",
                            "scalable_dimension": "dynamodb:table:ReadCapacityUnits",
                            "service_namespace": "dynamodb"
                        },
                        "meta": {},
                        "tainted": false
                    },
                    "deposed": [],
                    "provider": "provider.aws"
                },
                "aws_appautoscaling_target.dynamodb_write_target": {
                    "type": "aws_appautoscaling_target",
                    "depends_on": [],
                    "primary": {
                        "id": "table/uds-dev-apps",
                        "attributes": {
                            "id": "table/uds-dev-apps",
                            "max_capacity": "100",
                            "min_capacity": "1",
                            "resource_id": "table/uds-dev-apps",
                            "role_arn": "arn:aws:iam::711638685743:role/aws-service-role/dynamodb.application-autoscaling.amazonaws.com/AWSServiceRoleForApplicationAutoScaling_DynamoDBTable",
                            "scalable_dimension": "dynamodb:table:WriteCapacityUnits",
                            "service_namespace": "dynamodb"
                        },
                        "meta": {},
                        "tainted": false
                    },
                    "deposed": [],
                    "provider": "provider.aws"
                }
            },
            "depends_on": []
        },
        {
            "path": [
                "root",
                "authz_autoscaling"
            ],
            "outputs": {},
            "resources": {
                "aws_appautoscaling_policy.dynamodb_read_policy": {
                    "type": "aws_appautoscaling_policy",
                    "depends_on": [
                        "aws_appautoscaling_target.dynamodb_read_target"
                    ],
                    "primary": {
                        "id": "DynamoDBReadCapacityUtilization:table/uds-dev-authz",
                        "attributes": {
                            "arn": "arn:aws:autoscaling:us-east-1:711638685743:scalingPolicy:c9552cce-b954-49e1-8239-4667b75c1919:resource/dynamodb/table/uds-dev-authz:policyName/DynamoDBReadCapacityUtilization:table/uds-dev-authz",
                            "id": "DynamoDBReadCapacityUtilization:table/uds-dev-authz",
                            "name": "DynamoDBReadCapacityUtilization:table/uds-dev-authz",
                            "policy_type": "TargetTrackingScaling",
                            "resource_id": "table/uds-dev-authz",
                            "scalable_dimension": "dynamodb:table:ReadCapacityUnits",
                            "service_namespace": "dynamodb",
                            "step_scaling_policy_configuration.#": "0",
                            "target_tracking_scaling_policy_configuration.#": "1",
                            "target_tracking_scaling_policy_configuration.0.customized_metric_specification.#": "0",
                            "target_tracking_scaling_policy_configuration.0.disable_scale_in": "false",
                            "target_tracking_scaling_policy_configuration.0.predefined_metric_specification.#": "1",
                            "target_tracking_scaling_policy_configuration.0.predefined_metric_specification.0.predefined_metric_type": "DynamoDBReadCapacityUtilization",
                            "target_tracking_scaling_policy_configuration.0.predefined_metric_specification.0.resource_label": "",
                            "target_tracking_scaling_policy_configuration.0.scale_in_cooldown": "0",
                            "target_tracking_scaling_policy_configuration.0.scale_out_cooldown": "0",
                            "target_tracking_scaling_policy_configuration.0.target_value": "70"
                        },
                        "meta": {},
                        "tainted": false
                    },
                    "deposed": [],
                    "provider": "provider.aws"
                },
                "aws_appautoscaling_policy.dynamodb_write_policy": {
                    "type": "aws_appautoscaling_policy",
                    "depends_on": [
                        "aws_appautoscaling_target.dynamodb_write_target"
                    ],
                    "primary": {
                        "id": "DynamoDBWriteCapacityUtilization:table/uds-dev-authz",
                        "attributes": {
                            "arn": "arn:aws:autoscaling:us-east-1:711638685743:scalingPolicy:0377debf-5502-4936-b17d-c9ca84a292bb:resource/dynamodb/table/uds-dev-authz:policyName/DynamoDBWriteCapacityUtilization:table/uds-dev-authz",
                            "id": "DynamoDBWriteCapacityUtilization:table/uds-dev-authz",
                            "name": "DynamoDBWriteCapacityUtilization:table/uds-dev-authz",
                            "policy_type": "TargetTrackingScaling",
                            "resource_id": "table/uds-dev-authz",
                            "scalable_dimension": "dynamodb:table:WriteCapacityUnits",
                            "service_namespace": "dynamodb",
                            "step_scaling_policy_configuration.#": "0",
                            "target_tracking_scaling_policy_configuration.#": "1",
                            "target_tracking_scaling_policy_configuration.0.customized_metric_specification.#": "0",
                            "target_tracking_scaling_policy_configuration.0.disable_scale_in": "false",
                            "target_tracking_scaling_policy_configuration.0.predefined_metric_specification.#": "1",
                            "target_tracking_scaling_policy_configuration.0.predefined_metric_specification.0.predefined_metric_type": "DynamoDBWriteCapacityUtilization",
                            "target_tracking_scaling_policy_configuration.0.predefined_metric_specification.0.resource_label": "",
                            "target_tracking_scaling_policy_configuration.0.scale_in_cooldown": "0",
                            "target_tracking_scaling_policy_configuration.0.scale_out_cooldown": "0",
                            "target_tracking_scaling_policy_configuration.0.target_value": "70"
                        },
                        "meta": {},
                        "tainted": false
                    },
                    "deposed": [],
                    "provider": "provider.aws"
                },
                "aws_appautoscaling_target.dynamodb_read_target": {
                    "type": "aws_appautoscaling_target",
                    "depends_on": [],
                    "primary": {
                        "id": "table/uds-dev-authz",
                        "attributes": {
                            "id": "table/uds-dev-authz",
                            "max_capacity": "100",
                            "min_capacity": "1",
                            "resource_id": "table/uds-dev-authz",
                            "role_arn": "arn:aws:iam::711638685743:role/aws-service-role/dynamodb.application-autoscaling.amazonaws.com/AWSServiceRoleForApplicationAutoScaling_DynamoDBTable",
                            "scalable_dimension": "dynamodb:table:ReadCapacityUnits",
                            "service_namespace": "dynamodb"
                        },
                        "meta": {},
                        "tainted": false
                    },
                    "deposed": [],
                    "provider": "provider.aws"
                },
                "aws_appautoscaling_target.dynamodb_write_target": {
                    "type": "aws_appautoscaling_target",
                    "depends_on": [],
                    "primary": {
                        "id": "table/uds-dev-authz",
                        "attributes": {
                            "id": "table/uds-dev-authz",
                            "max_capacity": "100",
                            "min_capacity": "1",
                            "resource_id": "table/uds-dev-authz",
                            "role_arn": "arn:aws:iam::711638685743:role/aws-service-role/dynamodb.application-autoscaling.amazonaws.com/AWSServiceRoleForApplicationAutoScaling_DynamoDBTable",
                            "scalable_dimension": "dynamodb:table:WriteCapacityUnits",
                            "service_namespace": "dynamodb"
                        },
                        "meta": {},
                        "tainted": false
                    },
                    "deposed": [],
                    "provider": "provider.aws"
                }
            },
            "depends_on": []
        },
        {
            "path": [
                "root",
                "cb_autoscaling"
            ],
            "outputs": {},
            "resources": {
                "aws_appautoscaling_policy.dynamodb_read_policy": {
                    "type": "aws_appautoscaling_policy",
                    "depends_on": [
                        "aws_appautoscaling_target.dynamodb_read_target"
                    ],
                    "primary": {
                        "id": "DynamoDBReadCapacityUtilization:table/uds-dev-calculated-behavior",
                        "attributes": {
                            "arn": "arn:aws:autoscaling:us-east-1:711638685743:scalingPolicy:cf12d410-4db9-4815-b8ae-dea3ca5456b5:resource/dynamodb/table/uds-dev-calculated-behavior:policyName/DynamoDBReadCapacityUtilization:table/uds-dev-calculated-behavior",
                            "id": "DynamoDBReadCapacityUtilization:table/uds-dev-calculated-behavior",
                            "name": "DynamoDBReadCapacityUtilization:table/uds-dev-calculated-behavior",
                            "policy_type": "TargetTrackingScaling",
                            "resource_id": "table/uds-dev-calculated-behavior",
                            "scalable_dimension": "dynamodb:table:ReadCapacityUnits",
                            "service_namespace": "dynamodb",
                            "step_scaling_policy_configuration.#": "0",
                            "target_tracking_scaling_policy_configuration.#": "1",
                            "target_tracking_scaling_policy_configuration.0.customized_metric_specification.#": "0",
                            "target_tracking_scaling_policy_configuration.0.disable_scale_in": "false",
                            "target_tracking_scaling_policy_configuration.0.predefined_metric_specification.#": "1",
                            "target_tracking_scaling_policy_configuration.0.predefined_metric_specification.0.predefined_metric_type": "DynamoDBReadCapacityUtilization",
                            "target_tracking_scaling_policy_configuration.0.predefined_metric_specification.0.resource_label": "",
                            "target_tracking_scaling_policy_configuration.0.scale_in_cooldown": "0",
                            "target_tracking_scaling_policy_configuration.0.scale_out_cooldown": "0",
                            "target_tracking_scaling_policy_configuration.0.target_value": "70"
                        },
                        "meta": {},
                        "tainted": false
                    },
                    "deposed": [],
                    "provider": "provider.aws"
                },
                "aws_appautoscaling_policy.dynamodb_write_policy": {
                    "type": "aws_appautoscaling_policy",
                    "depends_on": [
                        "aws_appautoscaling_target.dynamodb_write_target"
                    ],
                    "primary": {
                        "id": "DynamoDBWriteCapacityUtilization:table/uds-dev-calculated-behavior",
                        "attributes": {
                            "arn": "arn:aws:autoscaling:us-east-1:711638685743:scalingPolicy:552f8cb1-3916-45ff-b55b-147797a67b1b:resource/dynamodb/table/uds-dev-calculated-behavior:policyName/DynamoDBWriteCapacityUtilization:table/uds-dev-calculated-behavior",
                            "id": "DynamoDBWriteCapacityUtilization:table/uds-dev-calculated-behavior",
                            "name": "DynamoDBWriteCapacityUtilization:table/uds-dev-calculated-behavior",
                            "policy_type": "TargetTrackingScaling",
                            "resource_id": "table/uds-dev-calculated-behavior",
                            "scalable_dimension": "dynamodb:table:WriteCapacityUnits",
                            "service_namespace": "dynamodb",
                            "step_scaling_policy_configuration.#": "0",
                            "target_tracking_scaling_policy_configuration.#": "1",
                            "target_tracking_scaling_policy_configuration.0.customized_metric_specification.#": "0",
                            "target_tracking_scaling_policy_configuration.0.disable_scale_in": "false",
                            "target_tracking_scaling_policy_configuration.0.predefined_metric_specification.#": "1",
                            "target_tracking_scaling_policy_configuration.0.predefined_metric_specification.0.predefined_metric_type": "DynamoDBWriteCapacityUtilization",
                            "target_tracking_scaling_policy_configuration.0.predefined_metric_specification.0.resource_label": "",
                            "target_tracking_scaling_policy_configuration.0.scale_in_cooldown": "0",
                            "target_tracking_scaling_policy_configuration.0.scale_out_cooldown": "0",
                            "target_tracking_scaling_policy_configuration.0.target_value": "70"
                        },
                        "meta": {},
                        "tainted": false
                    },
                    "deposed": [],
                    "provider": "provider.aws"
                },
                "aws_appautoscaling_target.dynamodb_read_target": {
                    "type": "aws_appautoscaling_target",
                    "depends_on": [],
                    "primary": {
                        "id": "table/uds-dev-calculated-behavior",
                        "attributes": {
                            "id": "table/uds-dev-calculated-behavior",
                            "max_capacity": "100",
                            "min_capacity": "1",
                            "resource_id": "table/uds-dev-calculated-behavior",
                            "role_arn": "arn:aws:iam::711638685743:role/aws-service-role/dynamodb.application-autoscaling.amazonaws.com/AWSServiceRoleForApplicationAutoScaling_DynamoDBTable",
                            "scalable_dimension": "dynamodb:table:ReadCapacityUnits",
                            "service_namespace": "dynamodb"
                        },
                        "meta": {},
                        "tainted": false
                    },
                    "deposed": [],
                    "provider": "provider.aws"
                },
                "aws_appautoscaling_target.dynamodb_write_target": {
                    "type": "aws_appautoscaling_target",
                    "depends_on": [],
                    "primary": {
                        "id": "table/uds-dev-calculated-behavior",
                        "attributes": {
                            "id": "table/uds-dev-calculated-behavior",
                            "max_capacity": "100",
                            "min_capacity": "1",
                            "resource_id": "table/uds-dev-calculated-behavior",
                            "role_arn": "arn:aws:iam::711638685743:role/aws-service-role/dynamodb.application-autoscaling.amazonaws.com/AWSServiceRoleForApplicationAutoScaling_DynamoDBTable",
                            "scalable_dimension": "dynamodb:table:WriteCapacityUnits",
                            "service_namespace": "dynamodb"
                        },
                        "meta": {},
                        "tainted": false
                    },
                    "deposed": [],
                    "provider": "provider.aws"
                }
            },
            "depends_on": []
        },
        {
            "path": [
                "root",
                "share_autoscaling"
            ],
            "outputs": {},
            "resources": {
                "aws_appautoscaling_policy.dynamodb_read_policy": {
                    "type": "aws_appautoscaling_policy",
                    "depends_on": [
                        "aws_appautoscaling_target.dynamodb_read_target"
                    ],
                    "primary": {
                        "id": "DynamoDBReadCapacityUtilization:table/uds-dev-share",
                        "attributes": {
                            "arn": "arn:aws:autoscaling:us-east-1:711638685743:scalingPolicy:1e6773d7-463e-4b18-b704-0fd02ea3885b:resource/dynamodb/table/uds-dev-share:policyName/DynamoDBReadCapacityUtilization:table/uds-dev-share",
                            "id": "DynamoDBReadCapacityUtilization:table/uds-dev-share",
                            "name": "DynamoDBReadCapacityUtilization:table/uds-dev-share",
                            "policy_type": "TargetTrackingScaling",
                            "resource_id": "table/uds-dev-share",
                            "scalable_dimension": "dynamodb:table:ReadCapacityUnits",
                            "service_namespace": "dynamodb",
                            "step_scaling_policy_configuration.#": "0",
                            "target_tracking_scaling_policy_configuration.#": "1",
                            "target_tracking_scaling_policy_configuration.0.customized_metric_specification.#": "0",
                            "target_tracking_scaling_policy_configuration.0.disable_scale_in": "false",
                            "target_tracking_scaling_policy_configuration.0.predefined_metric_specification.#": "1",
                            "target_tracking_scaling_policy_configuration.0.predefined_metric_specification.0.predefined_metric_type": "DynamoDBReadCapacityUtilization",
                            "target_tracking_scaling_policy_configuration.0.predefined_metric_specification.0.resource_label": "",
                            "target_tracking_scaling_policy_configuration.0.scale_in_cooldown": "0",
                            "target_tracking_scaling_policy_configuration.0.scale_out_cooldown": "0",
                            "target_tracking_scaling_policy_configuration.0.target_value": "70"
                        },
                        "meta": {},
                        "tainted": false
                    },
                    "deposed": [],
                    "provider": "provider.aws"
                },
                "aws_appautoscaling_policy.dynamodb_write_policy": {
                    "type": "aws_appautoscaling_policy",
                    "depends_on": [
                        "aws_appautoscaling_target.dynamodb_write_target"
                    ],
                    "primary": {
                        "id": "DynamoDBWriteCapacityUtilization:table/uds-dev-share",
                        "attributes": {
                            "arn": "arn:aws:autoscaling:us-east-1:711638685743:scalingPolicy:703b6aea-dc87-4b00-abab-e35eb309c23f:resource/dynamodb/table/uds-dev-share:policyName/DynamoDBWriteCapacityUtilization:table/uds-dev-share",
                            "id": "DynamoDBWriteCapacityUtilization:table/uds-dev-share",
                            "name": "DynamoDBWriteCapacityUtilization:table/uds-dev-share",
                            "policy_type": "TargetTrackingScaling",
                            "resource_id": "table/uds-dev-share",
                            "scalable_dimension": "dynamodb:table:WriteCapacityUnits",
                            "service_namespace": "dynamodb",
                            "step_scaling_policy_configuration.#": "0",
                            "target_tracking_scaling_policy_configuration.#": "1",
                            "target_tracking_scaling_policy_configuration.0.customized_metric_specification.#": "0",
                            "target_tracking_scaling_policy_configuration.0.disable_scale_in": "false",
                            "target_tracking_scaling_policy_configuration.0.predefined_metric_specification.#": "1",
                            "target_tracking_scaling_policy_configuration.0.predefined_metric_specification.0.predefined_metric_type": "DynamoDBWriteCapacityUtilization",
                            "target_tracking_scaling_policy_configuration.0.predefined_metric_specification.0.resource_label": "",
                            "target_tracking_scaling_policy_configuration.0.scale_in_cooldown": "0",
                            "target_tracking_scaling_policy_configuration.0.scale_out_cooldown": "0",
                            "target_tracking_scaling_policy_configuration.0.target_value": "70"
                        },
                        "meta": {},
                        "tainted": false
                    },
                    "deposed": [],
                    "provider": "provider.aws"
                },
                "aws_appautoscaling_target.dynamodb_read_target": {
                    "type": "aws_appautoscaling_target",
                    "depends_on": [],
                    "primary": {
                        "id": "table/uds-dev-share",
                        "attributes": {
                            "id": "table/uds-dev-share",
                            "max_capacity": "100",
                            "min_capacity": "1",
                            "resource_id": "table/uds-dev-share",
                            "role_arn": "arn:aws:iam::711638685743:role/aws-service-role/dynamodb.application-autoscaling.amazonaws.com/AWSServiceRoleForApplicationAutoScaling_DynamoDBTable",
                            "scalable_dimension": "dynamodb:table:ReadCapacityUnits",
                            "service_namespace": "dynamodb"
                        },
                        "meta": {},
                        "tainted": false
                    },
                    "deposed": [],
                    "provider": "provider.aws"
                },
                "aws_appautoscaling_target.dynamodb_write_target": {
                    "type": "aws_appautoscaling_target",
                    "depends_on": [],
                    "primary": {
                        "id": "table/uds-dev-share",
                        "attributes": {
                            "id": "table/uds-dev-share",
                            "max_capacity": "100",
                            "min_capacity": "1",
                            "resource_id": "table/uds-dev-share",
                            "role_arn": "arn:aws:iam::711638685743:role/aws-service-role/dynamodb.application-autoscaling.amazonaws.com/AWSServiceRoleForApplicationAutoScaling_DynamoDBTable",
                            "scalable_dimension": "dynamodb:table:WriteCapacityUnits",
                            "service_namespace": "dynamodb"
                        },
                        "meta": {},
                        "tainted": false
                    },
                    "deposed": [],
                    "provider": "provider.aws"
                }
            },
            "depends_on": []
        },
        {
            "path": [
                "root",
                "share_by_user_gsi_autoscaling"
            ],
            "outputs": {},
            "resources": {
                "aws_appautoscaling_policy.dynamodb_read_policy": {
                    "type": "aws_appautoscaling_policy",
                    "depends_on": [
                        "aws_appautoscaling_target.dynamodb_read_target"
                    ],
                    "primary": {
                        "id": "DynamoDBReadCapacityUtilization:table/uds-dev-share/index/uds-share-by-user-gsi",
                        "attributes": {
                            "arn": "arn:aws:autoscaling:us-east-1:711638685743:scalingPolicy:39d58caa-bff7-43b7-bc35-527156bcfa84:resource/dynamodb/table/uds-dev-share/index/uds-share-by-user-gsi:policyName/DynamoDBReadCapacityUtilization:table/uds-dev-share/index/uds-share-by-user-gsi",
                            "id": "DynamoDBReadCapacityUtilization:table/uds-dev-share/index/uds-share-by-user-gsi",
                            "name": "DynamoDBReadCapacityUtilization:table/uds-dev-share/index/uds-share-by-user-gsi",
                            "policy_type": "TargetTrackingScaling",
                            "resource_id": "table/uds-dev-share/index/uds-share-by-user-gsi",
                            "scalable_dimension": "dynamodb:index:ReadCapacityUnits",
                            "service_namespace": "dynamodb",
                            "step_scaling_policy_configuration.#": "0",
                            "target_tracking_scaling_policy_configuration.#": "1",
                            "target_tracking_scaling_policy_configuration.0.customized_metric_specification.#": "0",
                            "target_tracking_scaling_policy_configuration.0.disable_scale_in": "false",
                            "target_tracking_scaling_policy_configuration.0.predefined_metric_specification.#": "1",
                            "target_tracking_scaling_policy_configuration.0.predefined_metric_specification.0.predefined_metric_type": "DynamoDBReadCapacityUtilization",
                            "target_tracking_scaling_policy_configuration.0.predefined_metric_specification.0.resource_label": "",
                            "target_tracking_scaling_policy_configuration.0.scale_in_cooldown": "0",
                            "target_tracking_scaling_policy_configuration.0.scale_out_cooldown": "0",
                            "target_tracking_scaling_policy_configuration.0.target_value": "70"
                        },
                        "meta": {},
                        "tainted": false
                    },
                    "deposed": [],
                    "provider": "provider.aws"
                },
                "aws_appautoscaling_policy.dynamodb_write_policy": {
                    "type": "aws_appautoscaling_policy",
                    "depends_on": [
                        "aws_appautoscaling_target.dynamodb_write_target"
                    ],
                    "primary": {
                        "id": "DynamoDBWriteCapacityUtilization:table/uds-dev-share/index/uds-share-by-user-gsi",
                        "attributes": {
                            "arn": "arn:aws:autoscaling:us-east-1:711638685743:scalingPolicy:bb3d4943-3434-4be2-8c36-9da94055e8cc:resource/dynamodb/table/uds-dev-share/index/uds-share-by-user-gsi:policyName/DynamoDBWriteCapacityUtilization:table/uds-dev-share/index/uds-share-by-user-gsi",
                            "id": "DynamoDBWriteCapacityUtilization:table/uds-dev-share/index/uds-share-by-user-gsi",
                            "name": "DynamoDBWriteCapacityUtilization:table/uds-dev-share/index/uds-share-by-user-gsi",
                            "policy_type": "TargetTrackingScaling",
                            "resource_id": "table/uds-dev-share/index/uds-share-by-user-gsi",
                            "scalable_dimension": "dynamodb:index:WriteCapacityUnits",
                            "service_namespace": "dynamodb",
                            "step_scaling_policy_configuration.#": "0",
                            "target_tracking_scaling_policy_configuration.#": "1",
                            "target_tracking_scaling_policy_configuration.0.customized_metric_specification.#": "0",
                            "target_tracking_scaling_policy_configuration.0.disable_scale_in": "false",
                            "target_tracking_scaling_policy_configuration.0.predefined_metric_specification.#": "1",
                            "target_tracking_scaling_policy_configuration.0.predefined_metric_specification.0.predefined_metric_type": "DynamoDBWriteCapacityUtilization",
                            "target_tracking_scaling_policy_configuration.0.predefined_metric_specification.0.resource_label": "",
                            "target_tracking_scaling_policy_configuration.0.scale_in_cooldown": "0",
                            "target_tracking_scaling_policy_configuration.0.scale_out_cooldown": "0",
                            "target_tracking_scaling_policy_configuration.0.target_value": "70"
                        },
                        "meta": {},
                        "tainted": false
                    },
                    "deposed": [],
                    "provider": "provider.aws"
                },
                "aws_appautoscaling_target.dynamodb_read_target": {
                    "type": "aws_appautoscaling_target",
                    "depends_on": [],
                    "primary": {
                        "id": "table/uds-dev-share/index/uds-share-by-user-gsi",
                        "attributes": {
                            "id": "table/uds-dev-share/index/uds-share-by-user-gsi",
                            "max_capacity": "100",
                            "min_capacity": "1",
                            "resource_id": "table/uds-dev-share/index/uds-share-by-user-gsi",
                            "role_arn": "arn:aws:iam::711638685743:role/aws-service-role/dynamodb.application-autoscaling.amazonaws.com/AWSServiceRoleForApplicationAutoScaling_DynamoDBTable",
                            "scalable_dimension": "dynamodb:index:ReadCapacityUnits",
                            "service_namespace": "dynamodb"
                        },
                        "meta": {},
                        "tainted": false
                    },
                    "deposed": [],
                    "provider": "provider.aws"
                },
                "aws_appautoscaling_target.dynamodb_write_target": {
                    "type": "aws_appautoscaling_target",
                    "depends_on": [],
                    "primary": {
                        "id": "table/uds-dev-share/index/uds-share-by-user-gsi",
                        "attributes": {
                            "id": "table/uds-dev-share/index/uds-share-by-user-gsi",
                            "max_capacity": "100",
                            "min_capacity": "1",
                            "resource_id": "table/uds-dev-share/index/uds-share-by-user-gsi",
                            "role_arn": "arn:aws:iam::711638685743:role/aws-service-role/dynamodb.application-autoscaling.amazonaws.com/AWSServiceRoleForApplicationAutoScaling_DynamoDBTable",
                            "scalable_dimension": "dynamodb:index:WriteCapacityUnits",
                            "service_namespace": "dynamodb"
                        },
                        "meta": {},
                        "tainted": false
                    },
                    "deposed": [],
                    "provider": "provider.aws"
                }
            },
            "depends_on": []
        }
    ]
}
