{
    "version": 3,
    "terraform_version": "0.8.4",
    "serial": 2,
    "lineage": "33142960-503b-4bac-b59e-71bd11d09ca0",
    "modules": [
        {
            "path": [
                "root"
            ],
            "outputs": {},
            "resources": {
                "aws_route53_record.easycbm-wildcard": {
                    "type": "aws_route53_record",
                    "depends_on": [],
                    "primary": {
                        "id": "Z1EHTM4U1ZZVN5_*.easycbm_CNAME",
                        "attributes": {
                            "fqdn": "*.easycbm.dev.br.hmheng.io",
                            "health_check_id": "",
                            "id": "Z1EHTM4U1ZZVN5_*.easycbm_CNAME",
                            "name": "*.easycbm",
                            "records.#": "1",
                            "records.3356878064": "easycbm.dev.br.hmheng.io",
                            "set_identifier": "",
                            "ttl": "300",
                            "type": "CNAME",
                            "zone_id": "Z1EHTM4U1ZZVN5"
                        },
                        "meta": {
                            "schema_version": "2"
                        },
                        "tainted": false
                    },
                    "deposed": [],
                    "provider": ""
                }
            },
            "depends_on": []
        }
    ]
}
