{
    "version": 3,
    "terraform_version": "0.11.7",
    "serial": 3,
    "lineage": "9a5a061b-bec0-b149-5f14-bdd544b1b598",
    "modules": [
        {
            "path": [
                "root"
            ],
            "outputs": {},
            "resources": {},
            "depends_on": []
        },
        {
            "path": [
                "root",
                "cert-ch"
            ],
            "outputs": {},
            "resources": {
                "aws_dynamodb_table.ch-calculated-behavior-table": {
                    "type": "aws_dynamodb_table",
                    "depends_on": [],
                    "primary": {
                        "id": "ch-cert-calculated-behavior",
                        "attributes": {
                            "arn": "arn:aws:dynamodb:us-east-1:711638685743:table/ch-cert-calculated-behavior",
                            "attribute.#": "2",
                            "attribute.1208308651.name": "classId",
                            "attribute.1208308651.type": "S",
                            "attribute.945633311.name": "key",
                            "attribute.945633311.type": "S",
                            "global_secondary_index.#": "0",
                            "hash_key": "classId",
                            "id": "ch-cert-calculated-behavior",
                            "local_secondary_index.#": "0",
                            "name": "ch-cert-calculated-behavior",
                            "point_in_time_recovery.#": "1",
                            "point_in_time_recovery.0.enabled": "false",
                            "range_key": "key",
                            "read_capacity": "10",
                            "server_side_encryption.#": "0",
                            "stream_arn": "",
                            "stream_enabled": "false",
                            "stream_label": "",
                            "stream_view_type": "",
                            "tags.%": "3",
                            "tags.Name": "hmheng-ch-ch-calculated-behavior-DDB-table",
                            "tags.cost": "hmheng-ch",
                            "tags.responsible-party": "slack:classhopper",
                            "ttl.#": "0",
                            "write_capacity": "10"
                        },
                        "meta": {
                            "e2bfb730-ecaa-11e6-8f88-34363bc7c4c0": {
                                "create": 600000000000,
                                "delete": 600000000000,
                                "update": 600000000000
                            },
                            "schema_version": "1"
                        },
                        "tainted": false
                    },
                    "deposed": [],
                    "provider": "provider.aws"
                },
                "aws_dynamodb_table.ch-class-content-table": {
                    "type": "aws_dynamodb_table",
                    "depends_on": [],
                    "primary": {
                        "id": "ch-cert-class-content",
                        "attributes": {
                            "arn": "arn:aws:dynamodb:us-east-1:711638685743:table/ch-cert-class-content",
                            "attribute.#": "2",
                            "attribute.1208308651.name": "classId",
                            "attribute.1208308651.type": "S",
                            "attribute.945633311.name": "key",
                            "attribute.945633311.type": "S",
                            "global_secondary_index.#": "0",
                            "hash_key": "classId",
                            "id": "ch-cert-class-content",
                            "local_secondary_index.#": "0",
                            "name": "ch-cert-class-content",
                            "point_in_time_recovery.#": "1",
                            "point_in_time_recovery.0.enabled": "false",
                            "range_key": "key",
                            "read_capacity": "5",
                            "server_side_encryption.#": "0",
                            "stream_arn": "",
                            "stream_enabled": "false",
                            "stream_label": "",
                            "stream_view_type": "",
                            "tags.%": "3",
                            "tags.Name": "hmheng-ch-ch-class-content-DDB-table",
                            "tags.cost": "hmheng-ch",
                            "tags.responsible-party": "slack:classhopper",
                            "ttl.#": "0",
                            "write_capacity": "5"
                        },
                        "meta": {
                            "e2bfb730-ecaa-11e6-8f88-34363bc7c4c0": {
                                "create": 600000000000,
                                "delete": 600000000000,
                                "update": 600000000000
                            },
                            "schema_version": "1"
                        },
                        "tainted": false
                    },
                    "deposed": [],
                    "provider": "provider.aws"
                },
                "aws_dynamodb_table.ch-class-object-table": {
                    "type": "aws_dynamodb_table",
                    "depends_on": [],
                    "primary": {
                        "id": "ch-cert-class-object",
                        "attributes": {
                            "arn": "arn:aws:dynamodb:us-east-1:711638685743:table/ch-cert-class-object",
                            "attribute.#": "1",
                            "attribute.1208308651.name": "classId",
                            "attribute.1208308651.type": "S",
                            "global_secondary_index.#": "0",
                            "hash_key": "classId",
                            "id": "ch-cert-class-object",
                            "local_secondary_index.#": "0",
                            "name": "ch-cert-class-object",
                            "point_in_time_recovery.#": "1",
                            "point_in_time_recovery.0.enabled": "false",
                            "read_capacity": "5",
                            "server_side_encryption.#": "0",
                            "stream_arn": "",
                            "stream_enabled": "false",
                            "stream_label": "",
                            "stream_view_type": "",
                            "tags.%": "3",
                            "tags.Name": "hmheng-ch-ch-class-object-DDB-table",
                            "tags.cost": "hmheng-ch",
                            "tags.responsible-party": "slack:classhopper",
                            "ttl.#": "0",
                            "write_capacity": "5"
                        },
                        "meta": {
                            "e2bfb730-ecaa-11e6-8f88-34363bc7c4c0": {
                                "create": 600000000000,
                                "delete": 600000000000,
                                "update": 600000000000
                            },
                            "schema_version": "1"
                        },
                        "tainted": false
                    },
                    "deposed": [],
                    "provider": "provider.aws"
                },
                "aws_iam_role.dynamodb-iam-role": {
                    "type": "aws_iam_role",
                    "depends_on": [
                        "data.aws_iam_policy_document.dynamodb-iam-role-policy"
                    ],
                    "primary": {
                        "id": "ch-iam-ddb-role-cert",
                        "attributes": {
                            "arn": "arn:aws:iam::711638685743:role/ch/ch-iam-ddb-role-cert",
                            "assume_role_policy": "{\"Version\":\"2012-10-17\",\"Statement\":[{\"Sid\":\"\",\"Effect\":\"Allow\",\"Principal\":{\"AWS\":\"arn:aws:iam::711638685743:root\"},\"Action\":\"sts:AssumeRole\"}]}",
                            "create_date": "2018-05-07T20:28:15Z",
                            "force_detach_policies": "false",
                            "id": "ch-iam-ddb-role-cert",
                            "max_session_duration": "3600",
                            "name": "ch-iam-ddb-role-cert",
                            "path": "/ch/",
                            "unique_id": "AROAJ3JGSX2OZTLHCS464"
                        },
                        "meta": {},
                        "tainted": false
                    },
                    "deposed": [],
                    "provider": "provider.aws"
                },
                "aws_iam_role_policy.dynamodb-iam-policy": {
                    "type": "aws_iam_role_policy",
                    "depends_on": [
                        "aws_iam_role.dynamodb-iam-role",
                        "data.aws_iam_policy_document.dynamodb-rw-role"
                    ],
                    "primary": {
                        "id": "ch-iam-ddb-role-cert:ch-cert",
                        "attributes": {
                            "id": "ch-iam-ddb-role-cert:ch-cert",
                            "name": "ch-cert",
                            "policy": "{\n  \"Version\": \"2012-10-17\",\n  \"Statement\": [\n    {\n      \"Sid\": \"\",\n      \"Effect\": \"Allow\",\n      \"Action\": [\n        \"dynamodb:UpdateItem\",\n        \"dynamodb:Scan\",\n        \"dynamodb:Query\",\n        \"dynamodb:PutItem\",\n        \"dynamodb:ListTables\",\n        \"dynamodb:GetItem\",\n        \"dynamodb:DescribeTable\",\n        \"dynamodb:DeleteItem\",\n        \"dynamodb:BatchWriteItem\"\n      ],\n      \"Resource\": [\n        \"arn:aws:dynamodb:us-east-1:711638685743:table/ch-cert-class-object\",\n        \"arn:aws:dynamodb:us-east-1:711638685743:table/ch-cert-class-content\",\n        \"arn:aws:dynamodb:us-east-1:711638685743:table/ch-cert-calculated-behavior\"\n      ]\n    }\n  ]\n}",
                            "role": "ch-iam-ddb-role-cert"
                        },
                        "meta": {},
                        "tainted": false
                    },
                    "deposed": [],
                    "provider": "provider.aws"
                },
                "data.aws_iam_policy_document.dynamodb-iam-role-policy": {
                    "type": "aws_iam_policy_document",
                    "depends_on": [],
                    "primary": {
                        "id": "1216705286",
                        "attributes": {
                            "id": "1216705286",
                            "json": "{\n  \"Version\": \"2012-10-17\",\n  \"Statement\": [\n    {\n      \"Sid\": \"\",\n      \"Effect\": \"Allow\",\n      \"Action\": \"sts:AssumeRole\",\n      \"Principal\": {\n        \"AWS\": \"arn:aws:iam::711638685743:root\"\n      }\n    }\n  ]\n}",
                            "statement.#": "1",
                            "statement.0.actions.#": "1",
                            "statement.0.actions.2528466339": "sts:AssumeRole",
                            "statement.0.condition.#": "0",
                            "statement.0.effect": "Allow",
                            "statement.0.not_actions.#": "0",
                            "statement.0.not_principals.#": "0",
                            "statement.0.not_resources.#": "0",
                            "statement.0.principals.#": "1",
                            "statement.0.principals.1962223180.identifiers.#": "1",
                            "statement.0.principals.1962223180.identifiers.3197436742": "arn:aws:iam::711638685743:root",
                            "statement.0.principals.1962223180.type": "AWS",
                            "statement.0.resources.#": "0",
                            "statement.0.sid": ""
                        },
                        "meta": {},
                        "tainted": false
                    },
                    "deposed": [],
                    "provider": "provider.aws"
                },
                "data.aws_iam_policy_document.dynamodb-rw-role": {
                    "type": "aws_iam_policy_document",
                    "depends_on": [
                        "aws_dynamodb_table.ch-calculated-behavior-table",
                        "aws_dynamodb_table.ch-class-content-table",
                        "aws_dynamodb_table.ch-class-object-table"
                    ],
                    "primary": {
                        "id": "61866157",
                        "attributes": {
                            "id": "61866157",
                            "json": "{\n  \"Version\": \"2012-10-17\",\n  \"Statement\": [\n    {\n      \"Sid\": \"\",\n      \"Effect\": \"Allow\",\n      \"Action\": [\n        \"dynamodb:UpdateItem\",\n        \"dynamodb:Scan\",\n        \"dynamodb:Query\",\n        \"dynamodb:PutItem\",\n        \"dynamodb:ListTables\",\n        \"dynamodb:GetItem\",\n        \"dynamodb:DescribeTable\",\n        \"dynamodb:DeleteItem\",\n        \"dynamodb:BatchWriteItem\"\n      ],\n      \"Resource\": [\n        \"arn:aws:dynamodb:us-east-1:711638685743:table/ch-cert-class-object\",\n        \"arn:aws:dynamodb:us-east-1:711638685743:table/ch-cert-class-content\",\n        \"arn:aws:dynamodb:us-east-1:711638685743:table/ch-cert-calculated-behavior\"\n      ]\n    }\n  ]\n}",
                            "statement.#": "1",
                            "statement.0.actions.#": "9",
                            "statement.0.actions.1083547571": "dynamodb:DescribeTable",
                            "statement.0.actions.1284434245": "dynamodb:DeleteItem",
                            "statement.0.actions.229017339": "dynamodb:PutItem",
                            "statement.0.actions.2361946539": "dynamodb:ListTables",
                            "statement.0.actions.3660559394": "dynamodb:Query",
                            "statement.0.actions.3722646528": "dynamodb:UpdateItem",
                            "statement.0.actions.470163975": "dynamodb:GetItem",
                            "statement.0.actions.762951030": "dynamodb:BatchWriteItem",
                            "statement.0.actions.913837160": "dynamodb:Scan",
                            "statement.0.condition.#": "0",
                            "statement.0.effect": "Allow",
                            "statement.0.not_actions.#": "0",
                            "statement.0.not_principals.#": "0",
                            "statement.0.not_resources.#": "0",
                            "statement.0.principals.#": "0",
                            "statement.0.resources.#": "3",
                            "statement.0.resources.2527759601": "arn:aws:dynamodb:us-east-1:711638685743:table/ch-cert-class-object",
                            "statement.0.resources.2957607131": "arn:aws:dynamodb:us-east-1:711638685743:table/ch-cert-calculated-behavior",
                            "statement.0.resources.444058804": "arn:aws:dynamodb:us-east-1:711638685743:table/ch-cert-class-content",
                            "statement.0.sid": ""
                        },
                        "meta": {},
                        "tainted": false
                    },
                    "deposed": [],
                    "provider": "provider.aws"
                }
            },
            "depends_on": []
        },
        {
            "path": [
                "root",
                "dev-ch"
            ],
            "outputs": {},
            "resources": {
                "aws_dynamodb_table.ch-calculated-behavior-table": {
                    "type": "aws_dynamodb_table",
                    "depends_on": [],
                    "primary": {
                        "id": "ch-dev-calculated-behavior",
                        "attributes": {
                            "arn": "arn:aws:dynamodb:us-east-1:711638685743:table/ch-dev-calculated-behavior",
                            "attribute.#": "2",
                            "attribute.1208308651.name": "classId",
                            "attribute.1208308651.type": "S",
                            "attribute.945633311.name": "key",
                            "attribute.945633311.type": "S",
                            "global_secondary_index.#": "0",
                            "hash_key": "classId",
                            "id": "ch-dev-calculated-behavior",
                            "local_secondary_index.#": "0",
                            "name": "ch-dev-calculated-behavior",
                            "point_in_time_recovery.#": "1",
                            "point_in_time_recovery.0.enabled": "false",
                            "range_key": "key",
                            "read_capacity": "1",
                            "server_side_encryption.#": "0",
                            "stream_arn": "",
                            "stream_enabled": "false",
                            "stream_label": "",
                            "stream_view_type": "",
                            "tags.%": "3",
                            "tags.Name": "hmheng-ch-ch-calculated-behavior-DDB-table",
                            "tags.cost": "hmheng-ch",
                            "tags.responsible-party": "slack:classhopper",
                            "ttl.#": "0",
                            "write_capacity": "1"
                        },
                        "meta": {
                            "e2bfb730-ecaa-11e6-8f88-34363bc7c4c0": {
                                "create": 600000000000,
                                "delete": 600000000000,
                                "update": 600000000000
                            },
                            "schema_version": "1"
                        },
                        "tainted": false
                    },
                    "deposed": [],
                    "provider": "provider.aws"
                },
                "aws_dynamodb_table.ch-class-content-table": {
                    "type": "aws_dynamodb_table",
                    "depends_on": [],
                    "primary": {
                        "id": "ch-dev-class-content",
                        "attributes": {
                            "arn": "arn:aws:dynamodb:us-east-1:711638685743:table/ch-dev-class-content",
                            "attribute.#": "2",
                            "attribute.1208308651.name": "classId",
                            "attribute.1208308651.type": "S",
                            "attribute.945633311.name": "key",
                            "attribute.945633311.type": "S",
                            "global_secondary_index.#": "0",
                            "hash_key": "classId",
                            "id": "ch-dev-class-content",
                            "local_secondary_index.#": "0",
                            "name": "ch-dev-class-content",
                            "point_in_time_recovery.#": "1",
                            "point_in_time_recovery.0.enabled": "false",
                            "range_key": "key",
                            "read_capacity": "1",
                            "server_side_encryption.#": "0",
                            "stream_arn": "",
                            "stream_enabled": "false",
                            "stream_label": "",
                            "stream_view_type": "",
                            "tags.%": "3",
                            "tags.Name": "hmheng-ch-ch-class-content-DDB-table",
                            "tags.cost": "hmheng-ch",
                            "tags.responsible-party": "slack:classhopper",
                            "ttl.#": "0",
                            "write_capacity": "1"
                        },
                        "meta": {
                            "e2bfb730-ecaa-11e6-8f88-34363bc7c4c0": {
                                "create": 600000000000,
                                "delete": 600000000000,
                                "update": 600000000000
                            },
                            "schema_version": "1"
                        },
                        "tainted": false
                    },
                    "deposed": [],
                    "provider": "provider.aws"
                },
                "aws_dynamodb_table.ch-class-object-table": {
                    "type": "aws_dynamodb_table",
                    "depends_on": [],
                    "primary": {
                        "id": "ch-dev-class-object",
                        "attributes": {
                            "arn": "arn:aws:dynamodb:us-east-1:711638685743:table/ch-dev-class-object",
                            "attribute.#": "1",
                            "attribute.1208308651.name": "classId",
                            "attribute.1208308651.type": "S",
                            "global_secondary_index.#": "0",
                            "hash_key": "classId",
                            "id": "ch-dev-class-object",
                            "local_secondary_index.#": "0",
                            "name": "ch-dev-class-object",
                            "point_in_time_recovery.#": "1",
                            "point_in_time_recovery.0.enabled": "false",
                            "read_capacity": "1",
                            "server_side_encryption.#": "0",
                            "stream_arn": "",
                            "stream_enabled": "false",
                            "stream_label": "",
                            "stream_view_type": "",
                            "tags.%": "3",
                            "tags.Name": "hmheng-ch-ch-class-object-DDB-table",
                            "tags.cost": "hmheng-ch",
                            "tags.responsible-party": "slack:classhopper",
                            "ttl.#": "0",
                            "write_capacity": "1"
                        },
                        "meta": {
                            "e2bfb730-ecaa-11e6-8f88-34363bc7c4c0": {
                                "create": 600000000000,
                                "delete": 600000000000,
                                "update": 600000000000
                            },
                            "schema_version": "1"
                        },
                        "tainted": false
                    },
                    "deposed": [],
                    "provider": "provider.aws"
                },
                "aws_iam_role.dynamodb-iam-role": {
                    "type": "aws_iam_role",
                    "depends_on": [
                        "data.aws_iam_policy_document.dynamodb-iam-role-policy"
                    ],
                    "primary": {
                        "id": "ch-iam-ddb-role-dev",
                        "attributes": {
                            "arn": "arn:aws:iam::711638685743:role/ch/ch-iam-ddb-role-dev",
                            "assume_role_policy": "{\"Version\":\"2012-10-17\",\"Statement\":[{\"Sid\":\"\",\"Effect\":\"Allow\",\"Principal\":{\"AWS\":\"arn:aws:iam::711638685743:root\"},\"Action\":\"sts:AssumeRole\"}]}",
                            "create_date": "2018-05-07T20:27:57Z",
                            "force_detach_policies": "false",
                            "id": "ch-iam-ddb-role-dev",
                            "max_session_duration": "3600",
                            "name": "ch-iam-ddb-role-dev",
                            "path": "/ch/",
                            "unique_id": "AROAI2LIXA6KNNODVCSJI"
                        },
                        "meta": {},
                        "tainted": false
                    },
                    "deposed": [],
                    "provider": "provider.aws"
                },
                "aws_iam_role_policy.dynamodb-iam-policy": {
                    "type": "aws_iam_role_policy",
                    "depends_on": [
                        "aws_iam_role.dynamodb-iam-role",
                        "data.aws_iam_policy_document.dynamodb-rw-role"
                    ],
                    "primary": {
                        "id": "ch-iam-ddb-role-dev:ch-dev",
                        "attributes": {
                            "id": "ch-iam-ddb-role-dev:ch-dev",
                            "name": "ch-dev",
                            "policy": "{\n  \"Version\": \"2012-10-17\",\n  \"Statement\": [\n    {\n      \"Sid\": \"\",\n      \"Effect\": \"Allow\",\n      \"Action\": [\n        \"dynamodb:UpdateItem\",\n        \"dynamodb:Scan\",\n        \"dynamodb:Query\",\n        \"dynamodb:PutItem\",\n        \"dynamodb:ListTables\",\n        \"dynamodb:GetItem\",\n        \"dynamodb:DescribeTable\",\n        \"dynamodb:DeleteItem\",\n        \"dynamodb:BatchWriteItem\"\n      ],\n      \"Resource\": [\n        \"arn:aws:dynamodb:us-east-1:711638685743:table/ch-dev-class-object\",\n        \"arn:aws:dynamodb:us-east-1:711638685743:table/ch-dev-class-content\",\n        \"arn:aws:dynamodb:us-east-1:711638685743:table/ch-dev-calculated-behavior\"\n      ]\n    }\n  ]\n}",
                            "role": "ch-iam-ddb-role-dev"
                        },
                        "meta": {},
                        "tainted": false
                    },
                    "deposed": [],
                    "provider": "provider.aws"
                },
                "data.aws_iam_policy_document.dynamodb-iam-role-policy": {
                    "type": "aws_iam_policy_document",
                    "depends_on": [],
                    "primary": {
                        "id": "1216705286",
                        "attributes": {
                            "id": "1216705286",
                            "json": "{\n  \"Version\": \"2012-10-17\",\n  \"Statement\": [\n    {\n      \"Sid\": \"\",\n      \"Effect\": \"Allow\",\n      \"Action\": \"sts:AssumeRole\",\n      \"Principal\": {\n        \"AWS\": \"arn:aws:iam::711638685743:root\"\n      }\n    }\n  ]\n}",
                            "statement.#": "1",
                            "statement.0.actions.#": "1",
                            "statement.0.actions.2528466339": "sts:AssumeRole",
                            "statement.0.condition.#": "0",
                            "statement.0.effect": "Allow",
                            "statement.0.not_actions.#": "0",
                            "statement.0.not_principals.#": "0",
                            "statement.0.not_resources.#": "0",
                            "statement.0.principals.#": "1",
                            "statement.0.principals.1962223180.identifiers.#": "1",
                            "statement.0.principals.1962223180.identifiers.3197436742": "arn:aws:iam::711638685743:root",
                            "statement.0.principals.1962223180.type": "AWS",
                            "statement.0.resources.#": "0",
                            "statement.0.sid": ""
                        },
                        "meta": {},
                        "tainted": false
                    },
                    "deposed": [],
                    "provider": "provider.aws"
                },
                "data.aws_iam_policy_document.dynamodb-rw-role": {
                    "type": "aws_iam_policy_document",
                    "depends_on": [
                        "aws_dynamodb_table.ch-calculated-behavior-table",
                        "aws_dynamodb_table.ch-class-content-table",
                        "aws_dynamodb_table.ch-class-object-table"
                    ],
                    "primary": {
                        "id": "4052617655",
                        "attributes": {
                            "id": "4052617655",
                            "json": "{\n  \"Version\": \"2012-10-17\",\n  \"Statement\": [\n    {\n      \"Sid\": \"\",\n      \"Effect\": \"Allow\",\n      \"Action\": [\n        \"dynamodb:UpdateItem\",\n        \"dynamodb:Scan\",\n        \"dynamodb:Query\",\n        \"dynamodb:PutItem\",\n        \"dynamodb:ListTables\",\n        \"dynamodb:GetItem\",\n        \"dynamodb:DescribeTable\",\n        \"dynamodb:DeleteItem\",\n        \"dynamodb:BatchWriteItem\"\n      ],\n      \"Resource\": [\n        \"arn:aws:dynamodb:us-east-1:711638685743:table/ch-dev-class-object\",\n        \"arn:aws:dynamodb:us-east-1:711638685743:table/ch-dev-class-content\",\n        \"arn:aws:dynamodb:us-east-1:711638685743:table/ch-dev-calculated-behavior\"\n      ]\n    }\n  ]\n}",
                            "statement.#": "1",
                            "statement.0.actions.#": "9",
                            "statement.0.actions.1083547571": "dynamodb:DescribeTable",
                            "statement.0.actions.1284434245": "dynamodb:DeleteItem",
                            "statement.0.actions.229017339": "dynamodb:PutItem",
                            "statement.0.actions.2361946539": "dynamodb:ListTables",
                            "statement.0.actions.3660559394": "dynamodb:Query",
                            "statement.0.actions.3722646528": "dynamodb:UpdateItem",
                            "statement.0.actions.470163975": "dynamodb:GetItem",
                            "statement.0.actions.762951030": "dynamodb:BatchWriteItem",
                            "statement.0.actions.913837160": "dynamodb:Scan",
                            "statement.0.condition.#": "0",
                            "statement.0.effect": "Allow",
                            "statement.0.not_actions.#": "0",
                            "statement.0.not_principals.#": "0",
                            "statement.0.not_resources.#": "0",
                            "statement.0.principals.#": "0",
                            "statement.0.resources.#": "3",
                            "statement.0.resources.1576931756": "arn:aws:dynamodb:us-east-1:711638685743:table/ch-dev-calculated-behavior",
                            "statement.0.resources.3094610463": "arn:aws:dynamodb:us-east-1:711638685743:table/ch-dev-class-content",
                            "statement.0.resources.4061484498": "arn:aws:dynamodb:us-east-1:711638685743:table/ch-dev-class-object",
                            "statement.0.sid": ""
                        },
                        "meta": {},
                        "tainted": false
                    },
                    "deposed": [],
                    "provider": "provider.aws"
                }
            },
            "depends_on": []
        },
        {
            "path": [
                "root",
                "int-ch"
            ],
            "outputs": {},
            "resources": {
                "aws_dynamodb_table.ch-calculated-behavior-table": {
                    "type": "aws_dynamodb_table",
                    "depends_on": [],
                    "primary": {
                        "id": "ch-int-calculated-behavior",
                        "attributes": {
                            "arn": "arn:aws:dynamodb:us-east-1:711638685743:table/ch-int-calculated-behavior",
                            "attribute.#": "2",
                            "attribute.1208308651.name": "classId",
                            "attribute.1208308651.type": "S",
                            "attribute.945633311.name": "key",
                            "attribute.945633311.type": "S",
                            "global_secondary_index.#": "0",
                            "hash_key": "classId",
                            "id": "ch-int-calculated-behavior",
                            "local_secondary_index.#": "0",
                            "name": "ch-int-calculated-behavior",
                            "point_in_time_recovery.#": "1",
                            "point_in_time_recovery.0.enabled": "false",
                            "range_key": "key",
                            "read_capacity": "10",
                            "server_side_encryption.#": "0",
                            "stream_arn": "",
                            "stream_enabled": "false",
                            "stream_label": "",
                            "stream_view_type": "",
                            "tags.%": "3",
                            "tags.Name": "hmheng-ch-ch-calculated-behavior-DDB-table",
                            "tags.cost": "hmheng-ch",
                            "tags.responsible-party": "slack:classhopper",
                            "ttl.#": "0",
                            "write_capacity": "10"
                        },
                        "meta": {
                            "e2bfb730-ecaa-11e6-8f88-34363bc7c4c0": {
                                "create": 600000000000,
                                "delete": 600000000000,
                                "update": 600000000000
                            },
                            "schema_version": "1"
                        },
                        "tainted": false
                    },
                    "deposed": [],
                    "provider": "provider.aws"
                },
                "aws_dynamodb_table.ch-class-content-table": {
                    "type": "aws_dynamodb_table",
                    "depends_on": [],
                    "primary": {
                        "id": "ch-int-class-content",
                        "attributes": {
                            "arn": "arn:aws:dynamodb:us-east-1:711638685743:table/ch-int-class-content",
                            "attribute.#": "2",
                            "attribute.1208308651.name": "classId",
                            "attribute.1208308651.type": "S",
                            "attribute.945633311.name": "key",
                            "attribute.945633311.type": "S",
                            "global_secondary_index.#": "0",
                            "hash_key": "classId",
                            "id": "ch-int-class-content",
                            "local_secondary_index.#": "0",
                            "name": "ch-int-class-content",
                            "point_in_time_recovery.#": "1",
                            "point_in_time_recovery.0.enabled": "false",
                            "range_key": "key",
                            "read_capacity": "1",
                            "server_side_encryption.#": "0",
                            "stream_arn": "",
                            "stream_enabled": "false",
                            "stream_label": "",
                            "stream_view_type": "",
                            "tags.%": "3",
                            "tags.Name": "hmheng-ch-ch-class-content-DDB-table",
                            "tags.cost": "hmheng-ch",
                            "tags.responsible-party": "slack:classhopper",
                            "ttl.#": "0",
                            "write_capacity": "1"
                        },
                        "meta": {
                            "e2bfb730-ecaa-11e6-8f88-34363bc7c4c0": {
                                "create": 600000000000,
                                "delete": 600000000000,
                                "update": 600000000000
                            },
                            "schema_version": "1"
                        },
                        "tainted": false
                    },
                    "deposed": [],
                    "provider": "provider.aws"
                },
                "aws_dynamodb_table.ch-class-object-table": {
                    "type": "aws_dynamodb_table",
                    "depends_on": [],
                    "primary": {
                        "id": "ch-int-class-object",
                        "attributes": {
                            "arn": "arn:aws:dynamodb:us-east-1:711638685743:table/ch-int-class-object",
                            "attribute.#": "1",
                            "attribute.1208308651.name": "classId",
                            "attribute.1208308651.type": "S",
                            "global_secondary_index.#": "0",
                            "hash_key": "classId",
                            "id": "ch-int-class-object",
                            "local_secondary_index.#": "0",
                            "name": "ch-int-class-object",
                            "point_in_time_recovery.#": "1",
                            "point_in_time_recovery.0.enabled": "false",
                            "read_capacity": "1",
                            "server_side_encryption.#": "0",
                            "stream_arn": "",
                            "stream_enabled": "false",
                            "stream_label": "",
                            "stream_view_type": "",
                            "tags.%": "3",
                            "tags.Name": "hmheng-ch-ch-class-object-DDB-table",
                            "tags.cost": "hmheng-ch",
                            "tags.responsible-party": "slack:classhopper",
                            "ttl.#": "0",
                            "write_capacity": "1"
                        },
                        "meta": {
                            "e2bfb730-ecaa-11e6-8f88-34363bc7c4c0": {
                                "create": 600000000000,
                                "delete": 600000000000,
                                "update": 600000000000
                            },
                            "schema_version": "1"
                        },
                        "tainted": false
                    },
                    "deposed": [],
                    "provider": "provider.aws"
                },
                "aws_iam_role.dynamodb-iam-role": {
                    "type": "aws_iam_role",
                    "depends_on": [
                        "data.aws_iam_policy_document.dynamodb-iam-role-policy"
                    ],
                    "primary": {
                        "id": "ch-iam-ddb-role-int",
                        "attributes": {
                            "arn": "arn:aws:iam::711638685743:role/ch/ch-iam-ddb-role-int",
                            "assume_role_policy": "{\"Version\":\"2012-10-17\",\"Statement\":[{\"Sid\":\"\",\"Effect\":\"Allow\",\"Principal\":{\"AWS\":\"arn:aws:iam::711638685743:root\"},\"Action\":\"sts:AssumeRole\"}]}",
                            "create_date": "2018-05-07T20:27:57Z",
                            "force_detach_policies": "false",
                            "id": "ch-iam-ddb-role-int",
                            "max_session_duration": "3600",
                            "name": "ch-iam-ddb-role-int",
                            "path": "/ch/",
                            "unique_id": "AROAI4TTUXSVLYBQUEMPE"
                        },
                        "meta": {},
                        "tainted": false
                    },
                    "deposed": [],
                    "provider": "provider.aws"
                },
                "aws_iam_role_policy.dynamodb-iam-policy": {
                    "type": "aws_iam_role_policy",
                    "depends_on": [
                        "aws_iam_role.dynamodb-iam-role",
                        "data.aws_iam_policy_document.dynamodb-rw-role"
                    ],
                    "primary": {
                        "id": "ch-iam-ddb-role-int:ch-int",
                        "attributes": {
                            "id": "ch-iam-ddb-role-int:ch-int",
                            "name": "ch-int",
                            "policy": "{\n  \"Version\": \"2012-10-17\",\n  \"Statement\": [\n    {\n      \"Sid\": \"\",\n      \"Effect\": \"Allow\",\n      \"Action\": [\n        \"dynamodb:UpdateItem\",\n        \"dynamodb:Scan\",\n        \"dynamodb:Query\",\n        \"dynamodb:PutItem\",\n        \"dynamodb:ListTables\",\n        \"dynamodb:GetItem\",\n        \"dynamodb:DescribeTable\",\n        \"dynamodb:DeleteItem\",\n        \"dynamodb:BatchWriteItem\"\n      ],\n      \"Resource\": [\n        \"arn:aws:dynamodb:us-east-1:711638685743:table/ch-int-class-object\",\n        \"arn:aws:dynamodb:us-east-1:711638685743:table/ch-int-class-content\",\n        \"arn:aws:dynamodb:us-east-1:711638685743:table/ch-int-calculated-behavior\"\n      ]\n    }\n  ]\n}",
                            "role": "ch-iam-ddb-role-int"
                        },
                        "meta": {},
                        "tainted": false
                    },
                    "deposed": [],
                    "provider": "provider.aws"
                },
                "data.aws_iam_policy_document.dynamodb-iam-role-policy": {
                    "type": "aws_iam_policy_document",
                    "depends_on": [],
                    "primary": {
                        "id": "1216705286",
                        "attributes": {
                            "id": "1216705286",
                            "json": "{\n  \"Version\": \"2012-10-17\",\n  \"Statement\": [\n    {\n      \"Sid\": \"\",\n      \"Effect\": \"Allow\",\n      \"Action\": \"sts:AssumeRole\",\n      \"Principal\": {\n        \"AWS\": \"arn:aws:iam::711638685743:root\"\n      }\n    }\n  ]\n}",
                            "statement.#": "1",
                            "statement.0.actions.#": "1",
                            "statement.0.actions.2528466339": "sts:AssumeRole",
                            "statement.0.condition.#": "0",
                            "statement.0.effect": "Allow",
                            "statement.0.not_actions.#": "0",
                            "statement.0.not_principals.#": "0",
                            "statement.0.not_resources.#": "0",
                            "statement.0.principals.#": "1",
                            "statement.0.principals.1962223180.identifiers.#": "1",
                            "statement.0.principals.1962223180.identifiers.3197436742": "arn:aws:iam::711638685743:root",
                            "statement.0.principals.1962223180.type": "AWS",
                            "statement.0.resources.#": "0",
                            "statement.0.sid": ""
                        },
                        "meta": {},
                        "tainted": false
                    },
                    "deposed": [],
                    "provider": "provider.aws"
                },
                "data.aws_iam_policy_document.dynamodb-rw-role": {
                    "type": "aws_iam_policy_document",
                    "depends_on": [
                        "aws_dynamodb_table.ch-calculated-behavior-table",
                        "aws_dynamodb_table.ch-class-content-table",
                        "aws_dynamodb_table.ch-class-object-table"
                    ],
                    "primary": {
                        "id": "3540594303",
                        "attributes": {
                            "id": "3540594303",
                            "json": "{\n  \"Version\": \"2012-10-17\",\n  \"Statement\": [\n    {\n      \"Sid\": \"\",\n      \"Effect\": \"Allow\",\n      \"Action\": [\n        \"dynamodb:UpdateItem\",\n        \"dynamodb:Scan\",\n        \"dynamodb:Query\",\n        \"dynamodb:PutItem\",\n        \"dynamodb:ListTables\",\n        \"dynamodb:GetItem\",\n        \"dynamodb:DescribeTable\",\n        \"dynamodb:DeleteItem\",\n        \"dynamodb:BatchWriteItem\"\n      ],\n      \"Resource\": [\n        \"arn:aws:dynamodb:us-east-1:711638685743:table/ch-int-class-object\",\n        \"arn:aws:dynamodb:us-east-1:711638685743:table/ch-int-class-content\",\n        \"arn:aws:dynamodb:us-east-1:711638685743:table/ch-int-calculated-behavior\"\n      ]\n    }\n  ]\n}",
                            "statement.#": "1",
                            "statement.0.actions.#": "9",
                            "statement.0.actions.1083547571": "dynamodb:DescribeTable",
                            "statement.0.actions.1284434245": "dynamodb:DeleteItem",
                            "statement.0.actions.229017339": "dynamodb:PutItem",
                            "statement.0.actions.2361946539": "dynamodb:ListTables",
                            "statement.0.actions.3660559394": "dynamodb:Query",
                            "statement.0.actions.3722646528": "dynamodb:UpdateItem",
                            "statement.0.actions.470163975": "dynamodb:GetItem",
                            "statement.0.actions.762951030": "dynamodb:BatchWriteItem",
                            "statement.0.actions.913837160": "dynamodb:Scan",
                            "statement.0.condition.#": "0",
                            "statement.0.effect": "Allow",
                            "statement.0.not_actions.#": "0",
                            "statement.0.not_principals.#": "0",
                            "statement.0.not_resources.#": "0",
                            "statement.0.principals.#": "0",
                            "statement.0.resources.#": "3",
                            "statement.0.resources.1071408625": "arn:aws:dynamodb:us-east-1:711638685743:table/ch-int-calculated-behavior",
                            "statement.0.resources.2046164109": "arn:aws:dynamodb:us-east-1:711638685743:table/ch-int-class-content",
                            "statement.0.resources.318139628": "arn:aws:dynamodb:us-east-1:711638685743:table/ch-int-class-object",
                            "statement.0.sid": ""
                        },
                        "meta": {},
                        "tainted": false
                    },
                    "deposed": [],
                    "provider": "provider.aws"
                }
            },
            "depends_on": []
        },
        {
            "path": [
                "root",
                "prod-ch"
            ],
            "outputs": {},
            "resources": {
                "aws_dynamodb_table.ch-calculated-behavior-table": {
                    "type": "aws_dynamodb_table",
                    "depends_on": [],
                    "primary": {
                        "id": "ch-prod-calculated-behavior",
                        "attributes": {
                            "arn": "arn:aws:dynamodb:us-east-1:711638685743:table/ch-prod-calculated-behavior",
                            "attribute.#": "2",
                            "attribute.1208308651.name": "classId",
                            "attribute.1208308651.type": "S",
                            "attribute.945633311.name": "key",
                            "attribute.945633311.type": "S",
                            "global_secondary_index.#": "0",
                            "hash_key": "classId",
                            "id": "ch-prod-calculated-behavior",
                            "local_secondary_index.#": "0",
                            "name": "ch-prod-calculated-behavior",
                            "point_in_time_recovery.#": "1",
                            "point_in_time_recovery.0.enabled": "false",
                            "range_key": "key",
                            "read_capacity": "10",
                            "server_side_encryption.#": "0",
                            "stream_arn": "",
                            "stream_enabled": "false",
                            "stream_label": "",
                            "stream_view_type": "",
                            "tags.%": "3",
                            "tags.Name": "hmheng-ch-ch-calculated-behavior-DDB-table",
                            "tags.cost": "hmheng-ch",
                            "tags.responsible-party": "slack:classhopper",
                            "ttl.#": "0",
                            "write_capacity": "10"
                        },
                        "meta": {
                            "e2bfb730-ecaa-11e6-8f88-34363bc7c4c0": {
                                "create": 600000000000,
                                "delete": 600000000000,
                                "update": 600000000000
                            },
                            "schema_version": "1"
                        },
                        "tainted": false
                    },
                    "deposed": [],
                    "provider": "provider.aws"
                },
                "aws_dynamodb_table.ch-class-content-table": {
                    "type": "aws_dynamodb_table",
                    "depends_on": [],
                    "primary": {
                        "id": "ch-prod-class-content",
                        "attributes": {
                            "arn": "arn:aws:dynamodb:us-east-1:711638685743:table/ch-prod-class-content",
                            "attribute.#": "2",
                            "attribute.1208308651.name": "classId",
                            "attribute.1208308651.type": "S",
                            "attribute.945633311.name": "key",
                            "attribute.945633311.type": "S",
                            "global_secondary_index.#": "0",
                            "hash_key": "classId",
                            "id": "ch-prod-class-content",
                            "local_secondary_index.#": "0",
                            "name": "ch-prod-class-content",
                            "point_in_time_recovery.#": "1",
                            "point_in_time_recovery.0.enabled": "false",
                            "range_key": "key",
                            "read_capacity": "10",
                            "server_side_encryption.#": "0",
                            "stream_arn": "",
                            "stream_enabled": "false",
                            "stream_label": "",
                            "stream_view_type": "",
                            "tags.%": "3",
                            "tags.Name": "hmheng-ch-ch-class-content-DDB-table",
                            "tags.cost": "hmheng-ch",
                            "tags.responsible-party": "slack:classhopper",
                            "ttl.#": "0",
                            "write_capacity": "5"
                        },
                        "meta": {
                            "e2bfb730-ecaa-11e6-8f88-34363bc7c4c0": {
                                "create": 600000000000,
                                "delete": 600000000000,
                                "update": 600000000000
                            },
                            "schema_version": "1"
                        },
                        "tainted": false
                    },
                    "deposed": [],
                    "provider": "provider.aws"
                },
                "aws_dynamodb_table.ch-class-object-table": {
                    "type": "aws_dynamodb_table",
                    "depends_on": [],
                    "primary": {
                        "id": "ch-prod-class-object",
                        "attributes": {
                            "arn": "arn:aws:dynamodb:us-east-1:711638685743:table/ch-prod-class-object",
                            "attribute.#": "1",
                            "attribute.1208308651.name": "classId",
                            "attribute.1208308651.type": "S",
                            "global_secondary_index.#": "0",
                            "hash_key": "classId",
                            "id": "ch-prod-class-object",
                            "local_secondary_index.#": "0",
                            "name": "ch-prod-class-object",
                            "point_in_time_recovery.#": "1",
                            "point_in_time_recovery.0.enabled": "false",
                            "read_capacity": "10",
                            "server_side_encryption.#": "0",
                            "stream_arn": "",
                            "stream_enabled": "false",
                            "stream_label": "",
                            "stream_view_type": "",
                            "tags.%": "3",
                            "tags.Name": "hmheng-ch-ch-class-object-DDB-table",
                            "tags.cost": "hmheng-ch",
                            "tags.responsible-party": "slack:classhopper",
                            "ttl.#": "0",
                            "write_capacity": "5"
                        },
                        "meta": {
                            "e2bfb730-ecaa-11e6-8f88-34363bc7c4c0": {
                                "create": 600000000000,
                                "delete": 600000000000,
                                "update": 600000000000
                            },
                            "schema_version": "1"
                        },
                        "tainted": false
                    },
                    "deposed": [],
                    "provider": "provider.aws"
                },
                "aws_iam_role.dynamodb-iam-role": {
                    "type": "aws_iam_role",
                    "depends_on": [
                        "data.aws_iam_policy_document.dynamodb-iam-role-policy"
                    ],
                    "primary": {
                        "id": "ch-iam-ddb-role-prod",
                        "attributes": {
                            "arn": "arn:aws:iam::711638685743:role/ch/ch-iam-ddb-role-prod",
                            "assume_role_policy": "{\"Version\":\"2012-10-17\",\"Statement\":[{\"Sid\":\"\",\"Effect\":\"Allow\",\"Principal\":{\"AWS\":\"arn:aws:iam::711638685743:root\"},\"Action\":\"sts:AssumeRole\"}]}",
                            "create_date": "2018-05-07T20:28:15Z",
                            "force_detach_policies": "false",
                            "id": "ch-iam-ddb-role-prod",
                            "max_session_duration": "3600",
                            "name": "ch-iam-ddb-role-prod",
                            "path": "/ch/",
                            "unique_id": "AROAIJWTL76DWGGTNLCA2"
                        },
                        "meta": {},
                        "tainted": false
                    },
                    "deposed": [],
                    "provider": "provider.aws"
                },
                "aws_iam_role_policy.dynamodb-iam-policy": {
                    "type": "aws_iam_role_policy",
                    "depends_on": [
                        "aws_iam_role.dynamodb-iam-role",
                        "data.aws_iam_policy_document.dynamodb-rw-role"
                    ],
                    "primary": {
                        "id": "ch-iam-ddb-role-prod:ch-prod",
                        "attributes": {
                            "id": "ch-iam-ddb-role-prod:ch-prod",
                            "name": "ch-prod",
                            "policy": "{\n  \"Version\": \"2012-10-17\",\n  \"Statement\": [\n    {\n      \"Sid\": \"\",\n      \"Effect\": \"Allow\",\n      \"Action\": [\n        \"dynamodb:UpdateItem\",\n        \"dynamodb:Scan\",\n        \"dynamodb:Query\",\n        \"dynamodb:PutItem\",\n        \"dynamodb:ListTables\",\n        \"dynamodb:GetItem\",\n        \"dynamodb:DescribeTable\",\n        \"dynamodb:DeleteItem\",\n        \"dynamodb:BatchWriteItem\"\n      ],\n      \"Resource\": [\n        \"arn:aws:dynamodb:us-east-1:711638685743:table/ch-prod-class-object\",\n        \"arn:aws:dynamodb:us-east-1:711638685743:table/ch-prod-class-content\",\n        \"arn:aws:dynamodb:us-east-1:711638685743:table/ch-prod-calculated-behavior\"\n      ]\n    }\n  ]\n}",
                            "role": "ch-iam-ddb-role-prod"
                        },
                        "meta": {},
                        "tainted": false
                    },
                    "deposed": [],
                    "provider": "provider.aws"
                },
                "data.aws_iam_policy_document.dynamodb-iam-role-policy": {
                    "type": "aws_iam_policy_document",
                    "depends_on": [],
                    "primary": {
                        "id": "1216705286",
                        "attributes": {
                            "id": "1216705286",
                            "json": "{\n  \"Version\": \"2012-10-17\",\n  \"Statement\": [\n    {\n      \"Sid\": \"\",\n      \"Effect\": \"Allow\",\n      \"Action\": \"sts:AssumeRole\",\n      \"Principal\": {\n        \"AWS\": \"arn:aws:iam::711638685743:root\"\n      }\n    }\n  ]\n}",
                            "statement.#": "1",
                            "statement.0.actions.#": "1",
                            "statement.0.actions.2528466339": "sts:AssumeRole",
                            "statement.0.condition.#": "0",
                            "statement.0.effect": "Allow",
                            "statement.0.not_actions.#": "0",
                            "statement.0.not_principals.#": "0",
                            "statement.0.not_resources.#": "0",
                            "statement.0.principals.#": "1",
                            "statement.0.principals.1962223180.identifiers.#": "1",
                            "statement.0.principals.1962223180.identifiers.3197436742": "arn:aws:iam::711638685743:root",
                            "statement.0.principals.1962223180.type": "AWS",
                            "statement.0.resources.#": "0",
                            "statement.0.sid": ""
                        },
                        "meta": {},
                        "tainted": false
                    },
                    "deposed": [],
                    "provider": "provider.aws"
                },
                "data.aws_iam_policy_document.dynamodb-rw-role": {
                    "type": "aws_iam_policy_document",
                    "depends_on": [
                        "aws_dynamodb_table.ch-calculated-behavior-table",
                        "aws_dynamodb_table.ch-class-content-table",
                        "aws_dynamodb_table.ch-class-object-table"
                    ],
                    "primary": {
                        "id": "2357423137",
                        "attributes": {
                            "id": "2357423137",
                            "json": "{\n  \"Version\": \"2012-10-17\",\n  \"Statement\": [\n    {\n      \"Sid\": \"\",\n      \"Effect\": \"Allow\",\n      \"Action\": [\n        \"dynamodb:UpdateItem\",\n        \"dynamodb:Scan\",\n        \"dynamodb:Query\",\n        \"dynamodb:PutItem\",\n        \"dynamodb:ListTables\",\n        \"dynamodb:GetItem\",\n        \"dynamodb:DescribeTable\",\n        \"dynamodb:DeleteItem\",\n        \"dynamodb:BatchWriteItem\"\n      ],\n      \"Resource\": [\n        \"arn:aws:dynamodb:us-east-1:711638685743:table/ch-prod-class-object\",\n        \"arn:aws:dynamodb:us-east-1:711638685743:table/ch-prod-class-content\",\n        \"arn:aws:dynamodb:us-east-1:711638685743:table/ch-prod-calculated-behavior\"\n      ]\n    }\n  ]\n}",
                            "statement.#": "1",
                            "statement.0.actions.#": "9",
                            "statement.0.actions.1083547571": "dynamodb:DescribeTable",
                            "statement.0.actions.1284434245": "dynamodb:DeleteItem",
                            "statement.0.actions.229017339": "dynamodb:PutItem",
                            "statement.0.actions.2361946539": "dynamodb:ListTables",
                            "statement.0.actions.3660559394": "dynamodb:Query",
                            "statement.0.actions.3722646528": "dynamodb:UpdateItem",
                            "statement.0.actions.470163975": "dynamodb:GetItem",
                            "statement.0.actions.762951030": "dynamodb:BatchWriteItem",
                            "statement.0.actions.913837160": "dynamodb:Scan",
                            "statement.0.condition.#": "0",
                            "statement.0.effect": "Allow",
                            "statement.0.not_actions.#": "0",
                            "statement.0.not_principals.#": "0",
                            "statement.0.not_resources.#": "0",
                            "statement.0.principals.#": "0",
                            "statement.0.resources.#": "3",
                            "statement.0.resources.2250646426": "arn:aws:dynamodb:us-east-1:711638685743:table/ch-prod-class-content",
                            "statement.0.resources.2698223040": "arn:aws:dynamodb:us-east-1:711638685743:table/ch-prod-calculated-behavior",
                            "statement.0.resources.3460500277": "arn:aws:dynamodb:us-east-1:711638685743:table/ch-prod-class-object",
                            "statement.0.sid": ""
                        },
                        "meta": {},
                        "tainted": false
                    },
                    "deposed": [],
                    "provider": "provider.aws"
                }
            },
            "depends_on": []
        },
        {
            "path": [
                "root",
                "cert-ch",
                "calculated_behavior_autoscaling"
            ],
            "outputs": {},
            "resources": {
                "aws_appautoscaling_policy.dynamodb_read_policy": {
                    "type": "aws_appautoscaling_policy",
                    "depends_on": [
                        "aws_appautoscaling_target.dynamodb_read_target"
                    ],
                    "primary": {
                        "id": "DynamoDBReadCapacityUtilization:table/ch-cert-calculated-behavior",
                        "attributes": {
                            "arn": "arn:aws:autoscaling:us-east-1:711638685743:scalingPolicy:daf381cc-3aba-4266-96d5-9848fe6f5d8a:resource/dynamodb/table/ch-cert-calculated-behavior:policyName/DynamoDBReadCapacityUtilization:table/ch-cert-calculated-behavior",
                            "id": "DynamoDBReadCapacityUtilization:table/ch-cert-calculated-behavior",
                            "name": "DynamoDBReadCapacityUtilization:table/ch-cert-calculated-behavior",
                            "policy_type": "TargetTrackingScaling",
                            "resource_id": "table/ch-cert-calculated-behavior",
                            "scalable_dimension": "dynamodb:table:ReadCapacityUnits",
                            "service_namespace": "dynamodb",
                            "step_scaling_policy_configuration.#": "0",
                            "target_tracking_scaling_policy_configuration.#": "1",
                            "target_tracking_scaling_policy_configuration.0.customized_metric_specification.#": "0",
                            "target_tracking_scaling_policy_configuration.0.disable_scale_in": "false",
                            "target_tracking_scaling_policy_configuration.0.predefined_metric_specification.#": "1",
                            "target_tracking_scaling_policy_configuration.0.predefined_metric_specification.0.predefined_metric_type": "DynamoDBReadCapacityUtilization",
                            "target_tracking_scaling_policy_configuration.0.predefined_metric_specification.0.resource_label": "",
                            "target_tracking_scaling_policy_configuration.0.scale_in_cooldown": "0",
                            "target_tracking_scaling_policy_configuration.0.scale_out_cooldown": "0",
                            "target_tracking_scaling_policy_configuration.0.target_value": "70"
                        },
                        "meta": {},
                        "tainted": false
                    },
                    "deposed": [],
                    "provider": "provider.aws"
                },
                "aws_appautoscaling_policy.dynamodb_write_policy": {
                    "type": "aws_appautoscaling_policy",
                    "depends_on": [
                        "aws_appautoscaling_target.dynamodb_write_target"
                    ],
                    "primary": {
                        "id": "DynamoDBWriteCapacityUtilization:table/ch-cert-calculated-behavior",
                        "attributes": {
                            "arn": "arn:aws:autoscaling:us-east-1:711638685743:scalingPolicy:4a6c776d-163b-4537-b089-dcba3fc516cb:resource/dynamodb/table/ch-cert-calculated-behavior:policyName/DynamoDBWriteCapacityUtilization:table/ch-cert-calculated-behavior",
                            "id": "DynamoDBWriteCapacityUtilization:table/ch-cert-calculated-behavior",
                            "name": "DynamoDBWriteCapacityUtilization:table/ch-cert-calculated-behavior",
                            "policy_type": "TargetTrackingScaling",
                            "resource_id": "table/ch-cert-calculated-behavior",
                            "scalable_dimension": "dynamodb:table:WriteCapacityUnits",
                            "service_namespace": "dynamodb",
                            "step_scaling_policy_configuration.#": "0",
                            "target_tracking_scaling_policy_configuration.#": "1",
                            "target_tracking_scaling_policy_configuration.0.customized_metric_specification.#": "0",
                            "target_tracking_scaling_policy_configuration.0.disable_scale_in": "false",
                            "target_tracking_scaling_policy_configuration.0.predefined_metric_specification.#": "1",
                            "target_tracking_scaling_policy_configuration.0.predefined_metric_specification.0.predefined_metric_type": "DynamoDBWriteCapacityUtilization",
                            "target_tracking_scaling_policy_configuration.0.predefined_metric_specification.0.resource_label": "",
                            "target_tracking_scaling_policy_configuration.0.scale_in_cooldown": "0",
                            "target_tracking_scaling_policy_configuration.0.scale_out_cooldown": "0",
                            "target_tracking_scaling_policy_configuration.0.target_value": "70"
                        },
                        "meta": {},
                        "tainted": false
                    },
                    "deposed": [],
                    "provider": "provider.aws"
                },
                "aws_appautoscaling_target.dynamodb_read_target": {
                    "type": "aws_appautoscaling_target",
                    "depends_on": [],
                    "primary": {
                        "id": "table/ch-cert-calculated-behavior",
                        "attributes": {
                            "id": "table/ch-cert-calculated-behavior",
                            "max_capacity": "1000",
                            "min_capacity": "10",
                            "resource_id": "table/ch-cert-calculated-behavior",
                            "role_arn": "arn:aws:iam::711638685743:role/aws-service-role/dynamodb.application-autoscaling.amazonaws.com/AWSServiceRoleForApplicationAutoScaling_DynamoDBTable",
                            "scalable_dimension": "dynamodb:table:ReadCapacityUnits",
                            "service_namespace": "dynamodb"
                        },
                        "meta": {},
                        "tainted": false
                    },
                    "deposed": [],
                    "provider": "provider.aws"
                },
                "aws_appautoscaling_target.dynamodb_write_target": {
                    "type": "aws_appautoscaling_target",
                    "depends_on": [],
                    "primary": {
                        "id": "table/ch-cert-calculated-behavior",
                        "attributes": {
                            "id": "table/ch-cert-calculated-behavior",
                            "max_capacity": "1000",
                            "min_capacity": "10",
                            "resource_id": "table/ch-cert-calculated-behavior",
                            "role_arn": "arn:aws:iam::711638685743:role/aws-service-role/dynamodb.application-autoscaling.amazonaws.com/AWSServiceRoleForApplicationAutoScaling_DynamoDBTable",
                            "scalable_dimension": "dynamodb:table:WriteCapacityUnits",
                            "service_namespace": "dynamodb"
                        },
                        "meta": {},
                        "tainted": false
                    },
                    "deposed": [],
                    "provider": "provider.aws"
                }
            },
            "depends_on": []
        },
        {
            "path": [
                "root",
                "cert-ch",
                "class_content_autoscaling"
            ],
            "outputs": {},
            "resources": {
                "aws_appautoscaling_policy.dynamodb_read_policy": {
                    "type": "aws_appautoscaling_policy",
                    "depends_on": [
                        "aws_appautoscaling_target.dynamodb_read_target"
                    ],
                    "primary": {
                        "id": "DynamoDBReadCapacityUtilization:table/ch-cert-class-content",
                        "attributes": {
                            "arn": "arn:aws:autoscaling:us-east-1:711638685743:scalingPolicy:eca2f09d-2fb5-419e-96b2-e53fd3b6b405:resource/dynamodb/table/ch-cert-class-content:policyName/DynamoDBReadCapacityUtilization:table/ch-cert-class-content",
                            "id": "DynamoDBReadCapacityUtilization:table/ch-cert-class-content",
                            "name": "DynamoDBReadCapacityUtilization:table/ch-cert-class-content",
                            "policy_type": "TargetTrackingScaling",
                            "resource_id": "table/ch-cert-class-content",
                            "scalable_dimension": "dynamodb:table:ReadCapacityUnits",
                            "service_namespace": "dynamodb",
                            "step_scaling_policy_configuration.#": "0",
                            "target_tracking_scaling_policy_configuration.#": "1",
                            "target_tracking_scaling_policy_configuration.0.customized_metric_specification.#": "0",
                            "target_tracking_scaling_policy_configuration.0.disable_scale_in": "false",
                            "target_tracking_scaling_policy_configuration.0.predefined_metric_specification.#": "1",
                            "target_tracking_scaling_policy_configuration.0.predefined_metric_specification.0.predefined_metric_type": "DynamoDBReadCapacityUtilization",
                            "target_tracking_scaling_policy_configuration.0.predefined_metric_specification.0.resource_label": "",
                            "target_tracking_scaling_policy_configuration.0.scale_in_cooldown": "0",
                            "target_tracking_scaling_policy_configuration.0.scale_out_cooldown": "0",
                            "target_tracking_scaling_policy_configuration.0.target_value": "70"
                        },
                        "meta": {},
                        "tainted": false
                    },
                    "deposed": [],
                    "provider": "provider.aws"
                },
                "aws_appautoscaling_policy.dynamodb_write_policy": {
                    "type": "aws_appautoscaling_policy",
                    "depends_on": [
                        "aws_appautoscaling_target.dynamodb_write_target"
                    ],
                    "primary": {
                        "id": "DynamoDBWriteCapacityUtilization:table/ch-cert-class-content",
                        "attributes": {
                            "arn": "arn:aws:autoscaling:us-east-1:711638685743:scalingPolicy:41370086-64a9-4215-abc5-ecaf7ff9cd2a:resource/dynamodb/table/ch-cert-class-content:policyName/DynamoDBWriteCapacityUtilization:table/ch-cert-class-content",
                            "id": "DynamoDBWriteCapacityUtilization:table/ch-cert-class-content",
                            "name": "DynamoDBWriteCapacityUtilization:table/ch-cert-class-content",
                            "policy_type": "TargetTrackingScaling",
                            "resource_id": "table/ch-cert-class-content",
                            "scalable_dimension": "dynamodb:table:WriteCapacityUnits",
                            "service_namespace": "dynamodb",
                            "step_scaling_policy_configuration.#": "0",
                            "target_tracking_scaling_policy_configuration.#": "1",
                            "target_tracking_scaling_policy_configuration.0.customized_metric_specification.#": "0",
                            "target_tracking_scaling_policy_configuration.0.disable_scale_in": "false",
                            "target_tracking_scaling_policy_configuration.0.predefined_metric_specification.#": "1",
                            "target_tracking_scaling_policy_configuration.0.predefined_metric_specification.0.predefined_metric_type": "DynamoDBWriteCapacityUtilization",
                            "target_tracking_scaling_policy_configuration.0.predefined_metric_specification.0.resource_label": "",
                            "target_tracking_scaling_policy_configuration.0.scale_in_cooldown": "0",
                            "target_tracking_scaling_policy_configuration.0.scale_out_cooldown": "0",
                            "target_tracking_scaling_policy_configuration.0.target_value": "70"
                        },
                        "meta": {},
                        "tainted": false
                    },
                    "deposed": [],
                    "provider": "provider.aws"
                },
                "aws_appautoscaling_target.dynamodb_read_target": {
                    "type": "aws_appautoscaling_target",
                    "depends_on": [],
                    "primary": {
                        "id": "table/ch-cert-class-content",
                        "attributes": {
                            "id": "table/ch-cert-class-content",
                            "max_capacity": "500",
                            "min_capacity": "5",
                            "resource_id": "table/ch-cert-class-content",
                            "role_arn": "arn:aws:iam::711638685743:role/aws-service-role/dynamodb.application-autoscaling.amazonaws.com/AWSServiceRoleForApplicationAutoScaling_DynamoDBTable",
                            "scalable_dimension": "dynamodb:table:ReadCapacityUnits",
                            "service_namespace": "dynamodb"
                        },
                        "meta": {},
                        "tainted": false
                    },
                    "deposed": [],
                    "provider": "provider.aws"
                },
                "aws_appautoscaling_target.dynamodb_write_target": {
                    "type": "aws_appautoscaling_target",
                    "depends_on": [],
                    "primary": {
                        "id": "table/ch-cert-class-content",
                        "attributes": {
                            "id": "table/ch-cert-class-content",
                            "max_capacity": "500",
                            "min_capacity": "5",
                            "resource_id": "table/ch-cert-class-content",
                            "role_arn": "arn:aws:iam::711638685743:role/aws-service-role/dynamodb.application-autoscaling.amazonaws.com/AWSServiceRoleForApplicationAutoScaling_DynamoDBTable",
                            "scalable_dimension": "dynamodb:table:WriteCapacityUnits",
                            "service_namespace": "dynamodb"
                        },
                        "meta": {},
                        "tainted": false
                    },
                    "deposed": [],
                    "provider": "provider.aws"
                }
            },
            "depends_on": []
        },
        {
            "path": [
                "root",
                "cert-ch",
                "class_object_autoscaling"
            ],
            "outputs": {},
            "resources": {
                "aws_appautoscaling_policy.dynamodb_read_policy": {
                    "type": "aws_appautoscaling_policy",
                    "depends_on": [
                        "aws_appautoscaling_target.dynamodb_read_target"
                    ],
                    "primary": {
                        "id": "DynamoDBReadCapacityUtilization:table/ch-cert-class-object",
                        "attributes": {
                            "arn": "arn:aws:autoscaling:us-east-1:711638685743:scalingPolicy:56ba9dcf-0a77-4c06-b37c-e135771fe0fe:resource/dynamodb/table/ch-cert-class-object:policyName/DynamoDBReadCapacityUtilization:table/ch-cert-class-object",
                            "id": "DynamoDBReadCapacityUtilization:table/ch-cert-class-object",
                            "name": "DynamoDBReadCapacityUtilization:table/ch-cert-class-object",
                            "policy_type": "TargetTrackingScaling",
                            "resource_id": "table/ch-cert-class-object",
                            "scalable_dimension": "dynamodb:table:ReadCapacityUnits",
                            "service_namespace": "dynamodb",
                            "step_scaling_policy_configuration.#": "0",
                            "target_tracking_scaling_policy_configuration.#": "1",
                            "target_tracking_scaling_policy_configuration.0.customized_metric_specification.#": "0",
                            "target_tracking_scaling_policy_configuration.0.disable_scale_in": "false",
                            "target_tracking_scaling_policy_configuration.0.predefined_metric_specification.#": "1",
                            "target_tracking_scaling_policy_configuration.0.predefined_metric_specification.0.predefined_metric_type": "DynamoDBReadCapacityUtilization",
                            "target_tracking_scaling_policy_configuration.0.predefined_metric_specification.0.resource_label": "",
                            "target_tracking_scaling_policy_configuration.0.scale_in_cooldown": "0",
                            "target_tracking_scaling_policy_configuration.0.scale_out_cooldown": "0",
                            "target_tracking_scaling_policy_configuration.0.target_value": "70"
                        },
                        "meta": {},
                        "tainted": false
                    },
                    "deposed": [],
                    "provider": "provider.aws"
                },
                "aws_appautoscaling_policy.dynamodb_write_policy": {
                    "type": "aws_appautoscaling_policy",
                    "depends_on": [
                        "aws_appautoscaling_target.dynamodb_write_target"
                    ],
                    "primary": {
                        "id": "DynamoDBWriteCapacityUtilization:table/ch-cert-class-object",
                        "attributes": {
                            "arn": "arn:aws:autoscaling:us-east-1:711638685743:scalingPolicy:ec7b5488-981e-4366-bf11-ad181eed02ab:resource/dynamodb/table/ch-cert-class-object:policyName/DynamoDBWriteCapacityUtilization:table/ch-cert-class-object",
                            "id": "DynamoDBWriteCapacityUtilization:table/ch-cert-class-object",
                            "name": "DynamoDBWriteCapacityUtilization:table/ch-cert-class-object",
                            "policy_type": "TargetTrackingScaling",
                            "resource_id": "table/ch-cert-class-object",
                            "scalable_dimension": "dynamodb:table:WriteCapacityUnits",
                            "service_namespace": "dynamodb",
                            "step_scaling_policy_configuration.#": "0",
                            "target_tracking_scaling_policy_configuration.#": "1",
                            "target_tracking_scaling_policy_configuration.0.customized_metric_specification.#": "0",
                            "target_tracking_scaling_policy_configuration.0.disable_scale_in": "false",
                            "target_tracking_scaling_policy_configuration.0.predefined_metric_specification.#": "1",
                            "target_tracking_scaling_policy_configuration.0.predefined_metric_specification.0.predefined_metric_type": "DynamoDBWriteCapacityUtilization",
                            "target_tracking_scaling_policy_configuration.0.predefined_metric_specification.0.resource_label": "",
                            "target_tracking_scaling_policy_configuration.0.scale_in_cooldown": "0",
                            "target_tracking_scaling_policy_configuration.0.scale_out_cooldown": "0",
                            "target_tracking_scaling_policy_configuration.0.target_value": "70"
                        },
                        "meta": {},
                        "tainted": false
                    },
                    "deposed": [],
                    "provider": "provider.aws"
                },
                "aws_appautoscaling_target.dynamodb_read_target": {
                    "type": "aws_appautoscaling_target",
                    "depends_on": [],
                    "primary": {
                        "id": "table/ch-cert-class-object",
                        "attributes": {
                            "id": "table/ch-cert-class-object",
                            "max_capacity": "500",
                            "min_capacity": "5",
                            "resource_id": "table/ch-cert-class-object",
                            "role_arn": "arn:aws:iam::711638685743:role/aws-service-role/dynamodb.application-autoscaling.amazonaws.com/AWSServiceRoleForApplicationAutoScaling_DynamoDBTable",
                            "scalable_dimension": "dynamodb:table:ReadCapacityUnits",
                            "service_namespace": "dynamodb"
                        },
                        "meta": {},
                        "tainted": false
                    },
                    "deposed": [],
                    "provider": "provider.aws"
                },
                "aws_appautoscaling_target.dynamodb_write_target": {
                    "type": "aws_appautoscaling_target",
                    "depends_on": [],
                    "primary": {
                        "id": "table/ch-cert-class-object",
                        "attributes": {
                            "id": "table/ch-cert-class-object",
                            "max_capacity": "500",
                            "min_capacity": "5",
                            "resource_id": "table/ch-cert-class-object",
                            "role_arn": "arn:aws:iam::711638685743:role/aws-service-role/dynamodb.application-autoscaling.amazonaws.com/AWSServiceRoleForApplicationAutoScaling_DynamoDBTable",
                            "scalable_dimension": "dynamodb:table:WriteCapacityUnits",
                            "service_namespace": "dynamodb"
                        },
                        "meta": {},
                        "tainted": false
                    },
                    "deposed": [],
                    "provider": "provider.aws"
                }
            },
            "depends_on": []
        },
        {
            "path": [
                "root",
                "dev-ch",
                "calculated_behavior_autoscaling"
            ],
            "outputs": {},
            "resources": {
                "aws_appautoscaling_policy.dynamodb_read_policy": {
                    "type": "aws_appautoscaling_policy",
                    "depends_on": [
                        "aws_appautoscaling_target.dynamodb_read_target"
                    ],
                    "primary": {
                        "id": "DynamoDBReadCapacityUtilization:table/ch-dev-calculated-behavior",
                        "attributes": {
                            "arn": "arn:aws:autoscaling:us-east-1:711638685743:scalingPolicy:6fcb0ace-d6de-4b39-9456-58817629ffec:resource/dynamodb/table/ch-dev-calculated-behavior:policyName/DynamoDBReadCapacityUtilization:table/ch-dev-calculated-behavior",
                            "id": "DynamoDBReadCapacityUtilization:table/ch-dev-calculated-behavior",
                            "name": "DynamoDBReadCapacityUtilization:table/ch-dev-calculated-behavior",
                            "policy_type": "TargetTrackingScaling",
                            "resource_id": "table/ch-dev-calculated-behavior",
                            "scalable_dimension": "dynamodb:table:ReadCapacityUnits",
                            "service_namespace": "dynamodb",
                            "step_scaling_policy_configuration.#": "0",
                            "target_tracking_scaling_policy_configuration.#": "1",
                            "target_tracking_scaling_policy_configuration.0.customized_metric_specification.#": "0",
                            "target_tracking_scaling_policy_configuration.0.disable_scale_in": "false",
                            "target_tracking_scaling_policy_configuration.0.predefined_metric_specification.#": "1",
                            "target_tracking_scaling_policy_configuration.0.predefined_metric_specification.0.predefined_metric_type": "DynamoDBReadCapacityUtilization",
                            "target_tracking_scaling_policy_configuration.0.predefined_metric_specification.0.resource_label": "",
                            "target_tracking_scaling_policy_configuration.0.scale_in_cooldown": "0",
                            "target_tracking_scaling_policy_configuration.0.scale_out_cooldown": "0",
                            "target_tracking_scaling_policy_configuration.0.target_value": "70"
                        },
                        "meta": {},
                        "tainted": false
                    },
                    "deposed": [],
                    "provider": "provider.aws"
                },
                "aws_appautoscaling_policy.dynamodb_write_policy": {
                    "type": "aws_appautoscaling_policy",
                    "depends_on": [
                        "aws_appautoscaling_target.dynamodb_write_target"
                    ],
                    "primary": {
                        "id": "DynamoDBWriteCapacityUtilization:table/ch-dev-calculated-behavior",
                        "attributes": {
                            "arn": "arn:aws:autoscaling:us-east-1:711638685743:scalingPolicy:4e3c8855-25e4-44f8-b9c4-fb9cad8bdb4a:resource/dynamodb/table/ch-dev-calculated-behavior:policyName/DynamoDBWriteCapacityUtilization:table/ch-dev-calculated-behavior",
                            "id": "DynamoDBWriteCapacityUtilization:table/ch-dev-calculated-behavior",
                            "name": "DynamoDBWriteCapacityUtilization:table/ch-dev-calculated-behavior",
                            "policy_type": "TargetTrackingScaling",
                            "resource_id": "table/ch-dev-calculated-behavior",
                            "scalable_dimension": "dynamodb:table:WriteCapacityUnits",
                            "service_namespace": "dynamodb",
                            "step_scaling_policy_configuration.#": "0",
                            "target_tracking_scaling_policy_configuration.#": "1",
                            "target_tracking_scaling_policy_configuration.0.customized_metric_specification.#": "0",
                            "target_tracking_scaling_policy_configuration.0.disable_scale_in": "false",
                            "target_tracking_scaling_policy_configuration.0.predefined_metric_specification.#": "1",
                            "target_tracking_scaling_policy_configuration.0.predefined_metric_specification.0.predefined_metric_type": "DynamoDBWriteCapacityUtilization",
                            "target_tracking_scaling_policy_configuration.0.predefined_metric_specification.0.resource_label": "",
                            "target_tracking_scaling_policy_configuration.0.scale_in_cooldown": "0",
                            "target_tracking_scaling_policy_configuration.0.scale_out_cooldown": "0",
                            "target_tracking_scaling_policy_configuration.0.target_value": "70"
                        },
                        "meta": {},
                        "tainted": false
                    },
                    "deposed": [],
                    "provider": "provider.aws"
                },
                "aws_appautoscaling_target.dynamodb_read_target": {
                    "type": "aws_appautoscaling_target",
                    "depends_on": [],
                    "primary": {
                        "id": "table/ch-dev-calculated-behavior",
                        "attributes": {
                            "id": "table/ch-dev-calculated-behavior",
                            "max_capacity": "100",
                            "min_capacity": "1",
                            "resource_id": "table/ch-dev-calculated-behavior",
                            "role_arn": "arn:aws:iam::711638685743:role/aws-service-role/dynamodb.application-autoscaling.amazonaws.com/AWSServiceRoleForApplicationAutoScaling_DynamoDBTable",
                            "scalable_dimension": "dynamodb:table:ReadCapacityUnits",
                            "service_namespace": "dynamodb"
                        },
                        "meta": {},
                        "tainted": false
                    },
                    "deposed": [],
                    "provider": "provider.aws"
                },
                "aws_appautoscaling_target.dynamodb_write_target": {
                    "type": "aws_appautoscaling_target",
                    "depends_on": [],
                    "primary": {
                        "id": "table/ch-dev-calculated-behavior",
                        "attributes": {
                            "id": "table/ch-dev-calculated-behavior",
                            "max_capacity": "100",
                            "min_capacity": "1",
                            "resource_id": "table/ch-dev-calculated-behavior",
                            "role_arn": "arn:aws:iam::711638685743:role/aws-service-role/dynamodb.application-autoscaling.amazonaws.com/AWSServiceRoleForApplicationAutoScaling_DynamoDBTable",
                            "scalable_dimension": "dynamodb:table:WriteCapacityUnits",
                            "service_namespace": "dynamodb"
                        },
                        "meta": {},
                        "tainted": false
                    },
                    "deposed": [],
                    "provider": "provider.aws"
                }
            },
            "depends_on": []
        },
        {
            "path": [
                "root",
                "dev-ch",
                "class_content_autoscaling"
            ],
            "outputs": {},
            "resources": {
                "aws_appautoscaling_policy.dynamodb_read_policy": {
                    "type": "aws_appautoscaling_policy",
                    "depends_on": [
                        "aws_appautoscaling_target.dynamodb_read_target"
                    ],
                    "primary": {
                        "id": "DynamoDBReadCapacityUtilization:table/ch-dev-class-content",
                        "attributes": {
                            "arn": "arn:aws:autoscaling:us-east-1:711638685743:scalingPolicy:d63d9e5e-b999-4b99-87db-bc34510899c2:resource/dynamodb/table/ch-dev-class-content:policyName/DynamoDBReadCapacityUtilization:table/ch-dev-class-content",
                            "id": "DynamoDBReadCapacityUtilization:table/ch-dev-class-content",
                            "name": "DynamoDBReadCapacityUtilization:table/ch-dev-class-content",
                            "policy_type": "TargetTrackingScaling",
                            "resource_id": "table/ch-dev-class-content",
                            "scalable_dimension": "dynamodb:table:ReadCapacityUnits",
                            "service_namespace": "dynamodb",
                            "step_scaling_policy_configuration.#": "0",
                            "target_tracking_scaling_policy_configuration.#": "1",
                            "target_tracking_scaling_policy_configuration.0.customized_metric_specification.#": "0",
                            "target_tracking_scaling_policy_configuration.0.disable_scale_in": "false",
                            "target_tracking_scaling_policy_configuration.0.predefined_metric_specification.#": "1",
                            "target_tracking_scaling_policy_configuration.0.predefined_metric_specification.0.predefined_metric_type": "DynamoDBReadCapacityUtilization",
                            "target_tracking_scaling_policy_configuration.0.predefined_metric_specification.0.resource_label": "",
                            "target_tracking_scaling_policy_configuration.0.scale_in_cooldown": "0",
                            "target_tracking_scaling_policy_configuration.0.scale_out_cooldown": "0",
                            "target_tracking_scaling_policy_configuration.0.target_value": "70"
                        },
                        "meta": {},
                        "tainted": false
                    },
                    "deposed": [],
                    "provider": "provider.aws"
                },
                "aws_appautoscaling_policy.dynamodb_write_policy": {
                    "type": "aws_appautoscaling_policy",
                    "depends_on": [
                        "aws_appautoscaling_target.dynamodb_write_target"
                    ],
                    "primary": {
                        "id": "DynamoDBWriteCapacityUtilization:table/ch-dev-class-content",
                        "attributes": {
                            "arn": "arn:aws:autoscaling:us-east-1:711638685743:scalingPolicy:b70ce703-6921-424a-9713-84dd32cd5ecf:resource/dynamodb/table/ch-dev-class-content:policyName/DynamoDBWriteCapacityUtilization:table/ch-dev-class-content",
                            "id": "DynamoDBWriteCapacityUtilization:table/ch-dev-class-content",
                            "name": "DynamoDBWriteCapacityUtilization:table/ch-dev-class-content",
                            "policy_type": "TargetTrackingScaling",
                            "resource_id": "table/ch-dev-class-content",
                            "scalable_dimension": "dynamodb:table:WriteCapacityUnits",
                            "service_namespace": "dynamodb",
                            "step_scaling_policy_configuration.#": "0",
                            "target_tracking_scaling_policy_configuration.#": "1",
                            "target_tracking_scaling_policy_configuration.0.customized_metric_specification.#": "0",
                            "target_tracking_scaling_policy_configuration.0.disable_scale_in": "false",
                            "target_tracking_scaling_policy_configuration.0.predefined_metric_specification.#": "1",
                            "target_tracking_scaling_policy_configuration.0.predefined_metric_specification.0.predefined_metric_type": "DynamoDBWriteCapacityUtilization",
                            "target_tracking_scaling_policy_configuration.0.predefined_metric_specification.0.resource_label": "",
                            "target_tracking_scaling_policy_configuration.0.scale_in_cooldown": "0",
                            "target_tracking_scaling_policy_configuration.0.scale_out_cooldown": "0",
                            "target_tracking_scaling_policy_configuration.0.target_value": "70"
                        },
                        "meta": {},
                        "tainted": false
                    },
                    "deposed": [],
                    "provider": "provider.aws"
                },
                "aws_appautoscaling_target.dynamodb_read_target": {
                    "type": "aws_appautoscaling_target",
                    "depends_on": [],
                    "primary": {
                        "id": "table/ch-dev-class-content",
                        "attributes": {
                            "id": "table/ch-dev-class-content",
                            "max_capacity": "100",
                            "min_capacity": "1",
                            "resource_id": "table/ch-dev-class-content",
                            "role_arn": "arn:aws:iam::711638685743:role/aws-service-role/dynamodb.application-autoscaling.amazonaws.com/AWSServiceRoleForApplicationAutoScaling_DynamoDBTable",
                            "scalable_dimension": "dynamodb:table:ReadCapacityUnits",
                            "service_namespace": "dynamodb"
                        },
                        "meta": {},
                        "tainted": false
                    },
                    "deposed": [],
                    "provider": "provider.aws"
                },
                "aws_appautoscaling_target.dynamodb_write_target": {
                    "type": "aws_appautoscaling_target",
                    "depends_on": [],
                    "primary": {
                        "id": "table/ch-dev-class-content",
                        "attributes": {
                            "id": "table/ch-dev-class-content",
                            "max_capacity": "100",
                            "min_capacity": "1",
                            "resource_id": "table/ch-dev-class-content",
                            "role_arn": "arn:aws:iam::711638685743:role/aws-service-role/dynamodb.application-autoscaling.amazonaws.com/AWSServiceRoleForApplicationAutoScaling_DynamoDBTable",
                            "scalable_dimension": "dynamodb:table:WriteCapacityUnits",
                            "service_namespace": "dynamodb"
                        },
                        "meta": {},
                        "tainted": false
                    },
                    "deposed": [],
                    "provider": "provider.aws"
                }
            },
            "depends_on": []
        },
        {
            "path": [
                "root",
                "dev-ch",
                "class_object_autoscaling"
            ],
            "outputs": {},
            "resources": {
                "aws_appautoscaling_policy.dynamodb_read_policy": {
                    "type": "aws_appautoscaling_policy",
                    "depends_on": [
                        "aws_appautoscaling_target.dynamodb_read_target"
                    ],
                    "primary": {
                        "id": "DynamoDBReadCapacityUtilization:table/ch-dev-class-object",
                        "attributes": {
                            "arn": "arn:aws:autoscaling:us-east-1:711638685743:scalingPolicy:8f4b81b6-e23c-45f2-9b39-45ce7070d78b:resource/dynamodb/table/ch-dev-class-object:policyName/DynamoDBReadCapacityUtilization:table/ch-dev-class-object",
                            "id": "DynamoDBReadCapacityUtilization:table/ch-dev-class-object",
                            "name": "DynamoDBReadCapacityUtilization:table/ch-dev-class-object",
                            "policy_type": "TargetTrackingScaling",
                            "resource_id": "table/ch-dev-class-object",
                            "scalable_dimension": "dynamodb:table:ReadCapacityUnits",
                            "service_namespace": "dynamodb",
                            "step_scaling_policy_configuration.#": "0",
                            "target_tracking_scaling_policy_configuration.#": "1",
                            "target_tracking_scaling_policy_configuration.0.customized_metric_specification.#": "0",
                            "target_tracking_scaling_policy_configuration.0.disable_scale_in": "false",
                            "target_tracking_scaling_policy_configuration.0.predefined_metric_specification.#": "1",
                            "target_tracking_scaling_policy_configuration.0.predefined_metric_specification.0.predefined_metric_type": "DynamoDBReadCapacityUtilization",
                            "target_tracking_scaling_policy_configuration.0.predefined_metric_specification.0.resource_label": "",
                            "target_tracking_scaling_policy_configuration.0.scale_in_cooldown": "0",
                            "target_tracking_scaling_policy_configuration.0.scale_out_cooldown": "0",
                            "target_tracking_scaling_policy_configuration.0.target_value": "70"
                        },
                        "meta": {},
                        "tainted": false
                    },
                    "deposed": [],
                    "provider": "provider.aws"
                },
                "aws_appautoscaling_policy.dynamodb_write_policy": {
                    "type": "aws_appautoscaling_policy",
                    "depends_on": [
                        "aws_appautoscaling_target.dynamodb_write_target"
                    ],
                    "primary": {
                        "id": "DynamoDBWriteCapacityUtilization:table/ch-dev-class-object",
                        "attributes": {
                            "arn": "arn:aws:autoscaling:us-east-1:711638685743:scalingPolicy:4573665f-f105-458f-892e-e1c353e90cc5:resource/dynamodb/table/ch-dev-class-object:policyName/DynamoDBWriteCapacityUtilization:table/ch-dev-class-object",
                            "id": "DynamoDBWriteCapacityUtilization:table/ch-dev-class-object",
                            "name": "DynamoDBWriteCapacityUtilization:table/ch-dev-class-object",
                            "policy_type": "TargetTrackingScaling",
                            "resource_id": "table/ch-dev-class-object",
                            "scalable_dimension": "dynamodb:table:WriteCapacityUnits",
                            "service_namespace": "dynamodb",
                            "step_scaling_policy_configuration.#": "0",
                            "target_tracking_scaling_policy_configuration.#": "1",
                            "target_tracking_scaling_policy_configuration.0.customized_metric_specification.#": "0",
                            "target_tracking_scaling_policy_configuration.0.disable_scale_in": "false",
                            "target_tracking_scaling_policy_configuration.0.predefined_metric_specification.#": "1",
                            "target_tracking_scaling_policy_configuration.0.predefined_metric_specification.0.predefined_metric_type": "DynamoDBWriteCapacityUtilization",
                            "target_tracking_scaling_policy_configuration.0.predefined_metric_specification.0.resource_label": "",
                            "target_tracking_scaling_policy_configuration.0.scale_in_cooldown": "0",
                            "target_tracking_scaling_policy_configuration.0.scale_out_cooldown": "0",
                            "target_tracking_scaling_policy_configuration.0.target_value": "70"
                        },
                        "meta": {},
                        "tainted": false
                    },
                    "deposed": [],
                    "provider": "provider.aws"
                },
                "aws_appautoscaling_target.dynamodb_read_target": {
                    "type": "aws_appautoscaling_target",
                    "depends_on": [],
                    "primary": {
                        "id": "table/ch-dev-class-object",
                        "attributes": {
                            "id": "table/ch-dev-class-object",
                            "max_capacity": "100",
                            "min_capacity": "1",
                            "resource_id": "table/ch-dev-class-object",
                            "role_arn": "arn:aws:iam::711638685743:role/aws-service-role/dynamodb.application-autoscaling.amazonaws.com/AWSServiceRoleForApplicationAutoScaling_DynamoDBTable",
                            "scalable_dimension": "dynamodb:table:ReadCapacityUnits",
                            "service_namespace": "dynamodb"
                        },
                        "meta": {},
                        "tainted": false
                    },
                    "deposed": [],
                    "provider": "provider.aws"
                },
                "aws_appautoscaling_target.dynamodb_write_target": {
                    "type": "aws_appautoscaling_target",
                    "depends_on": [],
                    "primary": {
                        "id": "table/ch-dev-class-object",
                        "attributes": {
                            "id": "table/ch-dev-class-object",
                            "max_capacity": "100",
                            "min_capacity": "1",
                            "resource_id": "table/ch-dev-class-object",
                            "role_arn": "arn:aws:iam::711638685743:role/aws-service-role/dynamodb.application-autoscaling.amazonaws.com/AWSServiceRoleForApplicationAutoScaling_DynamoDBTable",
                            "scalable_dimension": "dynamodb:table:WriteCapacityUnits",
                            "service_namespace": "dynamodb"
                        },
                        "meta": {},
                        "tainted": false
                    },
                    "deposed": [],
                    "provider": "provider.aws"
                }
            },
            "depends_on": []
        },
        {
            "path": [
                "root",
                "int-ch",
                "calculated_behavior_autoscaling"
            ],
            "outputs": {},
            "resources": {
                "aws_appautoscaling_policy.dynamodb_read_policy": {
                    "type": "aws_appautoscaling_policy",
                    "depends_on": [
                        "aws_appautoscaling_target.dynamodb_read_target"
                    ],
                    "primary": {
                        "id": "DynamoDBReadCapacityUtilization:table/ch-int-calculated-behavior",
                        "attributes": {
                            "arn": "arn:aws:autoscaling:us-east-1:711638685743:scalingPolicy:67a963ac-ed35-4706-a17f-0d741ed9697a:resource/dynamodb/table/ch-int-calculated-behavior:policyName/DynamoDBReadCapacityUtilization:table/ch-int-calculated-behavior",
                            "id": "DynamoDBReadCapacityUtilization:table/ch-int-calculated-behavior",
                            "name": "DynamoDBReadCapacityUtilization:table/ch-int-calculated-behavior",
                            "policy_type": "TargetTrackingScaling",
                            "resource_id": "table/ch-int-calculated-behavior",
                            "scalable_dimension": "dynamodb:table:ReadCapacityUnits",
                            "service_namespace": "dynamodb",
                            "step_scaling_policy_configuration.#": "0",
                            "target_tracking_scaling_policy_configuration.#": "1",
                            "target_tracking_scaling_policy_configuration.0.customized_metric_specification.#": "0",
                            "target_tracking_scaling_policy_configuration.0.disable_scale_in": "false",
                            "target_tracking_scaling_policy_configuration.0.predefined_metric_specification.#": "1",
                            "target_tracking_scaling_policy_configuration.0.predefined_metric_specification.0.predefined_metric_type": "DynamoDBReadCapacityUtilization",
                            "target_tracking_scaling_policy_configuration.0.predefined_metric_specification.0.resource_label": "",
                            "target_tracking_scaling_policy_configuration.0.scale_in_cooldown": "0",
                            "target_tracking_scaling_policy_configuration.0.scale_out_cooldown": "0",
                            "target_tracking_scaling_policy_configuration.0.target_value": "70"
                        },
                        "meta": {},
                        "tainted": false
                    },
                    "deposed": [],
                    "provider": "provider.aws"
                },
                "aws_appautoscaling_policy.dynamodb_write_policy": {
                    "type": "aws_appautoscaling_policy",
                    "depends_on": [
                        "aws_appautoscaling_target.dynamodb_write_target"
                    ],
                    "primary": {
                        "id": "DynamoDBWriteCapacityUtilization:table/ch-int-calculated-behavior",
                        "attributes": {
                            "arn": "arn:aws:autoscaling:us-east-1:711638685743:scalingPolicy:7a4e10eb-add8-453c-8817-314e4663be0c:resource/dynamodb/table/ch-int-calculated-behavior:policyName/DynamoDBWriteCapacityUtilization:table/ch-int-calculated-behavior",
                            "id": "DynamoDBWriteCapacityUtilization:table/ch-int-calculated-behavior",
                            "name": "DynamoDBWriteCapacityUtilization:table/ch-int-calculated-behavior",
                            "policy_type": "TargetTrackingScaling",
                            "resource_id": "table/ch-int-calculated-behavior",
                            "scalable_dimension": "dynamodb:table:WriteCapacityUnits",
                            "service_namespace": "dynamodb",
                            "step_scaling_policy_configuration.#": "0",
                            "target_tracking_scaling_policy_configuration.#": "1",
                            "target_tracking_scaling_policy_configuration.0.customized_metric_specification.#": "0",
                            "target_tracking_scaling_policy_configuration.0.disable_scale_in": "false",
                            "target_tracking_scaling_policy_configuration.0.predefined_metric_specification.#": "1",
                            "target_tracking_scaling_policy_configuration.0.predefined_metric_specification.0.predefined_metric_type": "DynamoDBWriteCapacityUtilization",
                            "target_tracking_scaling_policy_configuration.0.predefined_metric_specification.0.resource_label": "",
                            "target_tracking_scaling_policy_configuration.0.scale_in_cooldown": "0",
                            "target_tracking_scaling_policy_configuration.0.scale_out_cooldown": "0",
                            "target_tracking_scaling_policy_configuration.0.target_value": "70"
                        },
                        "meta": {},
                        "tainted": false
                    },
                    "deposed": [],
                    "provider": "provider.aws"
                },
                "aws_appautoscaling_target.dynamodb_read_target": {
                    "type": "aws_appautoscaling_target",
                    "depends_on": [],
                    "primary": {
                        "id": "table/ch-int-calculated-behavior",
                        "attributes": {
                            "id": "table/ch-int-calculated-behavior",
                            "max_capacity": "1000",
                            "min_capacity": "10",
                            "resource_id": "table/ch-int-calculated-behavior",
                            "role_arn": "arn:aws:iam::711638685743:role/aws-service-role/dynamodb.application-autoscaling.amazonaws.com/AWSServiceRoleForApplicationAutoScaling_DynamoDBTable",
                            "scalable_dimension": "dynamodb:table:ReadCapacityUnits",
                            "service_namespace": "dynamodb"
                        },
                        "meta": {},
                        "tainted": false
                    },
                    "deposed": [],
                    "provider": "provider.aws"
                },
                "aws_appautoscaling_target.dynamodb_write_target": {
                    "type": "aws_appautoscaling_target",
                    "depends_on": [],
                    "primary": {
                        "id": "table/ch-int-calculated-behavior",
                        "attributes": {
                            "id": "table/ch-int-calculated-behavior",
                            "max_capacity": "1000",
                            "min_capacity": "10",
                            "resource_id": "table/ch-int-calculated-behavior",
                            "role_arn": "arn:aws:iam::711638685743:role/aws-service-role/dynamodb.application-autoscaling.amazonaws.com/AWSServiceRoleForApplicationAutoScaling_DynamoDBTable",
                            "scalable_dimension": "dynamodb:table:WriteCapacityUnits",
                            "service_namespace": "dynamodb"
                        },
                        "meta": {},
                        "tainted": false
                    },
                    "deposed": [],
                    "provider": "provider.aws"
                }
            },
            "depends_on": []
        },
        {
            "path": [
                "root",
                "int-ch",
                "class_content_autoscaling"
            ],
            "outputs": {},
            "resources": {
                "aws_appautoscaling_policy.dynamodb_read_policy": {
                    "type": "aws_appautoscaling_policy",
                    "depends_on": [
                        "aws_appautoscaling_target.dynamodb_read_target"
                    ],
                    "primary": {
                        "id": "DynamoDBReadCapacityUtilization:table/ch-int-class-content",
                        "attributes": {
                            "arn": "arn:aws:autoscaling:us-east-1:711638685743:scalingPolicy:73852a17-2858-408b-afa9-4bd9fa256e2b:resource/dynamodb/table/ch-int-class-content:policyName/DynamoDBReadCapacityUtilization:table/ch-int-class-content",
                            "id": "DynamoDBReadCapacityUtilization:table/ch-int-class-content",
                            "name": "DynamoDBReadCapacityUtilization:table/ch-int-class-content",
                            "policy_type": "TargetTrackingScaling",
                            "resource_id": "table/ch-int-class-content",
                            "scalable_dimension": "dynamodb:table:ReadCapacityUnits",
                            "service_namespace": "dynamodb",
                            "step_scaling_policy_configuration.#": "0",
                            "target_tracking_scaling_policy_configuration.#": "1",
                            "target_tracking_scaling_policy_configuration.0.customized_metric_specification.#": "0",
                            "target_tracking_scaling_policy_configuration.0.disable_scale_in": "false",
                            "target_tracking_scaling_policy_configuration.0.predefined_metric_specification.#": "1",
                            "target_tracking_scaling_policy_configuration.0.predefined_metric_specification.0.predefined_metric_type": "DynamoDBReadCapacityUtilization",
                            "target_tracking_scaling_policy_configuration.0.predefined_metric_specification.0.resource_label": "",
                            "target_tracking_scaling_policy_configuration.0.scale_in_cooldown": "0",
                            "target_tracking_scaling_policy_configuration.0.scale_out_cooldown": "0",
                            "target_tracking_scaling_policy_configuration.0.target_value": "70"
                        },
                        "meta": {},
                        "tainted": false
                    },
                    "deposed": [],
                    "provider": "provider.aws"
                },
                "aws_appautoscaling_policy.dynamodb_write_policy": {
                    "type": "aws_appautoscaling_policy",
                    "depends_on": [
                        "aws_appautoscaling_target.dynamodb_write_target"
                    ],
                    "primary": {
                        "id": "DynamoDBWriteCapacityUtilization:table/ch-int-class-content",
                        "attributes": {
                            "arn": "arn:aws:autoscaling:us-east-1:711638685743:scalingPolicy:25dde15b-407b-4875-b911-e7203227dbd3:resource/dynamodb/table/ch-int-class-content:policyName/DynamoDBWriteCapacityUtilization:table/ch-int-class-content",
                            "id": "DynamoDBWriteCapacityUtilization:table/ch-int-class-content",
                            "name": "DynamoDBWriteCapacityUtilization:table/ch-int-class-content",
                            "policy_type": "TargetTrackingScaling",
                            "resource_id": "table/ch-int-class-content",
                            "scalable_dimension": "dynamodb:table:WriteCapacityUnits",
                            "service_namespace": "dynamodb",
                            "step_scaling_policy_configuration.#": "0",
                            "target_tracking_scaling_policy_configuration.#": "1",
                            "target_tracking_scaling_policy_configuration.0.customized_metric_specification.#": "0",
                            "target_tracking_scaling_policy_configuration.0.disable_scale_in": "false",
                            "target_tracking_scaling_policy_configuration.0.predefined_metric_specification.#": "1",
                            "target_tracking_scaling_policy_configuration.0.predefined_metric_specification.0.predefined_metric_type": "DynamoDBWriteCapacityUtilization",
                            "target_tracking_scaling_policy_configuration.0.predefined_metric_specification.0.resource_label": "",
                            "target_tracking_scaling_policy_configuration.0.scale_in_cooldown": "0",
                            "target_tracking_scaling_policy_configuration.0.scale_out_cooldown": "0",
                            "target_tracking_scaling_policy_configuration.0.target_value": "70"
                        },
                        "meta": {},
                        "tainted": false
                    },
                    "deposed": [],
                    "provider": "provider.aws"
                },
                "aws_appautoscaling_target.dynamodb_read_target": {
                    "type": "aws_appautoscaling_target",
                    "depends_on": [],
                    "primary": {
                        "id": "table/ch-int-class-content",
                        "attributes": {
                            "id": "table/ch-int-class-content",
                            "max_capacity": "100",
                            "min_capacity": "1",
                            "resource_id": "table/ch-int-class-content",
                            "role_arn": "arn:aws:iam::711638685743:role/aws-service-role/dynamodb.application-autoscaling.amazonaws.com/AWSServiceRoleForApplicationAutoScaling_DynamoDBTable",
                            "scalable_dimension": "dynamodb:table:ReadCapacityUnits",
                            "service_namespace": "dynamodb"
                        },
                        "meta": {},
                        "tainted": false
                    },
                    "deposed": [],
                    "provider": "provider.aws"
                },
                "aws_appautoscaling_target.dynamodb_write_target": {
                    "type": "aws_appautoscaling_target",
                    "depends_on": [],
                    "primary": {
                        "id": "table/ch-int-class-content",
                        "attributes": {
                            "id": "table/ch-int-class-content",
                            "max_capacity": "100",
                            "min_capacity": "1",
                            "resource_id": "table/ch-int-class-content",
                            "role_arn": "arn:aws:iam::711638685743:role/aws-service-role/dynamodb.application-autoscaling.amazonaws.com/AWSServiceRoleForApplicationAutoScaling_DynamoDBTable",
                            "scalable_dimension": "dynamodb:table:WriteCapacityUnits",
                            "service_namespace": "dynamodb"
                        },
                        "meta": {},
                        "tainted": false
                    },
                    "deposed": [],
                    "provider": "provider.aws"
                }
            },
            "depends_on": []
        },
        {
            "path": [
                "root",
                "int-ch",
                "class_object_autoscaling"
            ],
            "outputs": {},
            "resources": {
                "aws_appautoscaling_policy.dynamodb_read_policy": {
                    "type": "aws_appautoscaling_policy",
                    "depends_on": [
                        "aws_appautoscaling_target.dynamodb_read_target"
                    ],
                    "primary": {
                        "id": "DynamoDBReadCapacityUtilization:table/ch-int-class-object",
                        "attributes": {
                            "arn": "arn:aws:autoscaling:us-east-1:711638685743:scalingPolicy:34c93bda-4063-4a79-9529-4071acf27415:resource/dynamodb/table/ch-int-class-object:policyName/DynamoDBReadCapacityUtilization:table/ch-int-class-object",
                            "id": "DynamoDBReadCapacityUtilization:table/ch-int-class-object",
                            "name": "DynamoDBReadCapacityUtilization:table/ch-int-class-object",
                            "policy_type": "TargetTrackingScaling",
                            "resource_id": "table/ch-int-class-object",
                            "scalable_dimension": "dynamodb:table:ReadCapacityUnits",
                            "service_namespace": "dynamodb",
                            "step_scaling_policy_configuration.#": "0",
                            "target_tracking_scaling_policy_configuration.#": "1",
                            "target_tracking_scaling_policy_configuration.0.customized_metric_specification.#": "0",
                            "target_tracking_scaling_policy_configuration.0.disable_scale_in": "false",
                            "target_tracking_scaling_policy_configuration.0.predefined_metric_specification.#": "1",
                            "target_tracking_scaling_policy_configuration.0.predefined_metric_specification.0.predefined_metric_type": "DynamoDBReadCapacityUtilization",
                            "target_tracking_scaling_policy_configuration.0.predefined_metric_specification.0.resource_label": "",
                            "target_tracking_scaling_policy_configuration.0.scale_in_cooldown": "0",
                            "target_tracking_scaling_policy_configuration.0.scale_out_cooldown": "0",
                            "target_tracking_scaling_policy_configuration.0.target_value": "70"
                        },
                        "meta": {},
                        "tainted": false
                    },
                    "deposed": [],
                    "provider": "provider.aws"
                },
                "aws_appautoscaling_policy.dynamodb_write_policy": {
                    "type": "aws_appautoscaling_policy",
                    "depends_on": [
                        "aws_appautoscaling_target.dynamodb_write_target"
                    ],
                    "primary": {
                        "id": "DynamoDBWriteCapacityUtilization:table/ch-int-class-object",
                        "attributes": {
                            "arn": "arn:aws:autoscaling:us-east-1:711638685743:scalingPolicy:5a81b7a6-5706-4f5c-a3e2-d938c7eb224c:resource/dynamodb/table/ch-int-class-object:policyName/DynamoDBWriteCapacityUtilization:table/ch-int-class-object",
                            "id": "DynamoDBWriteCapacityUtilization:table/ch-int-class-object",
                            "name": "DynamoDBWriteCapacityUtilization:table/ch-int-class-object",
                            "policy_type": "TargetTrackingScaling",
                            "resource_id": "table/ch-int-class-object",
                            "scalable_dimension": "dynamodb:table:WriteCapacityUnits",
                            "service_namespace": "dynamodb",
                            "step_scaling_policy_configuration.#": "0",
                            "target_tracking_scaling_policy_configuration.#": "1",
                            "target_tracking_scaling_policy_configuration.0.customized_metric_specification.#": "0",
                            "target_tracking_scaling_policy_configuration.0.disable_scale_in": "false",
                            "target_tracking_scaling_policy_configuration.0.predefined_metric_specification.#": "1",
                            "target_tracking_scaling_policy_configuration.0.predefined_metric_specification.0.predefined_metric_type": "DynamoDBWriteCapacityUtilization",
                            "target_tracking_scaling_policy_configuration.0.predefined_metric_specification.0.resource_label": "",
                            "target_tracking_scaling_policy_configuration.0.scale_in_cooldown": "0",
                            "target_tracking_scaling_policy_configuration.0.scale_out_cooldown": "0",
                            "target_tracking_scaling_policy_configuration.0.target_value": "70"
                        },
                        "meta": {},
                        "tainted": false
                    },
                    "deposed": [],
                    "provider": "provider.aws"
                },
                "aws_appautoscaling_target.dynamodb_read_target": {
                    "type": "aws_appautoscaling_target",
                    "depends_on": [],
                    "primary": {
                        "id": "table/ch-int-class-object",
                        "attributes": {
                            "id": "table/ch-int-class-object",
                            "max_capacity": "100",
                            "min_capacity": "1",
                            "resource_id": "table/ch-int-class-object",
                            "role_arn": "arn:aws:iam::711638685743:role/aws-service-role/dynamodb.application-autoscaling.amazonaws.com/AWSServiceRoleForApplicationAutoScaling_DynamoDBTable",
                            "scalable_dimension": "dynamodb:table:ReadCapacityUnits",
                            "service_namespace": "dynamodb"
                        },
                        "meta": {},
                        "tainted": false
                    },
                    "deposed": [],
                    "provider": "provider.aws"
                },
                "aws_appautoscaling_target.dynamodb_write_target": {
                    "type": "aws_appautoscaling_target",
                    "depends_on": [],
                    "primary": {
                        "id": "table/ch-int-class-object",
                        "attributes": {
                            "id": "table/ch-int-class-object",
                            "max_capacity": "100",
                            "min_capacity": "1",
                            "resource_id": "table/ch-int-class-object",
                            "role_arn": "arn:aws:iam::711638685743:role/aws-service-role/dynamodb.application-autoscaling.amazonaws.com/AWSServiceRoleForApplicationAutoScaling_DynamoDBTable",
                            "scalable_dimension": "dynamodb:table:WriteCapacityUnits",
                            "service_namespace": "dynamodb"
                        },
                        "meta": {},
                        "tainted": false
                    },
                    "deposed": [],
                    "provider": "provider.aws"
                }
            },
            "depends_on": []
        },
        {
            "path": [
                "root",
                "prod-ch",
                "calculated_behavior_autoscaling"
            ],
            "outputs": {},
            "resources": {
                "aws_appautoscaling_policy.dynamodb_read_policy": {
                    "type": "aws_appautoscaling_policy",
                    "depends_on": [
                        "aws_appautoscaling_target.dynamodb_read_target"
                    ],
                    "primary": {
                        "id": "DynamoDBReadCapacityUtilization:table/ch-prod-calculated-behavior",
                        "attributes": {
                            "arn": "arn:aws:autoscaling:us-east-1:711638685743:scalingPolicy:96475c12-48ff-4b16-bd27-505bbcbdfbb0:resource/dynamodb/table/ch-prod-calculated-behavior:policyName/DynamoDBReadCapacityUtilization:table/ch-prod-calculated-behavior",
                            "id": "DynamoDBReadCapacityUtilization:table/ch-prod-calculated-behavior",
                            "name": "DynamoDBReadCapacityUtilization:table/ch-prod-calculated-behavior",
                            "policy_type": "TargetTrackingScaling",
                            "resource_id": "table/ch-prod-calculated-behavior",
                            "scalable_dimension": "dynamodb:table:ReadCapacityUnits",
                            "service_namespace": "dynamodb",
                            "step_scaling_policy_configuration.#": "0",
                            "target_tracking_scaling_policy_configuration.#": "1",
                            "target_tracking_scaling_policy_configuration.0.customized_metric_specification.#": "0",
                            "target_tracking_scaling_policy_configuration.0.disable_scale_in": "false",
                            "target_tracking_scaling_policy_configuration.0.predefined_metric_specification.#": "1",
                            "target_tracking_scaling_policy_configuration.0.predefined_metric_specification.0.predefined_metric_type": "DynamoDBReadCapacityUtilization",
                            "target_tracking_scaling_policy_configuration.0.predefined_metric_specification.0.resource_label": "",
                            "target_tracking_scaling_policy_configuration.0.scale_in_cooldown": "0",
                            "target_tracking_scaling_policy_configuration.0.scale_out_cooldown": "0",
                            "target_tracking_scaling_policy_configuration.0.target_value": "70"
                        },
                        "meta": {},
                        "tainted": false
                    },
                    "deposed": [],
                    "provider": "provider.aws"
                },
                "aws_appautoscaling_policy.dynamodb_write_policy": {
                    "type": "aws_appautoscaling_policy",
                    "depends_on": [
                        "aws_appautoscaling_target.dynamodb_write_target"
                    ],
                    "primary": {
                        "id": "DynamoDBWriteCapacityUtilization:table/ch-prod-calculated-behavior",
                        "attributes": {
                            "arn": "arn:aws:autoscaling:us-east-1:711638685743:scalingPolicy:84578b34-4e1c-44f4-b56a-8f91582e3c40:resource/dynamodb/table/ch-prod-calculated-behavior:policyName/DynamoDBWriteCapacityUtilization:table/ch-prod-calculated-behavior",
                            "id": "DynamoDBWriteCapacityUtilization:table/ch-prod-calculated-behavior",
                            "name": "DynamoDBWriteCapacityUtilization:table/ch-prod-calculated-behavior",
                            "policy_type": "TargetTrackingScaling",
                            "resource_id": "table/ch-prod-calculated-behavior",
                            "scalable_dimension": "dynamodb:table:WriteCapacityUnits",
                            "service_namespace": "dynamodb",
                            "step_scaling_policy_configuration.#": "0",
                            "target_tracking_scaling_policy_configuration.#": "1",
                            "target_tracking_scaling_policy_configuration.0.customized_metric_specification.#": "0",
                            "target_tracking_scaling_policy_configuration.0.disable_scale_in": "false",
                            "target_tracking_scaling_policy_configuration.0.predefined_metric_specification.#": "1",
                            "target_tracking_scaling_policy_configuration.0.predefined_metric_specification.0.predefined_metric_type": "DynamoDBWriteCapacityUtilization",
                            "target_tracking_scaling_policy_configuration.0.predefined_metric_specification.0.resource_label": "",
                            "target_tracking_scaling_policy_configuration.0.scale_in_cooldown": "0",
                            "target_tracking_scaling_policy_configuration.0.scale_out_cooldown": "0",
                            "target_tracking_scaling_policy_configuration.0.target_value": "70"
                        },
                        "meta": {},
                        "tainted": false
                    },
                    "deposed": [],
                    "provider": "provider.aws"
                },
                "aws_appautoscaling_target.dynamodb_read_target": {
                    "type": "aws_appautoscaling_target",
                    "depends_on": [],
                    "primary": {
                        "id": "table/ch-prod-calculated-behavior",
                        "attributes": {
                            "id": "table/ch-prod-calculated-behavior",
                            "max_capacity": "1000",
                            "min_capacity": "10",
                            "resource_id": "table/ch-prod-calculated-behavior",
                            "role_arn": "arn:aws:iam::711638685743:role/aws-service-role/dynamodb.application-autoscaling.amazonaws.com/AWSServiceRoleForApplicationAutoScaling_DynamoDBTable",
                            "scalable_dimension": "dynamodb:table:ReadCapacityUnits",
                            "service_namespace": "dynamodb"
                        },
                        "meta": {},
                        "tainted": false
                    },
                    "deposed": [],
                    "provider": "provider.aws"
                },
                "aws_appautoscaling_target.dynamodb_write_target": {
                    "type": "aws_appautoscaling_target",
                    "depends_on": [],
                    "primary": {
                        "id": "table/ch-prod-calculated-behavior",
                        "attributes": {
                            "id": "table/ch-prod-calculated-behavior",
                            "max_capacity": "1000",
                            "min_capacity": "10",
                            "resource_id": "table/ch-prod-calculated-behavior",
                            "role_arn": "arn:aws:iam::711638685743:role/aws-service-role/dynamodb.application-autoscaling.amazonaws.com/AWSServiceRoleForApplicationAutoScaling_DynamoDBTable",
                            "scalable_dimension": "dynamodb:table:WriteCapacityUnits",
                            "service_namespace": "dynamodb"
                        },
                        "meta": {},
                        "tainted": false
                    },
                    "deposed": [],
                    "provider": "provider.aws"
                }
            },
            "depends_on": []
        },
        {
            "path": [
                "root",
                "prod-ch",
                "class_content_autoscaling"
            ],
            "outputs": {},
            "resources": {
                "aws_appautoscaling_policy.dynamodb_read_policy": {
                    "type": "aws_appautoscaling_policy",
                    "depends_on": [
                        "aws_appautoscaling_target.dynamodb_read_target"
                    ],
                    "primary": {
                        "id": "DynamoDBReadCapacityUtilization:table/ch-prod-class-content",
                        "attributes": {
                            "arn": "arn:aws:autoscaling:us-east-1:711638685743:scalingPolicy:5bdf17e4-aec5-4902-b3f1-9715d0e1db8f:resource/dynamodb/table/ch-prod-class-content:policyName/DynamoDBReadCapacityUtilization:table/ch-prod-class-content",
                            "id": "DynamoDBReadCapacityUtilization:table/ch-prod-class-content",
                            "name": "DynamoDBReadCapacityUtilization:table/ch-prod-class-content",
                            "policy_type": "TargetTrackingScaling",
                            "resource_id": "table/ch-prod-class-content",
                            "scalable_dimension": "dynamodb:table:ReadCapacityUnits",
                            "service_namespace": "dynamodb",
                            "step_scaling_policy_configuration.#": "0",
                            "target_tracking_scaling_policy_configuration.#": "1",
                            "target_tracking_scaling_policy_configuration.0.customized_metric_specification.#": "0",
                            "target_tracking_scaling_policy_configuration.0.disable_scale_in": "false",
                            "target_tracking_scaling_policy_configuration.0.predefined_metric_specification.#": "1",
                            "target_tracking_scaling_policy_configuration.0.predefined_metric_specification.0.predefined_metric_type": "DynamoDBReadCapacityUtilization",
                            "target_tracking_scaling_policy_configuration.0.predefined_metric_specification.0.resource_label": "",
                            "target_tracking_scaling_policy_configuration.0.scale_in_cooldown": "0",
                            "target_tracking_scaling_policy_configuration.0.scale_out_cooldown": "0",
                            "target_tracking_scaling_policy_configuration.0.target_value": "70"
                        },
                        "meta": {},
                        "tainted": false
                    },
                    "deposed": [],
                    "provider": "provider.aws"
                },
                "aws_appautoscaling_policy.dynamodb_write_policy": {
                    "type": "aws_appautoscaling_policy",
                    "depends_on": [
                        "aws_appautoscaling_target.dynamodb_write_target"
                    ],
                    "primary": {
                        "id": "DynamoDBWriteCapacityUtilization:table/ch-prod-class-content",
                        "attributes": {
                            "arn": "arn:aws:autoscaling:us-east-1:711638685743:scalingPolicy:d029cb33-2251-4b47-be29-6b460c6b380d:resource/dynamodb/table/ch-prod-class-content:policyName/DynamoDBWriteCapacityUtilization:table/ch-prod-class-content",
                            "id": "DynamoDBWriteCapacityUtilization:table/ch-prod-class-content",
                            "name": "DynamoDBWriteCapacityUtilization:table/ch-prod-class-content",
                            "policy_type": "TargetTrackingScaling",
                            "resource_id": "table/ch-prod-class-content",
                            "scalable_dimension": "dynamodb:table:WriteCapacityUnits",
                            "service_namespace": "dynamodb",
                            "step_scaling_policy_configuration.#": "0",
                            "target_tracking_scaling_policy_configuration.#": "1",
                            "target_tracking_scaling_policy_configuration.0.customized_metric_specification.#": "0",
                            "target_tracking_scaling_policy_configuration.0.disable_scale_in": "false",
                            "target_tracking_scaling_policy_configuration.0.predefined_metric_specification.#": "1",
                            "target_tracking_scaling_policy_configuration.0.predefined_metric_specification.0.predefined_metric_type": "DynamoDBWriteCapacityUtilization",
                            "target_tracking_scaling_policy_configuration.0.predefined_metric_specification.0.resource_label": "",
                            "target_tracking_scaling_policy_configuration.0.scale_in_cooldown": "0",
                            "target_tracking_scaling_policy_configuration.0.scale_out_cooldown": "0",
                            "target_tracking_scaling_policy_configuration.0.target_value": "70"
                        },
                        "meta": {},
                        "tainted": false
                    },
                    "deposed": [],
                    "provider": "provider.aws"
                },
                "aws_appautoscaling_target.dynamodb_read_target": {
                    "type": "aws_appautoscaling_target",
                    "depends_on": [],
                    "primary": {
                        "id": "table/ch-prod-class-content",
                        "attributes": {
                            "id": "table/ch-prod-class-content",
                            "max_capacity": "1000",
                            "min_capacity": "10",
                            "resource_id": "table/ch-prod-class-content",
                            "role_arn": "arn:aws:iam::711638685743:role/aws-service-role/dynamodb.application-autoscaling.amazonaws.com/AWSServiceRoleForApplicationAutoScaling_DynamoDBTable",
                            "scalable_dimension": "dynamodb:table:ReadCapacityUnits",
                            "service_namespace": "dynamodb"
                        },
                        "meta": {},
                        "tainted": false
                    },
                    "deposed": [],
                    "provider": "provider.aws"
                },
                "aws_appautoscaling_target.dynamodb_write_target": {
                    "type": "aws_appautoscaling_target",
                    "depends_on": [],
                    "primary": {
                        "id": "table/ch-prod-class-content",
                        "attributes": {
                            "id": "table/ch-prod-class-content",
                            "max_capacity": "500",
                            "min_capacity": "5",
                            "resource_id": "table/ch-prod-class-content",
                            "role_arn": "arn:aws:iam::711638685743:role/aws-service-role/dynamodb.application-autoscaling.amazonaws.com/AWSServiceRoleForApplicationAutoScaling_DynamoDBTable",
                            "scalable_dimension": "dynamodb:table:WriteCapacityUnits",
                            "service_namespace": "dynamodb"
                        },
                        "meta": {},
                        "tainted": false
                    },
                    "deposed": [],
                    "provider": "provider.aws"
                }
            },
            "depends_on": []
        },
        {
            "path": [
                "root",
                "prod-ch",
                "class_object_autoscaling"
            ],
            "outputs": {},
            "resources": {
                "aws_appautoscaling_policy.dynamodb_read_policy": {
                    "type": "aws_appautoscaling_policy",
                    "depends_on": [
                        "aws_appautoscaling_target.dynamodb_read_target"
                    ],
                    "primary": {
                        "id": "DynamoDBReadCapacityUtilization:table/ch-prod-class-object",
                        "attributes": {
                            "arn": "arn:aws:autoscaling:us-east-1:711638685743:scalingPolicy:243cf5d1-195a-4343-842e-cf70b347634d:resource/dynamodb/table/ch-prod-class-object:policyName/DynamoDBReadCapacityUtilization:table/ch-prod-class-object",
                            "id": "DynamoDBReadCapacityUtilization:table/ch-prod-class-object",
                            "name": "DynamoDBReadCapacityUtilization:table/ch-prod-class-object",
                            "policy_type": "TargetTrackingScaling",
                            "resource_id": "table/ch-prod-class-object",
                            "scalable_dimension": "dynamodb:table:ReadCapacityUnits",
                            "service_namespace": "dynamodb",
                            "step_scaling_policy_configuration.#": "0",
                            "target_tracking_scaling_policy_configuration.#": "1",
                            "target_tracking_scaling_policy_configuration.0.customized_metric_specification.#": "0",
                            "target_tracking_scaling_policy_configuration.0.disable_scale_in": "false",
                            "target_tracking_scaling_policy_configuration.0.predefined_metric_specification.#": "1",
                            "target_tracking_scaling_policy_configuration.0.predefined_metric_specification.0.predefined_metric_type": "DynamoDBReadCapacityUtilization",
                            "target_tracking_scaling_policy_configuration.0.predefined_metric_specification.0.resource_label": "",
                            "target_tracking_scaling_policy_configuration.0.scale_in_cooldown": "0",
                            "target_tracking_scaling_policy_configuration.0.scale_out_cooldown": "0",
                            "target_tracking_scaling_policy_configuration.0.target_value": "70"
                        },
                        "meta": {},
                        "tainted": false
                    },
                    "deposed": [],
                    "provider": "provider.aws"
                },
                "aws_appautoscaling_policy.dynamodb_write_policy": {
                    "type": "aws_appautoscaling_policy",
                    "depends_on": [
                        "aws_appautoscaling_target.dynamodb_write_target"
                    ],
                    "primary": {
                        "id": "DynamoDBWriteCapacityUtilization:table/ch-prod-class-object",
                        "attributes": {
                            "arn": "arn:aws:autoscaling:us-east-1:711638685743:scalingPolicy:4e886cf0-cae7-4bb3-8caa-3efba1b31b11:resource/dynamodb/table/ch-prod-class-object:policyName/DynamoDBWriteCapacityUtilization:table/ch-prod-class-object",
                            "id": "DynamoDBWriteCapacityUtilization:table/ch-prod-class-object",
                            "name": "DynamoDBWriteCapacityUtilization:table/ch-prod-class-object",
                            "policy_type": "TargetTrackingScaling",
                            "resource_id": "table/ch-prod-class-object",
                            "scalable_dimension": "dynamodb:table:WriteCapacityUnits",
                            "service_namespace": "dynamodb",
                            "step_scaling_policy_configuration.#": "0",
                            "target_tracking_scaling_policy_configuration.#": "1",
                            "target_tracking_scaling_policy_configuration.0.customized_metric_specification.#": "0",
                            "target_tracking_scaling_policy_configuration.0.disable_scale_in": "false",
                            "target_tracking_scaling_policy_configuration.0.predefined_metric_specification.#": "1",
                            "target_tracking_scaling_policy_configuration.0.predefined_metric_specification.0.predefined_metric_type": "DynamoDBWriteCapacityUtilization",
                            "target_tracking_scaling_policy_configuration.0.predefined_metric_specification.0.resource_label": "",
                            "target_tracking_scaling_policy_configuration.0.scale_in_cooldown": "0",
                            "target_tracking_scaling_policy_configuration.0.scale_out_cooldown": "0",
                            "target_tracking_scaling_policy_configuration.0.target_value": "70"
                        },
                        "meta": {},
                        "tainted": false
                    },
                    "deposed": [],
                    "provider": "provider.aws"
                },
                "aws_appautoscaling_target.dynamodb_read_target": {
                    "type": "aws_appautoscaling_target",
                    "depends_on": [],
                    "primary": {
                        "id": "table/ch-prod-class-object",
                        "attributes": {
                            "id": "table/ch-prod-class-object",
                            "max_capacity": "1000",
                            "min_capacity": "10",
                            "resource_id": "table/ch-prod-class-object",
                            "role_arn": "arn:aws:iam::711638685743:role/aws-service-role/dynamodb.application-autoscaling.amazonaws.com/AWSServiceRoleForApplicationAutoScaling_DynamoDBTable",
                            "scalable_dimension": "dynamodb:table:ReadCapacityUnits",
                            "service_namespace": "dynamodb"
                        },
                        "meta": {},
                        "tainted": false
                    },
                    "deposed": [],
                    "provider": "provider.aws"
                },
                "aws_appautoscaling_target.dynamodb_write_target": {
                    "type": "aws_appautoscaling_target",
                    "depends_on": [],
                    "primary": {
                        "id": "table/ch-prod-class-object",
                        "attributes": {
                            "id": "table/ch-prod-class-object",
                            "max_capacity": "500",
                            "min_capacity": "5",
                            "resource_id": "table/ch-prod-class-object",
                            "role_arn": "arn:aws:iam::711638685743:role/aws-service-role/dynamodb.application-autoscaling.amazonaws.com/AWSServiceRoleForApplicationAutoScaling_DynamoDBTable",
                            "scalable_dimension": "dynamodb:table:WriteCapacityUnits",
                            "service_namespace": "dynamodb"
                        },
                        "meta": {},
                        "tainted": false
                    },
                    "deposed": [],
                    "provider": "provider.aws"
                }
            },
            "depends_on": []
        }
    ]
}
