{
    "version": 3,
    "terraform_version": "0.8.8",
    "serial": 2,
    "lineage": "181aef45-c888-478c-92c3-1503bdbaada1",
    "modules": [
        {
            "path": [
                "root"
            ],
            "outputs": {},
            "resources": {
                "aws_elasticache_cluster.cds-content-provider-elasticache": {
                    "type": "aws_elasticache_cluster",
                    "depends_on": [
                        "aws_security_group.cds-content-provider-cache-sg"
                    ],
                    "primary": {
                        "id": "cds-provider-certrv",
                        "attributes": {
                            "availability_zone": "us-east-1b",
                            "cache_nodes.#": "1",
                            "cache_nodes.0.address": "cds-provider-certrv.jwbrhr.0001.use1.cache.amazonaws.com",
                            "cache_nodes.0.availability_zone": "us-east-1b",
                            "cache_nodes.0.id": "0001",
                            "cache_nodes.0.port": "6379",
                            "cluster_id": "cds-provider-certrv",
                            "engine": "redis",
                            "engine_version": "2.8.24",
                            "id": "cds-provider-certrv",
                            "maintenance_window": "mon:09:30-mon:10:30",
                            "node_type": "cache.t2.micro",
                            "num_cache_nodes": "1",
                            "parameter_group_name": "default.redis2.8",
                            "port": "6379",
                            "security_group_ids.#": "1",
                            "security_group_ids.1545514592": "sg-699ad013",
                            "security_group_names.#": "0",
                            "snapshot_retention_limit": "0",
                            "snapshot_window": "",
                            "subnet_group_name": "brnp-east-b",
                            "tags.%": "4",
                            "tags.Project": "br_cds-provider_certrv_cache",
                            "tags.cost": "cds_content_provider",
                            "tags.environment": "brnpb",
                            "tags.stage": "certrv"
                        },
                        "meta": {},
                        "tainted": false
                    },
                    "deposed": [],
                    "provider": ""
                },
                "aws_route53_record.cds-content-provider-elasticache": {
                    "type": "aws_route53_record",
                    "depends_on": [
                        "aws_elasticache_cluster.cds-content-provider-elasticache"
                    ],
                    "primary": {
                        "id": "Z2WUOZOGBH83LP_cds-content-provider-certrv-elasticache_CNAME",
                        "attributes": {
                            "fqdn": "cds-content-provider-certrv-elasticache.br.hmheng.io",
                            "health_check_id": "",
                            "id": "Z2WUOZOGBH83LP_cds-content-provider-certrv-elasticache_CNAME",
                            "name": "cds-content-provider-certrv-elasticache",
                            "records.#": "1",
                            "records.1587666145": "cds-provider-certrv.jwbrhr.0001.use1.cache.amazonaws.com",
                            "set_identifier": "",
                            "ttl": "60",
                            "type": "CNAME",
                            "zone_id": "Z2WUOZOGBH83LP"
                        },
                        "meta": {
                            "schema_version": "2"
                        },
                        "tainted": false
                    },
                    "deposed": [],
                    "provider": ""
                },
                "aws_security_group.cds-content-provider-cache-sg": {
                    "type": "aws_security_group",
                    "depends_on": [],
                    "primary": {
                        "id": "sg-699ad013",
                        "attributes": {
                            "description": "Managed by Terraform",
                            "egress.#": "1",
                            "egress.482069346.cidr_blocks.#": "1",
                            "egress.482069346.cidr_blocks.0": "0.0.0.0/0",
                            "egress.482069346.from_port": "0",
                            "egress.482069346.prefix_list_ids.#": "0",
                            "egress.482069346.protocol": "-1",
                            "egress.482069346.security_groups.#": "0",
                            "egress.482069346.self": "false",
                            "egress.482069346.to_port": "0",
                            "id": "sg-699ad013",
                            "ingress.#": "1",
                            "ingress.1486361.cidr_blocks.#": "6",
                            "ingress.1486361.cidr_blocks.0": "10.32.112.0/28",
                            "ingress.1486361.cidr_blocks.1": "10.32.116.0/28",
                            "ingress.1486361.cidr_blocks.2": "10.32.120.0/28",
                            "ingress.1486361.cidr_blocks.3": "10.35.2.0/24",
                            "ingress.1486361.cidr_blocks.4": "10.35.18.0/24",
                            "ingress.1486361.cidr_blocks.5": "10.35.34.0/24",
                            "ingress.1486361.from_port": "6379",
                            "ingress.1486361.protocol": "tcp",
                            "ingress.1486361.security_groups.#": "1",
                            "ingress.1486361.security_groups.807408005": "sg-ed73068b",
                            "ingress.1486361.self": "false",
                            "ingress.1486361.to_port": "6379",
                            "name": "cds-provider_certrv_cache",
                            "owner_id": "711638685743",
                            "tags.%": "5",
                            "tags.Name": "cds-provider_certrv_cache",
                            "tags.Project": "br_cds-provider_certrv_cache",
                            "tags.cost": "cds_content_provider",
                            "tags.environment": "brnpb",
                            "tags.stage": "certrv",
                            "vpc_id": "vpc-e477f680"
                        },
                        "meta": {},
                        "tainted": false
                    },
                    "deposed": [],
                    "provider": ""
                }
            },
            "depends_on": []
        }
    ]
}
