{
    "version": 3,
    "terraform_version": "0.11.5",
    "serial": 2,
    "lineage": "dc7a8afc-2f90-420b-9f50-f9d4a279a3e7",
    "modules": [
        {
            "path": [
                "root"
            ],
            "outputs": {},
            "resources": {
                "aws_iam_policy.idm-sp-exporter-policy": {
                    "type": "aws_iam_policy",
                    "depends_on": [
                        "data.aws_iam_policy_document.idm-sp-exporter-sqs-policy"
                    ],
                    "primary": {
                        "id": "arn:aws:iam::711638685743:policy/io.hmheng.idm.prod.sp-exporter.local",
                        "attributes": {
                            "arn": "arn:aws:iam::711638685743:policy/io.hmheng.idm.prod.sp-exporter.local",
                            "description": "IDM SP Exporter prod Policy",
                            "id": "arn:aws:iam::711638685743:policy/io.hmheng.idm.prod.sp-exporter.local",
                            "name": "io.hmheng.idm.prod.sp-exporter.local",
                            "path": "/",
                            "policy": "{\n  \"Version\": \"2012-10-17\",\n  \"Statement\": [\n    {\n      \"Sid\": \"\",\n      \"Effect\": \"Allow\",\n      \"Action\": [\n        \"sqs:ReceiveMessage\",\n        \"sqs:PurgeQueue\",\n        \"sqs:GetQueueUrl\",\n        \"sqs:GetQueueAttributes\",\n        \"sqs:DeleteMessageBatch\",\n        \"sqs:DeleteMessage\",\n        \"sqs:ChangeMessageVisibilityBatch\",\n        \"sqs:ChangeMessageVisibility\"\n      ],\n      \"Resource\": \"arn:aws:sqs:us-east-1:711638685743:io-hmheng-idm-prod-sp-exporter-notification\"\n    }\n  ]\n}"
                        },
                        "meta": {},
                        "tainted": false
                    },
                    "deposed": [],
                    "provider": "provider.aws"
                },
                "aws_iam_policy.idm-sp-importer-export-policy": {
                    "type": "aws_iam_policy",
                    "depends_on": [
                        "data.aws_iam_policy_document.idm-sp-importer-exporter-sqs-policy"
                    ],
                    "primary": {
                        "id": "arn:aws:iam::711638685743:policy/io.hmheng.idm.prod.sp-importer.local",
                        "attributes": {
                            "arn": "arn:aws:iam::711638685743:policy/io.hmheng.idm.prod.sp-importer.local",
                            "description": "IDM SP Importer prod Export Policy",
                            "id": "arn:aws:iam::711638685743:policy/io.hmheng.idm.prod.sp-importer.local",
                            "name": "io.hmheng.idm.prod.sp-importer.local",
                            "path": "/",
                            "policy": "{\n  \"Version\": \"2012-10-17\",\n  \"Statement\": [\n    {\n      \"Sid\": \"\",\n      \"Effect\": \"Allow\",\n      \"Action\": [\n        \"sqs:SendMessageBatch\",\n        \"sqs:SendMessage\",\n        \"sqs:GetQueueUrl\",\n        \"sqs:GetQueueAttributes\"\n      ],\n      \"Resource\": \"arn:aws:sqs:us-east-1:711638685743:io-hmheng-idm-prod-sp-exporter-notification\"\n    }\n  ]\n}"
                        },
                        "meta": {},
                        "tainted": false
                    },
                    "deposed": [],
                    "provider": "provider.aws"
                },
                "aws_iam_policy.idm-sp-importer-policy": {
                    "type": "aws_iam_policy",
                    "depends_on": [
                        "data.aws_iam_policy_document.idm-sp-importer-sqs-policy"
                    ],
                    "primary": {
                        "id": "arn:aws:iam::711638685743:policy/io.hmheng.idm.prod.sp.importer.local",
                        "attributes": {
                            "arn": "arn:aws:iam::711638685743:policy/io.hmheng.idm.prod.sp.importer.local",
                            "description": "IDM SP Importer prod Policy",
                            "id": "arn:aws:iam::711638685743:policy/io.hmheng.idm.prod.sp.importer.local",
                            "name": "io.hmheng.idm.prod.sp.importer.local",
                            "path": "/",
                            "policy": "{\n  \"Version\": \"2012-10-17\",\n  \"Statement\": [\n    {\n      \"Sid\": \"\",\n      \"Effect\": \"Allow\",\n      \"Action\": [\n        \"sqs:ReceiveMessage\",\n        \"sqs:PurgeQueue\",\n        \"sqs:GetQueueUrl\",\n        \"sqs:GetQueueAttributes\",\n        \"sqs:DeleteMessageBatch\",\n        \"sqs:DeleteMessage\",\n        \"sqs:ChangeMessageVisibilityBatch\",\n        \"sqs:ChangeMessageVisibility\"\n      ],\n      \"Resource\": \"arn:aws:sqs:us-east-1:711638685743:io-hmheng-idm-prod-sp-importer-notification\"\n    }\n  ]\n}"
                        },
                        "meta": {},
                        "tainted": false
                    },
                    "deposed": [],
                    "provider": "provider.aws"
                },
                "aws_iam_policy.idm-sp-policy": {
                    "type": "aws_iam_policy",
                    "depends_on": [
                        "data.aws_iam_policy_document.idm-sp-sqs-policy"
                    ],
                    "primary": {
                        "id": "arn:aws:iam::711638685743:policy/io.hmheng.idm.prod.sp.local",
                        "attributes": {
                            "arn": "arn:aws:iam::711638685743:policy/io.hmheng.idm.prod.sp.local",
                            "description": "IDM SP prod Policy",
                            "id": "arn:aws:iam::711638685743:policy/io.hmheng.idm.prod.sp.local",
                            "name": "io.hmheng.idm.prod.sp.local",
                            "path": "/",
                            "policy": "{\n  \"Version\": \"2012-10-17\",\n  \"Statement\": [\n    {\n      \"Sid\": \"\",\n      \"Effect\": \"Allow\",\n      \"Action\": [\n        \"sqs:SendMessageBatch\",\n        \"sqs:SendMessage\",\n        \"sqs:ReceiveMessage\",\n        \"sqs:GetQueueUrl\",\n        \"sqs:GetQueueAttributes\",\n        \"sqs:DeleteMessageBatch\",\n        \"sqs:DeleteMessage\",\n        \"sqs:ChangeMessageVisibilityBatch\",\n        \"sqs:ChangeMessageVisibility\"\n      ],\n      \"Resource\": \"arn:aws:sqs:us-east-1:711638685743:io-hmheng-idm-prod-sp-notification\"\n    }\n  ]\n}"
                        },
                        "meta": {},
                        "tainted": false
                    },
                    "deposed": [],
                    "provider": "provider.aws"
                },
                "aws_iam_policy_attachment.idm-sp": {
                    "type": "aws_iam_policy_attachment",
                    "depends_on": [
                        "aws_iam_policy.idm-sp-policy",
                        "aws_iam_role.idm-sp-role"
                    ],
                    "primary": {
                        "id": "io.hmheng.idm.prod.sp",
                        "attributes": {
                            "groups.#": "0",
                            "id": "io.hmheng.idm.prod.sp",
                            "name": "io.hmheng.idm.prod.sp",
                            "policy_arn": "arn:aws:iam::711638685743:policy/io.hmheng.idm.prod.sp.local",
                            "roles.#": "1",
                            "roles.2478417571": "io.hmheng.idm.prod.sp.local",
                            "users.#": "0"
                        },
                        "meta": {},
                        "tainted": false
                    },
                    "deposed": [],
                    "provider": "provider.aws"
                },
                "aws_iam_policy_attachment.idm-sp-exporter": {
                    "type": "aws_iam_policy_attachment",
                    "depends_on": [
                        "aws_iam_policy.idm-sp-exporter-policy",
                        "aws_iam_role.idm-sp-exporter-role"
                    ],
                    "primary": {
                        "id": "io.hmheng.idm.prod.sp.exporter",
                        "attributes": {
                            "groups.#": "0",
                            "id": "io.hmheng.idm.prod.sp.exporter",
                            "name": "io.hmheng.idm.prod.sp.exporter",
                            "policy_arn": "arn:aws:iam::711638685743:policy/io.hmheng.idm.prod.sp-exporter.local",
                            "roles.#": "1",
                            "roles.810104374": "io.hmheng.idm.prod.sp.exporter.local",
                            "users.#": "0"
                        },
                        "meta": {},
                        "tainted": false
                    },
                    "deposed": [],
                    "provider": "provider.aws"
                },
                "aws_iam_policy_attachment.idm-sp-importer": {
                    "type": "aws_iam_policy_attachment",
                    "depends_on": [
                        "aws_iam_policy.idm-sp-importer-policy",
                        "aws_iam_role.idm-sp-importer-role"
                    ],
                    "primary": {
                        "id": "io.hmheng.idm.prod.sp.importer",
                        "attributes": {
                            "groups.#": "0",
                            "id": "io.hmheng.idm.prod.sp.importer",
                            "name": "io.hmheng.idm.prod.sp.importer",
                            "policy_arn": "arn:aws:iam::711638685743:policy/io.hmheng.idm.prod.sp.importer.local",
                            "roles.#": "1",
                            "roles.3012866770": "io.hmheng.idm.prod.sp.importer.local",
                            "users.#": "0"
                        },
                        "meta": {},
                        "tainted": false
                    },
                    "deposed": [],
                    "provider": "provider.aws"
                },
                "aws_iam_policy_attachment.idm-sp-importer-export": {
                    "type": "aws_iam_policy_attachment",
                    "depends_on": [
                        "aws_iam_policy.idm-sp-importer-export-policy",
                        "aws_iam_role.idm-sp-importer-role"
                    ],
                    "primary": {
                        "id": "io.hmheng.idm.prod.sp.importer.export",
                        "attributes": {
                            "groups.#": "0",
                            "id": "io.hmheng.idm.prod.sp.importer.export",
                            "name": "io.hmheng.idm.prod.sp.importer.export",
                            "policy_arn": "arn:aws:iam::711638685743:policy/io.hmheng.idm.prod.sp-importer.local",
                            "roles.#": "1",
                            "roles.3012866770": "io.hmheng.idm.prod.sp.importer.local",
                            "users.#": "0"
                        },
                        "meta": {},
                        "tainted": false
                    },
                    "deposed": [],
                    "provider": "provider.aws"
                },
                "aws_iam_role.idm-sp-exporter-role": {
                    "type": "aws_iam_role",
                    "depends_on": [
                        "data.aws_iam_policy_document.idm-sp-exporter-assume-role-policy"
                    ],
                    "primary": {
                        "id": "io.hmheng.idm.prod.sp.exporter.local",
                        "attributes": {
                            "arn": "arn:aws:iam::711638685743:role/io.hmheng.idm.prod.sp.exporter.local",
                            "assume_role_policy": "{\"Version\":\"2012-10-17\",\"Statement\":[{\"Sid\":\"\",\"Effect\":\"Allow\",\"Principal\":{\"AWS\":\"arn:aws:iam::711638685743:root\"},\"Action\":\"sts:AssumeRole\"}]}",
                            "create_date": "2018-05-14T16:31:05Z",
                            "force_detach_policies": "false",
                            "id": "io.hmheng.idm.prod.sp.exporter.local",
                            "max_session_duration": "3600",
                            "name": "io.hmheng.idm.prod.sp.exporter.local",
                            "path": "/",
                            "unique_id": "AROAIAHZT4B4G7TQ2J6QA"
                        },
                        "meta": {},
                        "tainted": false
                    },
                    "deposed": [],
                    "provider": "provider.aws"
                },
                "aws_iam_role.idm-sp-importer-role": {
                    "type": "aws_iam_role",
                    "depends_on": [
                        "data.aws_iam_policy_document.idm-sp-importer-assume-role-policy"
                    ],
                    "primary": {
                        "id": "io.hmheng.idm.prod.sp.importer.local",
                        "attributes": {
                            "arn": "arn:aws:iam::711638685743:role/io.hmheng.idm.prod.sp.importer.local",
                            "assume_role_policy": "{\"Version\":\"2012-10-17\",\"Statement\":[{\"Sid\":\"\",\"Effect\":\"Allow\",\"Principal\":{\"AWS\":\"arn:aws:iam::711638685743:root\"},\"Action\":\"sts:AssumeRole\"}]}",
                            "create_date": "2018-05-14T16:31:05Z",
                            "force_detach_policies": "false",
                            "id": "io.hmheng.idm.prod.sp.importer.local",
                            "max_session_duration": "3600",
                            "name": "io.hmheng.idm.prod.sp.importer.local",
                            "path": "/",
                            "unique_id": "AROAJLVFFX6NBJURTO7UE"
                        },
                        "meta": {},
                        "tainted": false
                    },
                    "deposed": [],
                    "provider": "provider.aws"
                },
                "aws_iam_role.idm-sp-role": {
                    "type": "aws_iam_role",
                    "depends_on": [
                        "data.aws_iam_policy_document.idm-sp-assume-role-policy"
                    ],
                    "primary": {
                        "id": "io.hmheng.idm.prod.sp.local",
                        "attributes": {
                            "arn": "arn:aws:iam::711638685743:role/io.hmheng.idm.prod.sp.local",
                            "assume_role_policy": "{\"Version\":\"2012-10-17\",\"Statement\":[{\"Sid\":\"\",\"Effect\":\"Allow\",\"Principal\":{\"AWS\":\"arn:aws:iam::711638685743:root\"},\"Action\":\"sts:AssumeRole\"}]}",
                            "create_date": "2017-08-04T18:19:53Z",
                            "force_detach_policies": "false",
                            "id": "io.hmheng.idm.prod.sp.local",
                            "max_session_duration": "3600",
                            "name": "io.hmheng.idm.prod.sp.local",
                            "path": "/",
                            "unique_id": "AROAJILSTPWLVVZR7GSF4"
                        },
                        "meta": {},
                        "tainted": false
                    },
                    "deposed": [],
                    "provider": "provider.aws"
                },
                "aws_sqs_queue.idm-sp-exporter-notification": {
                    "type": "aws_sqs_queue",
                    "depends_on": [],
                    "primary": {
                        "id": "https://sqs.us-east-1.amazonaws.com/711638685743/io-hmheng-idm-prod-sp-exporter-notification",
                        "attributes": {
                            "arn": "arn:aws:sqs:us-east-1:711638685743:io-hmheng-idm-prod-sp-exporter-notification",
                            "content_based_deduplication": "false",
                            "delay_seconds": "0",
                            "fifo_queue": "false",
                            "id": "https://sqs.us-east-1.amazonaws.com/711638685743/io-hmheng-idm-prod-sp-exporter-notification",
                            "max_message_size": "262144",
                            "message_retention_seconds": "345600",
                            "name": "io-hmheng-idm-prod-sp-exporter-notification",
                            "receive_wait_time_seconds": "20",
                            "tags.%": "0",
                            "visibility_timeout_seconds": "3600"
                        },
                        "meta": {},
                        "tainted": false
                    },
                    "deposed": [],
                    "provider": "provider.aws"
                },
                "aws_sqs_queue.idm-sp-importer-notification": {
                    "type": "aws_sqs_queue",
                    "depends_on": [],
                    "primary": {
                        "id": "https://sqs.us-east-1.amazonaws.com/711638685743/io-hmheng-idm-prod-sp-importer-notification",
                        "attributes": {
                            "arn": "arn:aws:sqs:us-east-1:711638685743:io-hmheng-idm-prod-sp-importer-notification",
                            "content_based_deduplication": "false",
                            "delay_seconds": "0",
                            "fifo_queue": "false",
                            "id": "https://sqs.us-east-1.amazonaws.com/711638685743/io-hmheng-idm-prod-sp-importer-notification",
                            "max_message_size": "262144",
                            "message_retention_seconds": "345600",
                            "name": "io-hmheng-idm-prod-sp-importer-notification",
                            "receive_wait_time_seconds": "20",
                            "tags.%": "0",
                            "visibility_timeout_seconds": "3600"
                        },
                        "meta": {},
                        "tainted": false
                    },
                    "deposed": [],
                    "provider": "provider.aws"
                },
                "aws_sqs_queue.idm-sp-sqs-notification": {
                    "type": "aws_sqs_queue",
                    "depends_on": [
                        "aws_sqs_queue.idm-sp-sqs-notification-dlq"
                    ],
                    "primary": {
                        "id": "https://sqs.us-east-1.amazonaws.com/711638685743/io-hmheng-idm-prod-sp-notification",
                        "attributes": {
                            "arn": "arn:aws:sqs:us-east-1:711638685743:io-hmheng-idm-prod-sp-notification",
                            "content_based_deduplication": "false",
                            "delay_seconds": "0",
                            "fifo_queue": "false",
                            "id": "https://sqs.us-east-1.amazonaws.com/711638685743/io-hmheng-idm-prod-sp-notification",
                            "max_message_size": "262144",
                            "message_retention_seconds": "345600",
                            "name": "io-hmheng-idm-prod-sp-notification",
                            "receive_wait_time_seconds": "20",
                            "redrive_policy": "{\"deadLetterTargetArn\":\"arn:aws:sqs:us-east-1:711638685743:io-hmheng-idm-prod-sp-notification-dlq\",\"maxReceiveCount\":5}",
                            "tags.%": "0",
                            "visibility_timeout_seconds": "3600"
                        },
                        "meta": {},
                        "tainted": false
                    },
                    "deposed": [],
                    "provider": "provider.aws"
                },
                "aws_sqs_queue.idm-sp-sqs-notification-dlq": {
                    "type": "aws_sqs_queue",
                    "depends_on": [],
                    "primary": {
                        "id": "https://sqs.us-east-1.amazonaws.com/711638685743/io-hmheng-idm-prod-sp-notification-dlq",
                        "attributes": {
                            "arn": "arn:aws:sqs:us-east-1:711638685743:io-hmheng-idm-prod-sp-notification-dlq",
                            "content_based_deduplication": "false",
                            "delay_seconds": "0",
                            "fifo_queue": "false",
                            "id": "https://sqs.us-east-1.amazonaws.com/711638685743/io-hmheng-idm-prod-sp-notification-dlq",
                            "max_message_size": "262144",
                            "message_retention_seconds": "345600",
                            "name": "io-hmheng-idm-prod-sp-notification-dlq",
                            "receive_wait_time_seconds": "20",
                            "tags.%": "0",
                            "visibility_timeout_seconds": "3600"
                        },
                        "meta": {},
                        "tainted": false
                    },
                    "deposed": [],
                    "provider": "provider.aws"
                },
                "data.aws_iam_policy_document.idm-sp-assume-role-policy": {
                    "type": "aws_iam_policy_document",
                    "depends_on": [],
                    "primary": {
                        "id": "1216705286",
                        "attributes": {
                            "id": "1216705286",
                            "json": "{\n  \"Version\": \"2012-10-17\",\n  \"Statement\": [\n    {\n      \"Sid\": \"\",\n      \"Effect\": \"Allow\",\n      \"Action\": \"sts:AssumeRole\",\n      \"Principal\": {\n        \"AWS\": \"arn:aws:iam::711638685743:root\"\n      }\n    }\n  ]\n}",
                            "statement.#": "1",
                            "statement.0.actions.#": "1",
                            "statement.0.actions.2528466339": "sts:AssumeRole",
                            "statement.0.condition.#": "0",
                            "statement.0.effect": "Allow",
                            "statement.0.not_actions.#": "0",
                            "statement.0.not_principals.#": "0",
                            "statement.0.not_resources.#": "0",
                            "statement.0.principals.#": "1",
                            "statement.0.principals.1962223180.identifiers.#": "1",
                            "statement.0.principals.1962223180.identifiers.3197436742": "arn:aws:iam::711638685743:root",
                            "statement.0.principals.1962223180.type": "AWS",
                            "statement.0.resources.#": "0",
                            "statement.0.sid": ""
                        },
                        "meta": {},
                        "tainted": false
                    },
                    "deposed": [],
                    "provider": "provider.aws"
                },
                "data.aws_iam_policy_document.idm-sp-exporter-assume-role-policy": {
                    "type": "aws_iam_policy_document",
                    "depends_on": [],
                    "primary": {
                        "id": "1216705286",
                        "attributes": {
                            "id": "1216705286",
                            "json": "{\n  \"Version\": \"2012-10-17\",\n  \"Statement\": [\n    {\n      \"Sid\": \"\",\n      \"Effect\": \"Allow\",\n      \"Action\": \"sts:AssumeRole\",\n      \"Principal\": {\n        \"AWS\": \"arn:aws:iam::711638685743:root\"\n      }\n    }\n  ]\n}",
                            "statement.#": "1",
                            "statement.0.actions.#": "1",
                            "statement.0.actions.2528466339": "sts:AssumeRole",
                            "statement.0.condition.#": "0",
                            "statement.0.effect": "Allow",
                            "statement.0.not_actions.#": "0",
                            "statement.0.not_principals.#": "0",
                            "statement.0.not_resources.#": "0",
                            "statement.0.principals.#": "1",
                            "statement.0.principals.1962223180.identifiers.#": "1",
                            "statement.0.principals.1962223180.identifiers.3197436742": "arn:aws:iam::711638685743:root",
                            "statement.0.principals.1962223180.type": "AWS",
                            "statement.0.resources.#": "0",
                            "statement.0.sid": ""
                        },
                        "meta": {},
                        "tainted": false
                    },
                    "deposed": [],
                    "provider": "provider.aws"
                },
                "data.aws_iam_policy_document.idm-sp-exporter-sqs-policy": {
                    "type": "aws_iam_policy_document",
                    "depends_on": [
                        "aws_sqs_queue.idm-sp-exporter-notification"
                    ],
                    "primary": {
                        "id": "1079685931",
                        "attributes": {
                            "id": "1079685931",
                            "json": "{\n  \"Version\": \"2012-10-17\",\n  \"Statement\": [\n    {\n      \"Sid\": \"\",\n      \"Effect\": \"Allow\",\n      \"Action\": [\n        \"sqs:ReceiveMessage\",\n        \"sqs:PurgeQueue\",\n        \"sqs:GetQueueUrl\",\n        \"sqs:GetQueueAttributes\",\n        \"sqs:DeleteMessageBatch\",\n        \"sqs:DeleteMessage\",\n        \"sqs:ChangeMessageVisibilityBatch\",\n        \"sqs:ChangeMessageVisibility\"\n      ],\n      \"Resource\": \"arn:aws:sqs:us-east-1:711638685743:io-hmheng-idm-prod-sp-exporter-notification\"\n    }\n  ]\n}",
                            "statement.#": "1",
                            "statement.0.actions.#": "8",
                            "statement.0.actions.1811208493": "sqs:DeleteMessage",
                            "statement.0.actions.2177453935": "sqs:GetQueueAttributes",
                            "statement.0.actions.2859977494": "sqs:DeleteMessageBatch",
                            "statement.0.actions.3253554316": "sqs:ReceiveMessage",
                            "statement.0.actions.361714279": "sqs:GetQueueUrl",
                            "statement.0.actions.3755142398": "sqs:ChangeMessageVisibility",
                            "statement.0.actions.4198167236": "sqs:PurgeQueue",
                            "statement.0.actions.532584418": "sqs:ChangeMessageVisibilityBatch",
                            "statement.0.condition.#": "0",
                            "statement.0.effect": "Allow",
                            "statement.0.not_actions.#": "0",
                            "statement.0.not_principals.#": "0",
                            "statement.0.not_resources.#": "0",
                            "statement.0.principals.#": "0",
                            "statement.0.resources.#": "1",
                            "statement.0.resources.345845163": "arn:aws:sqs:us-east-1:711638685743:io-hmheng-idm-prod-sp-exporter-notification",
                            "statement.0.sid": ""
                        },
                        "meta": {},
                        "tainted": false
                    },
                    "deposed": [],
                    "provider": "provider.aws"
                },
                "data.aws_iam_policy_document.idm-sp-importer-assume-role-policy": {
                    "type": "aws_iam_policy_document",
                    "depends_on": [],
                    "primary": {
                        "id": "1216705286",
                        "attributes": {
                            "id": "1216705286",
                            "json": "{\n  \"Version\": \"2012-10-17\",\n  \"Statement\": [\n    {\n      \"Sid\": \"\",\n      \"Effect\": \"Allow\",\n      \"Action\": \"sts:AssumeRole\",\n      \"Principal\": {\n        \"AWS\": \"arn:aws:iam::711638685743:root\"\n      }\n    }\n  ]\n}",
                            "statement.#": "1",
                            "statement.0.actions.#": "1",
                            "statement.0.actions.2528466339": "sts:AssumeRole",
                            "statement.0.condition.#": "0",
                            "statement.0.effect": "Allow",
                            "statement.0.not_actions.#": "0",
                            "statement.0.not_principals.#": "0",
                            "statement.0.not_resources.#": "0",
                            "statement.0.principals.#": "1",
                            "statement.0.principals.1962223180.identifiers.#": "1",
                            "statement.0.principals.1962223180.identifiers.3197436742": "arn:aws:iam::711638685743:root",
                            "statement.0.principals.1962223180.type": "AWS",
                            "statement.0.resources.#": "0",
                            "statement.0.sid": ""
                        },
                        "meta": {},
                        "tainted": false
                    },
                    "deposed": [],
                    "provider": "provider.aws"
                },
                "data.aws_iam_policy_document.idm-sp-importer-exporter-sqs-policy": {
                    "type": "aws_iam_policy_document",
                    "depends_on": [
                        "aws_sqs_queue.idm-sp-exporter-notification"
                    ],
                    "primary": {
                        "id": "1886577662",
                        "attributes": {
                            "id": "1886577662",
                            "json": "{\n  \"Version\": \"2012-10-17\",\n  \"Statement\": [\n    {\n      \"Sid\": \"\",\n      \"Effect\": \"Allow\",\n      \"Action\": [\n        \"sqs:SendMessageBatch\",\n        \"sqs:SendMessage\",\n        \"sqs:GetQueueUrl\",\n        \"sqs:GetQueueAttributes\"\n      ],\n      \"Resource\": \"arn:aws:sqs:us-east-1:711638685743:io-hmheng-idm-prod-sp-exporter-notification\"\n    }\n  ]\n}",
                            "statement.#": "1",
                            "statement.0.actions.#": "4",
                            "statement.0.actions.1314189779": "sqs:SendMessageBatch",
                            "statement.0.actions.2177453935": "sqs:GetQueueAttributes",
                            "statement.0.actions.2500619403": "sqs:SendMessage",
                            "statement.0.actions.361714279": "sqs:GetQueueUrl",
                            "statement.0.condition.#": "0",
                            "statement.0.effect": "Allow",
                            "statement.0.not_actions.#": "0",
                            "statement.0.not_principals.#": "0",
                            "statement.0.not_resources.#": "0",
                            "statement.0.principals.#": "0",
                            "statement.0.resources.#": "1",
                            "statement.0.resources.345845163": "arn:aws:sqs:us-east-1:711638685743:io-hmheng-idm-prod-sp-exporter-notification",
                            "statement.0.sid": ""
                        },
                        "meta": {},
                        "tainted": false
                    },
                    "deposed": [],
                    "provider": "provider.aws"
                },
                "data.aws_iam_policy_document.idm-sp-importer-sqs-policy": {
                    "type": "aws_iam_policy_document",
                    "depends_on": [
                        "aws_sqs_queue.idm-sp-importer-notification"
                    ],
                    "primary": {
                        "id": "432253071",
                        "attributes": {
                            "id": "432253071",
                            "json": "{\n  \"Version\": \"2012-10-17\",\n  \"Statement\": [\n    {\n      \"Sid\": \"\",\n      \"Effect\": \"Allow\",\n      \"Action\": [\n        \"sqs:ReceiveMessage\",\n        \"sqs:PurgeQueue\",\n        \"sqs:GetQueueUrl\",\n        \"sqs:GetQueueAttributes\",\n        \"sqs:DeleteMessageBatch\",\n        \"sqs:DeleteMessage\",\n        \"sqs:ChangeMessageVisibilityBatch\",\n        \"sqs:ChangeMessageVisibility\"\n      ],\n      \"Resource\": \"arn:aws:sqs:us-east-1:711638685743:io-hmheng-idm-prod-sp-importer-notification\"\n    }\n  ]\n}",
                            "statement.#": "1",
                            "statement.0.actions.#": "8",
                            "statement.0.actions.1811208493": "sqs:DeleteMessage",
                            "statement.0.actions.2177453935": "sqs:GetQueueAttributes",
                            "statement.0.actions.2859977494": "sqs:DeleteMessageBatch",
                            "statement.0.actions.3253554316": "sqs:ReceiveMessage",
                            "statement.0.actions.361714279": "sqs:GetQueueUrl",
                            "statement.0.actions.3755142398": "sqs:ChangeMessageVisibility",
                            "statement.0.actions.4198167236": "sqs:PurgeQueue",
                            "statement.0.actions.532584418": "sqs:ChangeMessageVisibilityBatch",
                            "statement.0.condition.#": "0",
                            "statement.0.effect": "Allow",
                            "statement.0.not_actions.#": "0",
                            "statement.0.not_principals.#": "0",
                            "statement.0.not_resources.#": "0",
                            "statement.0.principals.#": "0",
                            "statement.0.resources.#": "1",
                            "statement.0.resources.934808930": "arn:aws:sqs:us-east-1:711638685743:io-hmheng-idm-prod-sp-importer-notification",
                            "statement.0.sid": ""
                        },
                        "meta": {},
                        "tainted": false
                    },
                    "deposed": [],
                    "provider": "provider.aws"
                },
                "data.aws_iam_policy_document.idm-sp-sqs-policy": {
                    "type": "aws_iam_policy_document",
                    "depends_on": [
                        "aws_sqs_queue.idm-sp-sqs-notification"
                    ],
                    "primary": {
                        "id": "2058189823",
                        "attributes": {
                            "id": "2058189823",
                            "json": "{\n  \"Version\": \"2012-10-17\",\n  \"Statement\": [\n    {\n      \"Sid\": \"\",\n      \"Effect\": \"Allow\",\n      \"Action\": [\n        \"sqs:SendMessageBatch\",\n        \"sqs:SendMessage\",\n        \"sqs:ReceiveMessage\",\n        \"sqs:GetQueueUrl\",\n        \"sqs:GetQueueAttributes\",\n        \"sqs:DeleteMessageBatch\",\n        \"sqs:DeleteMessage\",\n        \"sqs:ChangeMessageVisibilityBatch\",\n        \"sqs:ChangeMessageVisibility\"\n      ],\n      \"Resource\": \"arn:aws:sqs:us-east-1:711638685743:io-hmheng-idm-prod-sp-notification\"\n    }\n  ]\n}",
                            "statement.#": "1",
                            "statement.0.actions.#": "9",
                            "statement.0.actions.1314189779": "sqs:SendMessageBatch",
                            "statement.0.actions.1811208493": "sqs:DeleteMessage",
                            "statement.0.actions.2177453935": "sqs:GetQueueAttributes",
                            "statement.0.actions.2500619403": "sqs:SendMessage",
                            "statement.0.actions.2859977494": "sqs:DeleteMessageBatch",
                            "statement.0.actions.3253554316": "sqs:ReceiveMessage",
                            "statement.0.actions.361714279": "sqs:GetQueueUrl",
                            "statement.0.actions.3755142398": "sqs:ChangeMessageVisibility",
                            "statement.0.actions.532584418": "sqs:ChangeMessageVisibilityBatch",
                            "statement.0.condition.#": "0",
                            "statement.0.effect": "Allow",
                            "statement.0.not_actions.#": "0",
                            "statement.0.not_principals.#": "0",
                            "statement.0.not_resources.#": "0",
                            "statement.0.principals.#": "0",
                            "statement.0.resources.#": "1",
                            "statement.0.resources.1524978436": "arn:aws:sqs:us-east-1:711638685743:io-hmheng-idm-prod-sp-notification",
                            "statement.0.sid": ""
                        },
                        "meta": {},
                        "tainted": false
                    },
                    "deposed": [],
                    "provider": "provider.aws"
                }
            },
            "depends_on": []
        }
    ]
}
