{
    "version": 3,
    "terraform_version": "0.8.8",
    "serial": 0,
    "lineage": "b2f5de39-9677-4ace-b662-776761a7679e",
    "modules": [
        {
            "path": [
                "root"
            ],
            "outputs": {},
            "resources": {
                "aws_iam_role.ds-hmhcentral-crossaccount-role": {
                    "type": "aws_iam_role",
                    "depends_on": [
                        "data.aws_iam_policy_document.hmhcentral-crossaccount-assumerole-policy"
                    ],
                    "primary": {
                        "id": "io.hmheng.ds.int.hmhc.kinesis.crossaccount",
                        "attributes": {
                            "arn": "arn:aws:iam::711638685743:role/io.hmheng.ds.int.hmhc.kinesis.crossaccount",
                            "assume_role_policy": "{\n  \"Version\": \"2012-10-17\",\n  \"Statement\": [\n    {\n      \"Sid\": \"\",\n      \"Effect\": \"Allow\",\n      \"Action\": \"sts:AssumeRole\",\n      \"Principal\": {\n        \"AWS\": \"arn:aws:iam::431353658782:root\"\n      }\n    }\n  ]\n}",
                            "create_date": "2017-06-06T16:02:08Z",
                            "id": "io.hmheng.ds.int.hmhc.kinesis.crossaccount",
                            "name": "io.hmheng.ds.int.hmhc.kinesis.crossaccount",
                            "path": "/",
                            "unique_id": "AROAJWX23KJSWGAABK73E"
                        },
                        "meta": {},
                        "tainted": false
                    },
                    "deposed": [],
                    "provider": ""
                },
                "aws_iam_role.ds-hmhcentral-role": {
                    "type": "aws_iam_role",
                    "depends_on": [
                        "data.aws_iam_policy_document.hmhcentral-assumerole-policy"
                    ],
                    "primary": {
                        "id": "io.hmheng.ds.int.hmhc.kinesis.local",
                        "attributes": {
                            "arn": "arn:aws:iam::711638685743:role/io.hmheng.ds.int.hmhc.kinesis.local",
                            "assume_role_policy": "{\n  \"Version\": \"2012-10-17\",\n  \"Statement\": [\n    {\n      \"Sid\": \"\",\n      \"Effect\": \"Allow\",\n      \"Action\": \"sts:AssumeRole\",\n      \"Principal\": {\n        \"AWS\": \"arn:aws:iam::711638685743:root\"\n      }\n    }\n  ]\n}",
                            "create_date": "2017-06-06T16:02:08Z",
                            "id": "io.hmheng.ds.int.hmhc.kinesis.local",
                            "name": "io.hmheng.ds.int.hmhc.kinesis.local",
                            "path": "/",
                            "unique_id": "AROAI25JO6TGFS3BD35T2"
                        },
                        "meta": {},
                        "tainted": false
                    },
                    "deposed": [],
                    "provider": ""
                },
                "aws_iam_role_policy.ds-hmhcentral-kinesis-crossaccount-role-policy": {
                    "type": "aws_iam_role_policy",
                    "depends_on": [
                        "aws_iam_role.ds-hmhcentral-crossaccount-role",
                        "data.aws_iam_policy_document.hmhcentral-kinesis-crossaccount-policy"
                    ],
                    "primary": {
                        "id": "io.hmheng.ds.int.hmhc.kinesis.crossaccount:io.hmheng.ds.int.hmhc.kinesis.crossaccount",
                        "attributes": {
                            "id": "io.hmheng.ds.int.hmhc.kinesis.crossaccount:io.hmheng.ds.int.hmhc.kinesis.crossaccount",
                            "name": "io.hmheng.ds.int.hmhc.kinesis.crossaccount",
                            "policy": "{\n  \"Version\": \"2012-10-17\",\n  \"Statement\": [\n    {\n      \"Sid\": \"\",\n      \"Effect\": \"Allow\",\n      \"Action\": [\n        \"kinesis:PutRecords\",\n        \"kinesis:PutRecord\",\n        \"kinesis:ListStreams\",\n        \"kinesis:DescribeStream\"\n      ],\n      \"Resource\": \"arn:aws:kinesis:us-east-1:711638685743:stream/io_hmheng_ds_int_hmhcentral_caliper_stream\"\n    }\n  ]\n}",
                            "role": "io.hmheng.ds.int.hmhc.kinesis.crossaccount"
                        },
                        "meta": {},
                        "tainted": false
                    },
                    "deposed": [],
                    "provider": ""
                },
                "aws_iam_role_policy.ds-hmhcentral-kinesis-role-policy": {
                    "type": "aws_iam_role_policy",
                    "depends_on": [
                        "aws_iam_role.ds-hmhcentral-role",
                        "data.aws_iam_policy_document.hmhcentral-kinesis-policy"
                    ],
                    "primary": {
                        "id": "io.hmheng.ds.int.hmhc.kinesis.local:io.hmheng.ds.int.hmhc.kinesis.local",
                        "attributes": {
                            "id": "io.hmheng.ds.int.hmhc.kinesis.local:io.hmheng.ds.int.hmhc.kinesis.local",
                            "name": "io.hmheng.ds.int.hmhc.kinesis.local",
                            "policy": "{\n  \"Version\": \"2012-10-17\",\n  \"Statement\": [\n    {\n      \"Sid\": \"\",\n      \"Effect\": \"Allow\",\n      \"Action\": [\n        \"kinesis:SplitShard\",\n        \"kinesis:PutRecords\",\n        \"kinesis:PutRecord\",\n        \"kinesis:MergeShards\",\n        \"kinesis:ListStreams\",\n        \"kinesis:GetShardIterator\",\n        \"kinesis:GetRecords\",\n        \"kinesis:DescribeStream\"\n      ],\n      \"Resource\": \"arn:aws:kinesis:us-east-1:711638685743:stream/io_hmheng_ds_int_hmhcentral_caliper_stream\"\n    },\n    {\n      \"Sid\": \"\",\n      \"Effect\": \"Allow\",\n      \"Action\": [\n        \"dynamodb:UpdateItem\",\n        \"dynamodb:Scan\",\n        \"dynamodb:PutMetricData\",\n        \"dynamodb:PutItem\",\n        \"dynamodb:GetItem\",\n        \"dynamodb:DescribeTable\",\n        \"dynamodb:DeleteItem\",\n        \"dynamodb:CreateTable\"\n      ],\n      \"Resource\": \"arn:aws:dynamodb:us-east-1:711638685743:table/int.ds-hmhcentral-kinesis.checkpoint\"\n    },\n    {\n      \"Sid\": \"\",\n      \"Effect\": \"Allow\",\n      \"Action\": \"cloudwatch:PutMetricData\",\n      \"Resource\": \"*\"\n    }\n  ]\n}",
                            "role": "io.hmheng.ds.int.hmhc.kinesis.local"
                        },
                        "meta": {},
                        "tainted": false
                    },
                    "deposed": [],
                    "provider": ""
                },
                "aws_kinesis_stream.ds_hmhcentral_caliper_stream": {
                    "type": "aws_kinesis_stream",
                    "depends_on": [],
                    "primary": {
                        "id": "arn:aws:kinesis:us-east-1:711638685743:stream/io_hmheng_ds_int_hmhcentral_caliper_stream",
                        "attributes": {
                            "arn": "arn:aws:kinesis:us-east-1:711638685743:stream/io_hmheng_ds_int_hmhcentral_caliper_stream",
                            "id": "arn:aws:kinesis:us-east-1:711638685743:stream/io_hmheng_ds_int_hmhcentral_caliper_stream",
                            "name": "io_hmheng_ds_int_hmhcentral_caliper_stream",
                            "retention_period": "168",
                            "shard_count": "1",
                            "tags.%": "4",
                            "tags.Cost-center": "CTGT6160",
                            "tags.Responsible-party": "@dataserv-hmhcentral @hmhone-dataservices @hmhone-dataservic-dev",
                            "tags.Stage": "int",
                            "tags.cost": "ds_isgservice"
                        },
                        "meta": {},
                        "tainted": false
                    },
                    "deposed": [],
                    "provider": ""
                },
                "data.aws_iam_policy_document.hmhcentral-assumerole-policy": {
                    "type": "aws_iam_policy_document",
                    "depends_on": [],
                    "primary": {
                        "id": "1216705286",
                        "attributes": {
                            "id": "1216705286",
                            "json": "{\n  \"Version\": \"2012-10-17\",\n  \"Statement\": [\n    {\n      \"Sid\": \"\",\n      \"Effect\": \"Allow\",\n      \"Action\": \"sts:AssumeRole\",\n      \"Principal\": {\n        \"AWS\": \"arn:aws:iam::711638685743:root\"\n      }\n    }\n  ]\n}",
                            "statement.#": "1",
                            "statement.0.actions.#": "1",
                            "statement.0.actions.2528466339": "sts:AssumeRole",
                            "statement.0.condition.#": "0",
                            "statement.0.effect": "Allow",
                            "statement.0.not_actions.#": "0",
                            "statement.0.not_principals.#": "0",
                            "statement.0.not_resources.#": "0",
                            "statement.0.principals.#": "1",
                            "statement.0.principals.1962223180.identifiers.#": "1",
                            "statement.0.principals.1962223180.identifiers.3197436742": "arn:aws:iam::711638685743:root",
                            "statement.0.principals.1962223180.type": "AWS",
                            "statement.0.resources.#": "0",
                            "statement.0.sid": ""
                        },
                        "meta": {},
                        "tainted": false
                    },
                    "deposed": [],
                    "provider": ""
                },
                "data.aws_iam_policy_document.hmhcentral-crossaccount-assumerole-policy": {
                    "type": "aws_iam_policy_document",
                    "depends_on": [],
                    "primary": {
                        "id": "2787226341",
                        "attributes": {
                            "id": "2787226341",
                            "json": "{\n  \"Version\": \"2012-10-17\",\n  \"Statement\": [\n    {\n      \"Sid\": \"\",\n      \"Effect\": \"Allow\",\n      \"Action\": \"sts:AssumeRole\",\n      \"Principal\": {\n        \"AWS\": \"arn:aws:iam::431353658782:root\"\n      }\n    }\n  ]\n}",
                            "statement.#": "1",
                            "statement.0.actions.#": "1",
                            "statement.0.actions.2528466339": "sts:AssumeRole",
                            "statement.0.condition.#": "0",
                            "statement.0.effect": "Allow",
                            "statement.0.not_actions.#": "0",
                            "statement.0.not_principals.#": "0",
                            "statement.0.not_resources.#": "0",
                            "statement.0.principals.#": "1",
                            "statement.0.principals.2874640246.identifiers.#": "1",
                            "statement.0.principals.2874640246.identifiers.1662114865": "arn:aws:iam::431353658782:root",
                            "statement.0.principals.2874640246.type": "AWS",
                            "statement.0.resources.#": "0",
                            "statement.0.sid": ""
                        },
                        "meta": {},
                        "tainted": false
                    },
                    "deposed": [],
                    "provider": ""
                },
                "data.aws_iam_policy_document.hmhcentral-kinesis-crossaccount-policy": {
                    "type": "aws_iam_policy_document",
                    "depends_on": [
                        "aws_kinesis_stream.ds_hmhcentral_caliper_stream"
                    ],
                    "primary": {
                        "id": "1333436919",
                        "attributes": {
                            "id": "1333436919",
                            "json": "{\n  \"Version\": \"2012-10-17\",\n  \"Statement\": [\n    {\n      \"Sid\": \"\",\n      \"Effect\": \"Allow\",\n      \"Action\": [\n        \"kinesis:PutRecords\",\n        \"kinesis:PutRecord\",\n        \"kinesis:ListStreams\",\n        \"kinesis:DescribeStream\"\n      ],\n      \"Resource\": \"arn:aws:kinesis:us-east-1:711638685743:stream/io_hmheng_ds_int_hmhcentral_caliper_stream\"\n    }\n  ]\n}",
                            "statement.#": "1",
                            "statement.0.actions.#": "4",
                            "statement.0.actions.3153100738": "kinesis:ListStreams",
                            "statement.0.actions.4191463061": "kinesis:DescribeStream",
                            "statement.0.actions.470231570": "kinesis:PutRecords",
                            "statement.0.actions.472304110": "kinesis:PutRecord",
                            "statement.0.condition.#": "0",
                            "statement.0.effect": "Allow",
                            "statement.0.not_actions.#": "0",
                            "statement.0.not_principals.#": "0",
                            "statement.0.not_resources.#": "0",
                            "statement.0.principals.#": "0",
                            "statement.0.resources.#": "1",
                            "statement.0.resources.437175178": "arn:aws:kinesis:us-east-1:711638685743:stream/io_hmheng_ds_int_hmhcentral_caliper_stream",
                            "statement.0.sid": ""
                        },
                        "meta": {},
                        "tainted": false
                    },
                    "deposed": [],
                    "provider": ""
                },
                "data.aws_iam_policy_document.hmhcentral-kinesis-policy": {
                    "type": "aws_iam_policy_document",
                    "depends_on": [
                        "aws_kinesis_stream.ds_hmhcentral_caliper_stream"
                    ],
                    "primary": {
                        "id": "700487964",
                        "attributes": {
                            "id": "700487964",
                            "json": "{\n  \"Version\": \"2012-10-17\",\n  \"Statement\": [\n    {\n      \"Sid\": \"\",\n      \"Effect\": \"Allow\",\n      \"Action\": [\n        \"kinesis:SplitShard\",\n        \"kinesis:PutRecords\",\n        \"kinesis:PutRecord\",\n        \"kinesis:MergeShards\",\n        \"kinesis:ListStreams\",\n        \"kinesis:GetShardIterator\",\n        \"kinesis:GetRecords\",\n        \"kinesis:DescribeStream\"\n      ],\n      \"Resource\": \"arn:aws:kinesis:us-east-1:711638685743:stream/io_hmheng_ds_int_hmhcentral_caliper_stream\"\n    },\n    {\n      \"Sid\": \"\",\n      \"Effect\": \"Allow\",\n      \"Action\": [\n        \"dynamodb:UpdateItem\",\n        \"dynamodb:Scan\",\n        \"dynamodb:PutMetricData\",\n        \"dynamodb:PutItem\",\n        \"dynamodb:GetItem\",\n        \"dynamodb:DescribeTable\",\n        \"dynamodb:DeleteItem\",\n        \"dynamodb:CreateTable\"\n      ],\n      \"Resource\": \"arn:aws:dynamodb:us-east-1:711638685743:table/int.ds-hmhcentral-kinesis.checkpoint\"\n    },\n    {\n      \"Sid\": \"\",\n      \"Effect\": \"Allow\",\n      \"Action\": \"cloudwatch:PutMetricData\",\n      \"Resource\": \"*\"\n    }\n  ]\n}",
                            "statement.#": "3",
                            "statement.0.actions.#": "8",
                            "statement.0.actions.2214905847": "kinesis:SplitShard",
                            "statement.0.actions.3080040145": "kinesis:GetShardIterator",
                            "statement.0.actions.3153100738": "kinesis:ListStreams",
                            "statement.0.actions.3160701618": "kinesis:GetRecords",
                            "statement.0.actions.4191463061": "kinesis:DescribeStream",
                            "statement.0.actions.470231570": "kinesis:PutRecords",
                            "statement.0.actions.472304110": "kinesis:PutRecord",
                            "statement.0.actions.63483339": "kinesis:MergeShards",
                            "statement.0.condition.#": "0",
                            "statement.0.effect": "Allow",
                            "statement.0.not_actions.#": "0",
                            "statement.0.not_principals.#": "0",
                            "statement.0.not_resources.#": "0",
                            "statement.0.principals.#": "0",
                            "statement.0.resources.#": "1",
                            "statement.0.resources.437175178": "arn:aws:kinesis:us-east-1:711638685743:stream/io_hmheng_ds_int_hmhcentral_caliper_stream",
                            "statement.0.sid": "",
                            "statement.1.actions.#": "8",
                            "statement.1.actions.1083547571": "dynamodb:DescribeTable",
                            "statement.1.actions.1284434245": "dynamodb:DeleteItem",
                            "statement.1.actions.2091560171": "dynamodb:PutMetricData",
                            "statement.1.actions.229017339": "dynamodb:PutItem",
                            "statement.1.actions.2553959613": "dynamodb:CreateTable",
                            "statement.1.actions.3722646528": "dynamodb:UpdateItem",
                            "statement.1.actions.470163975": "dynamodb:GetItem",
                            "statement.1.actions.913837160": "dynamodb:Scan",
                            "statement.1.condition.#": "0",
                            "statement.1.effect": "Allow",
                            "statement.1.not_actions.#": "0",
                            "statement.1.not_principals.#": "0",
                            "statement.1.not_resources.#": "0",
                            "statement.1.principals.#": "0",
                            "statement.1.resources.#": "1",
                            "statement.1.resources.3025484812": "arn:aws:dynamodb:us-east-1:711638685743:table/int.ds-hmhcentral-kinesis.checkpoint",
                            "statement.1.sid": "",
                            "statement.2.actions.#": "1",
                            "statement.2.actions.1809533934": "cloudwatch:PutMetricData",
                            "statement.2.condition.#": "0",
                            "statement.2.effect": "Allow",
                            "statement.2.not_actions.#": "0",
                            "statement.2.not_principals.#": "0",
                            "statement.2.not_resources.#": "0",
                            "statement.2.principals.#": "0",
                            "statement.2.resources.#": "1",
                            "statement.2.resources.2679715827": "*",
                            "statement.2.sid": ""
                        },
                        "meta": {},
                        "tainted": false
                    },
                    "deposed": [],
                    "provider": ""
                }
            },
            "depends_on": []
        }
    ]
}
