{
    "version": 3,
    "terraform_version": "0.10.7",
    "serial": 2,
    "lineage": "2ec84ab6-9fef-479c-b743-ca525a85d125",
    "modules": [
        {
            "path": [
                "root"
            ],
            "outputs": {},
            "resources": {
                "aws_db_instance.ds-notebooks-db": {
                    "type": "aws_db_instance",
                    "depends_on": [
                        "aws_security_group.datascience-db-sg"
                    ],
                    "primary": {
                        "id": "ds-notebooks-dev",
                        "attributes": {
                            "address": "ds-notebooks-dev.cgtexr28jtsj.us-east-1.rds.amazonaws.com",
                            "allocated_storage": "10",
                            "allow_major_version_upgrade": "true",
                            "apply_immediately": "true",
                            "arn": "arn:aws:rds:us-east-1:711638685743:db:ds-notebooks-dev",
                            "auto_minor_version_upgrade": "true",
                            "availability_zone": "us-east-1e",
                            "backup_retention_period": "0",
                            "backup_window": "05:00-07:00",
                            "ca_cert_identifier": "rds-ca-2015",
                            "copy_tags_to_snapshot": "false",
                            "db_subnet_group_name": "brcore01_infra",
                            "endpoint": "ds-notebooks-dev.cgtexr28jtsj.us-east-1.rds.amazonaws.com:5432",
                            "engine": "postgres",
                            "engine_version": "9.6.3",
                            "hosted_zone_id": "Z2R2ITUGPM61AM",
                            "iam_database_authentication_enabled": "false",
                            "id": "ds-notebooks-dev",
                            "identifier": "ds-notebooks-dev",
                            "instance_class": "db.t2.micro",
                            "iops": "0",
                            "kms_key_id": "",
                            "license_model": "postgresql-license",
                            "maintenance_window": "fri:03:13-fri:03:43",
                            "monitoring_interval": "0",
                            "multi_az": "true",
                            "name": "dsNotebooksDb",
                            "option_group_name": "default:postgres-9-6",
                            "parameter_group_name": "default.postgres9.6",
                            "password": "HObwCtvd|3B9*KePanIshzT5uG0FX!)L",
                            "port": "5432",
                            "publicly_accessible": "false",
                            "replicas.#": "0",
                            "replicate_source_db": "",
                            "resource_id": "db-IDZDPKKK3KWPE5X4YCSSTHACDI",
                            "security_group_names.#": "0",
                            "skip_final_snapshot": "false",
                            "status": "available",
                            "storage_encrypted": "false",
                            "storage_type": "standard",
                            "tags.%": "4",
                            "tags.Project": "br_ds-notebooks_dev_db",
                            "tags.cost": "datascience",
                            "tags.environment": "brcore01",
                            "tags.stage": "dev",
                            "timezone": "",
                            "username": "datascience_admin_dev",
                            "vpc_security_group_ids.#": "1",
                            "vpc_security_group_ids.1631977251": "sg-b2ab38c0"
                        },
                        "meta": {
                            "e2bfb730-ecaa-11e6-8f88-34363bc7c4c0": {
                                "create": 2400000000000,
                                "delete": 2400000000000,
                                "update": 4800000000000
                            }
                        },
                        "tainted": false
                    },
                    "deposed": [],
                    "provider": ""
                },
                "aws_security_group.datascience-db-sg": {
                    "type": "aws_security_group",
                    "depends_on": [],
                    "primary": {
                        "id": "sg-b2ab38c0",
                        "attributes": {
                            "description": "Managed by Terraform",
                            "egress.#": "1",
                            "egress.482069346.cidr_blocks.#": "1",
                            "egress.482069346.cidr_blocks.0": "0.0.0.0/0",
                            "egress.482069346.description": "",
                            "egress.482069346.from_port": "0",
                            "egress.482069346.ipv6_cidr_blocks.#": "0",
                            "egress.482069346.prefix_list_ids.#": "0",
                            "egress.482069346.protocol": "-1",
                            "egress.482069346.security_groups.#": "0",
                            "egress.482069346.self": "false",
                            "egress.482069346.to_port": "0",
                            "id": "sg-b2ab38c0",
                            "ingress.#": "1",
                            "ingress.72269660.cidr_blocks.#": "6",
                            "ingress.72269660.cidr_blocks.0": "10.32.112.0/28",
                            "ingress.72269660.cidr_blocks.1": "10.32.116.0/28",
                            "ingress.72269660.cidr_blocks.2": "10.32.120.0/28",
                            "ingress.72269660.cidr_blocks.3": "10.35.2.0/24",
                            "ingress.72269660.cidr_blocks.4": "10.35.18.0/24",
                            "ingress.72269660.cidr_blocks.5": "10.35.34.0/24",
                            "ingress.72269660.description": "",
                            "ingress.72269660.from_port": "5432",
                            "ingress.72269660.ipv6_cidr_blocks.#": "0",
                            "ingress.72269660.protocol": "tcp",
                            "ingress.72269660.security_groups.#": "1",
                            "ingress.72269660.security_groups.807408005": "sg-ed73068b",
                            "ingress.72269660.self": "false",
                            "ingress.72269660.to_port": "5432",
                            "name": "ds-notebooks_dev_db",
                            "owner_id": "711638685743",
                            "tags.%": "5",
                            "tags.Name": "ds-notebooks_dev_db",
                            "tags.Project": "br_ds-notebooks_dev_db",
                            "tags.cost": "datascience",
                            "tags.environment": "brcore01",
                            "tags.stage": "dev",
                            "vpc_id": "vpc-87d95ce0"
                        },
                        "meta": {},
                        "tainted": false
                    },
                    "deposed": [],
                    "provider": ""
                }
            },
            "depends_on": []
        }
    ]
}
