{
    "version": 3,
    "terraform_version": "0.8.7",
    "serial": 4,
    "lineage": "c22b6fdc-2618-4c4a-bb2a-ec5876a67e86",
    "modules": [
        {
            "path": [
                "root"
            ],
            "outputs": {},
            "resources": {
                "aws_iam_role.core-services-config-server": {
                    "type": "aws_iam_role",
                    "depends_on": [],
                    "primary": {
                        "id": "io.hmheng.core-services.dev.config.local",
                        "attributes": {
                            "arn": "arn:aws:iam::711638685743:role/io.hmheng.core-services.dev.config.local",
                            "assume_role_policy": "{\"Version\":\"2012-10-17\",\"Statement\":[{\"Effect\":\"Allow\",\"Principal\":{\"AWS\":\"arn:aws:iam::711638685743:root\"},\"Action\":\"sts:AssumeRole\"}]}",
                            "create_date": "2017-02-23T18:05:15Z",
                            "id": "io.hmheng.core-services.dev.config.local",
                            "name": "io.hmheng.core-services.dev.config.local",
                            "path": "/",
                            "unique_id": "AROAJ2K2XTW5RKNDDL7I2"
                        },
                        "meta": {},
                        "tainted": false
                    },
                    "deposed": [],
                    "provider": ""
                },
                "aws_kms_alias.core-services-config-server": {
                    "type": "aws_kms_alias",
                    "depends_on": [
                        "aws_kms_key.core-services-config-server"
                    ],
                    "primary": {
                        "id": "alias/io-hmheng-core-services-dev-config-server",
                        "attributes": {
                            "arn": "arn:aws:kms:us-east-1:711638685743:alias/io-hmheng-core-services-dev-config-server",
                            "id": "alias/io-hmheng-core-services-dev-config-server",
                            "name": "alias/io-hmheng-core-services-dev-config-server",
                            "target_key_id": "d33f9038-8119-4454-928c-b9308a012ed1"
                        },
                        "meta": {},
                        "tainted": false
                    },
                    "deposed": [],
                    "provider": ""
                },
                "aws_kms_key.core-services-config-server": {
                    "type": "aws_kms_key",
                    "depends_on": [
                        "aws_iam_role.core-services-config-server",
                        "aws_iam_role.core-services-config-server"
                    ],
                    "primary": {
                        "id": "d33f9038-8119-4454-928c-b9308a012ed1",
                        "attributes": {
                            "arn": "arn:aws:kms:us-east-1:711638685743:key/d33f9038-8119-4454-928c-b9308a012ed1",
                            "deletion_window_in_days": "30",
                            "description": "This key provides encryption for core-services spring config server dev.",
                            "enable_key_rotation": "false",
                            "id": "d33f9038-8119-4454-928c-b9308a012ed1",
                            "is_enabled": "true",
                            "key_id": "d33f9038-8119-4454-928c-b9308a012ed1",
                            "key_usage": "ENCRYPT_DECRYPT",
                            "policy": "{\"Id\":\"key-default-1\",\"Statement\":[{\"Action\":\"kms:*\",\"Effect\":\"Allow\",\"Principal\":{\"AWS\":\"arn:aws:iam::711638685743:root\"},\"Resource\":\"*\",\"Sid\":\"allow_iam_to_assign_permissions_via_policy__required\"},{\"Action\":[\"kms:Encrypt\",\"kms:Decrypt\",\"kms:ReEncrypt*\"],\"Effect\":\"Allow\",\"Principal\":{\"AWS\":\"arn:aws:iam::711638685743:role/io.hmheng.core-services.dev.config.local\"},\"Resource\":\"*\",\"Sid\":\"allow_hmheng-core-services_config-server_key_usage\"}],\"Version\":\"2012-10-17\"}"
                        },
                        "meta": {},
                        "tainted": false
                    },
                    "deposed": [],
                    "provider": ""
                }
            },
            "depends_on": []
        }
    ]
}
