{
    "version": 3,
    "terraform_version": "0.11.8",
    "serial": 1,
    "lineage": "728c50df-0edf-5ab3-2f87-5ab229cc957f",
    "modules": [
        {
            "path": [
                "root"
            ],
            "outputs": {},
            "resources": {
                "aws_db_instance.resource-catalog-db": {
                    "type": "aws_db_instance",
                    "depends_on": [
                        "aws_security_group.resource-catalog-db-sg"
                    ],
                    "primary": {
                        "id": "resource-catalog-int",
                        "attributes": {
                            "address": "resource-catalog-int.cgtexr28jtsj.us-east-1.rds.amazonaws.com",
                            "allocated_storage": "5",
                            "allow_major_version_upgrade": "false",
                            "arn": "arn:aws:rds:us-east-1:711638685743:db:resource-catalog-int",
                            "auto_minor_version_upgrade": "false",
                            "availability_zone": "us-east-1b",
                            "backup_retention_period": "0",
                            "backup_window": "07:28-07:58",
                            "ca_cert_identifier": "rds-ca-2015",
                            "copy_tags_to_snapshot": "false",
                            "db_subnet_group_name": "brcore01_service",
                            "enabled_cloudwatch_logs_exports.#": "0",
                            "endpoint": "resource-catalog-int.cgtexr28jtsj.us-east-1.rds.amazonaws.com:5432",
                            "engine": "postgres",
                            "engine_version": "9.6.6",
                            "hosted_zone_id": "Z2R2ITUGPM61AM",
                            "iam_database_authentication_enabled": "false",
                            "id": "resource-catalog-int",
                            "identifier": "resource-catalog-int",
                            "instance_class": "db.t2.micro",
                            "iops": "0",
                            "kms_key_id": "",
                            "license_model": "postgresql-license",
                            "maintenance_window": "mon:05:47-mon:06:17",
                            "monitoring_interval": "0",
                            "multi_az": "true",
                            "name": "resource_catalog",
                            "option_group_name": "default:postgres-9-6",
                            "parameter_group_name": "default.postgres9.6",
                            "password": "a4j6JnhmqBkAhbSPQJnKxAEYra2EG2DvVRL2Tzzgxd",
                            "port": "5432",
                            "publicly_accessible": "false",
                            "replicas.#": "0",
                            "replicate_source_db": "",
                            "resource_id": "db-QXKROVPJ6IPE2OPN7YYPNHBB54",
                            "security_group_names.#": "0",
                            "skip_final_snapshot": "false",
                            "status": "available",
                            "storage_encrypted": "false",
                            "storage_type": "standard",
                            "tags.%": "4",
                            "tags.Project": "br_resource-catalog_int_db",
                            "tags.cost": "content_pipeline",
                            "tags.environment": "brcore01",
                            "tags.stage": "int",
                            "timezone": "",
                            "username": "resource_catalog_admin_int",
                            "vpc_security_group_ids.#": "1",
                            "vpc_security_group_ids.1969391386": "sg-02949d6406d9ead46"
                        },
                        "meta": {
                            "e2bfb730-ecaa-11e6-8f88-34363bc7c4c0": {
                                "create": 2400000000000,
                                "delete": 2400000000000,
                                "update": 4800000000000
                            }
                        },
                        "tainted": false
                    },
                    "deposed": [],
                    "provider": "provider.aws"
                },
                "aws_security_group.resource-catalog-db-sg": {
                    "type": "aws_security_group",
                    "depends_on": [],
                    "primary": {
                        "id": "sg-02949d6406d9ead46",
                        "attributes": {
                            "arn": "arn:aws:ec2:us-east-1:711638685743:security-group/sg-02949d6406d9ead46",
                            "description": "Managed by Terraform",
                            "egress.#": "1",
                            "egress.482069346.cidr_blocks.#": "1",
                            "egress.482069346.cidr_blocks.0": "0.0.0.0/0",
                            "egress.482069346.description": "",
                            "egress.482069346.from_port": "0",
                            "egress.482069346.ipv6_cidr_blocks.#": "0",
                            "egress.482069346.prefix_list_ids.#": "0",
                            "egress.482069346.protocol": "-1",
                            "egress.482069346.security_groups.#": "0",
                            "egress.482069346.self": "false",
                            "egress.482069346.to_port": "0",
                            "id": "sg-02949d6406d9ead46",
                            "ingress.#": "1",
                            "ingress.72269660.cidr_blocks.#": "6",
                            "ingress.72269660.cidr_blocks.0": "10.32.112.0/28",
                            "ingress.72269660.cidr_blocks.1": "10.32.116.0/28",
                            "ingress.72269660.cidr_blocks.2": "10.32.120.0/28",
                            "ingress.72269660.cidr_blocks.3": "10.35.2.0/24",
                            "ingress.72269660.cidr_blocks.4": "10.35.18.0/24",
                            "ingress.72269660.cidr_blocks.5": "10.35.34.0/24",
                            "ingress.72269660.description": "",
                            "ingress.72269660.from_port": "5432",
                            "ingress.72269660.ipv6_cidr_blocks.#": "0",
                            "ingress.72269660.protocol": "tcp",
                            "ingress.72269660.security_groups.#": "1",
                            "ingress.72269660.security_groups.807408005": "sg-ed73068b",
                            "ingress.72269660.self": "false",
                            "ingress.72269660.to_port": "5432",
                            "name": "resource-catalog_int_db",
                            "owner_id": "711638685743",
                            "revoke_rules_on_delete": "false",
                            "tags.%": "5",
                            "tags.Name": "resource-catalog_int_db",
                            "tags.Project": "br_resource-catalog_int_db",
                            "tags.cost": "content_pipeline",
                            "tags.environment": "brcore01",
                            "tags.stage": "int",
                            "vpc_id": "vpc-87d95ce0"
                        },
                        "meta": {
                            "e2bfb730-ecaa-11e6-8f88-34363bc7c4c0": {
                                "create": 600000000000,
                                "delete": 600000000000
                            },
                            "schema_version": "1"
                        },
                        "tainted": false
                    },
                    "deposed": [],
                    "provider": "provider.aws"
                }
            },
            "depends_on": []
        }
    ]
}
