{
    "version": 3,
    "terraform_version": "0.10.8",
    "serial": 2,
    "lineage": "4547cd4d-140b-40fd-9ad0-9ed8c3c167e6",
    "modules": [
        {
            "path": [
                "root"
            ],
            "outputs": {},
            "resources": {
                "aws_db_instance.hmheng-qe-mysql": {
                    "type": "aws_db_instance",
                    "depends_on": [
                        "aws_db_parameter_group.parameter_group_mysql56_hmheng-qe",
                        "aws_security_group.hmheng-qe-mysql-sg"
                    ],
                    "primary": {
                        "id": "tf-00d73f699c754d20a0271d64fe",
                        "attributes": {
                            "address": "tf-00d73f699c754d20a0271d64fe.cgtexr28jtsj.us-east-1.rds.amazonaws.com",
                            "allocated_storage": "5",
                            "arn": "arn:aws:rds:us-east-1:711638685743:db:tf-00d73f699c754d20a0271d64fe",
                            "auto_minor_version_upgrade": "true",
                            "availability_zone": "us-east-1e",
                            "backup_retention_period": "0",
                            "backup_window": "06:39-07:09",
                            "ca_cert_identifier": "rds-ca-2015",
                            "copy_tags_to_snapshot": "true",
                            "db_subnet_group_name": "brnp-east-b",
                            "endpoint": "tf-00d73f699c754d20a0271d64fe.cgtexr28jtsj.us-east-1.rds.amazonaws.com:3306",
                            "engine": "mysql",
                            "engine_version": "5.6.27",
                            "hosted_zone_id": "Z2R2ITUGPM61AM",
                            "iam_database_authentication_enabled": "false",
                            "id": "tf-00d73f699c754d20a0271d64fe",
                            "identifier": "tf-00d73f699c754d20a0271d64fe",
                            "instance_class": "db.t2.medium",
                            "iops": "0",
                            "kms_key_id": "",
                            "license_model": "general-public-license",
                            "maintenance_window": "sat:09:25-sat:09:55",
                            "monitoring_interval": "0",
                            "multi_az": "false",
                            "name": "hmheng_qe_mysql",
                            "option_group_name": "default:mysql-5-6",
                            "parameter_group_name": "hmheng-qe-mysql-mysql56",
                            "password": "Dublin2017",
                            "port": "3306",
                            "publicly_accessible": "false",
                            "replicas.#": "0",
                            "replicate_source_db": "",
                            "resource_id": "db-MKCPGTI37AT6THZEV5XPZ5BKWE",
                            "security_group_names.#": "0",
                            "skip_final_snapshot": "false",
                            "status": "available",
                            "storage_encrypted": "false",
                            "storage_type": "standard",
                            "tags.%": "3",
                            "tags.Project": "hmheng-qe-mysql56",
                            "tags.cost": "hmheng-qe-mysql",
                            "tags.environment": "brnpb",
                            "timezone": "",
                            "username": "hmhengqe",
                            "vpc_security_group_ids.#": "1",
                            "vpc_security_group_ids.3325955079": "sg-9d2f52e2"
                        },
                        "meta": {
                            "e2bfb730-ecaa-11e6-8f88-34363bc7c4c0": {
                                "create": 2400000000000,
                                "delete": 2400000000000,
                                "update": 4800000000000
                            }
                        },
                        "tainted": false
                    },
                    "deposed": [],
                    "provider": ""
                },
                "aws_db_parameter_group.parameter_group_mysql56_hmheng-qe": {
                    "type": "aws_db_parameter_group",
                    "depends_on": [],
                    "primary": {
                        "id": "hmheng-qe-mysql-mysql56",
                        "attributes": {
                            "arn": "arn:aws:rds:us-east-1:711638685743:pg:hmheng-qe-mysql-mysql56",
                            "description": "custom parameters for hmheng-qe team rds database instance",
                            "family": "mysql5.6",
                            "id": "hmheng-qe-mysql-mysql56",
                            "name": "hmheng-qe-mysql-mysql56",
                            "parameter.#": "2",
                            "parameter.36979267.apply_method": "immediate",
                            "parameter.36979267.name": "max_allowed_packet",
                            "parameter.36979267.value": "50000000",
                            "parameter.427634017.apply_method": "pending-reboot",
                            "parameter.427634017.name": "slow_query_log",
                            "parameter.427634017.value": "1",
                            "tags.%": "0"
                        },
                        "meta": {},
                        "tainted": false
                    },
                    "deposed": [],
                    "provider": ""
                },
                "aws_security_group.hmheng-qe-mysql-sg": {
                    "type": "aws_security_group",
                    "depends_on": [],
                    "primary": {
                        "id": "sg-9d2f52e2",
                        "attributes": {
                            "description": "Managed by Terraform",
                            "egress.#": "0",
                            "id": "sg-9d2f52e2",
                            "ingress.#": "1",
                            "ingress.1219307959.cidr_blocks.#": "13",
                            "ingress.1219307959.cidr_blocks.0": "10.32.112.0/28",
                            "ingress.1219307959.cidr_blocks.1": "10.32.116.0/28",
                            "ingress.1219307959.cidr_blocks.10": "10.92.0.0/16",
                            "ingress.1219307959.cidr_blocks.11": "155.44.0.0/16",
                            "ingress.1219307959.cidr_blocks.12": "172.17.0.0/16",
                            "ingress.1219307959.cidr_blocks.2": "10.32.120.0/28",
                            "ingress.1219307959.cidr_blocks.3": "10.35.2.0/24",
                            "ingress.1219307959.cidr_blocks.4": "10.35.18.0/24",
                            "ingress.1219307959.cidr_blocks.5": "10.35.34.0/24",
                            "ingress.1219307959.cidr_blocks.6": "10.82.0.0/16",
                            "ingress.1219307959.cidr_blocks.7": "10.84.18.0/24",
                            "ingress.1219307959.cidr_blocks.8": "10.86.0.0/16",
                            "ingress.1219307959.cidr_blocks.9": "10.88.0.0/16",
                            "ingress.1219307959.description": "",
                            "ingress.1219307959.from_port": "3306",
                            "ingress.1219307959.ipv6_cidr_blocks.#": "0",
                            "ingress.1219307959.protocol": "tcp",
                            "ingress.1219307959.security_groups.#": "2",
                            "ingress.1219307959.security_groups.2528707052": "sg-b27d1ecd",
                            "ingress.1219307959.security_groups.807408005": "sg-ed73068b",
                            "ingress.1219307959.self": "false",
                            "ingress.1219307959.to_port": "3306",
                            "name": "terraform-00d73f699c754d20a0271d64fd",
                            "owner_id": "711638685743",
                            "revoke_rules_on_delete": "false",
                            "tags.%": "3",
                            "tags.Project": "hmheng-qe-mysql56",
                            "tags.cost": "hmheng-qe-mysql",
                            "tags.environment": "brnpb",
                            "vpc_id": "vpc-e477f680"
                        },
                        "meta": {
                            "schema_version": "1"
                        },
                        "tainted": false
                    },
                    "deposed": [],
                    "provider": ""
                }
            },
            "depends_on": []
        }
    ]
}
